
Microsoft Visual Studio Solution File, Format Version 12.00
# Visual Studio 14
VisualStudioVersion = 14.0.23107.0
MinimumVisualStudioVersion = 10.0.40219.1
Project("{2150E333-8FDC-42A3-9474-1A3956D46DE8}") = "CH01", "CH01", "{33D9259E-6C81-46A5-8723-51253983A597}"
EndProject
Project("{2150E333-8FDC-42A3-9474-1A3956D46DE8}") = "CH02", "CH02", "{C1AFFFAC-D1F4-4ABE-ADFB-C3DC4046BED4}"
EndProject
Project("{2150E333-8FDC-42A3-9474-1A3956D46DE8}") = "CH03", "CH03", "{4874EC62-6EF6-444F-B78B-B004B34934C0}"
EndProject
Project("{FAE04EC0-301F-11D3-BF4B-00C04F79EFBC}") = "FunctionalThinking", "CH03\FunctionalThinking\FunctionalThinking.csproj", "{3820D470-514B-4B74-BBA8-001D39A00435}"
EndProject
Project("{FAE04EC0-301F-11D3-BF4B-00C04F79EFBC}") = "DelegatesAndLambdas", "CH03\DelegatesAndLambdas\DelegatesAndLambdas.csproj", "{7D461D90-CEE4-4BE0-A736-E274FE62AF23}"
EndProject
Project("{FAE04EC0-301F-11D3-BF4B-00C04F79EFBC}") = "LINQ", "CH03\LINQ\LINQ.csproj", "{81D6BBFC-393E-4A85-AB06-3B75300C0B8B}"
EndProject
Project("{FAE04EC0-301F-11D3-BF4B-00C04F79EFBC}") = "IntroducingRx", "CH01\IntroducingRx\IntroducingRx.csproj", "{27CBAFD4-791C-4655-AD09-8CDD8AF5480A}"
EndProject
Project("{FAE04EC0-301F-11D3-BF4B-00C04F79EFBC}") = "ShoppyExample", "CH01\ShoppyExample\ShoppyExample.csproj", "{85A71CB0-D164-4D1E-8E54-8D8244D64F4D}"
EndProject
Project("{FAE04EC0-301F-11D3-BF4B-00C04F79EFBC}") = "YourFirstRxExample", "CH02\StockTrade\YourFirstRxExample\YourFirstRxExample.csproj", "{2B15341B-9224-43B7-BAB8-9E92AEF85364}"
EndProject
Project("{FAE04EC0-301F-11D3-BF4B-00C04F79EFBC}") = "FluentTests", "CH03\FluentTests\FluentTests.csproj", "{1C0BF017-690B-4BF2-88FD-372A8D2F2D03}"
EndProject
Project("{2150E333-8FDC-42A3-9474-1A3956D46DE8}") = "CH04", "CH04", "{1C843FD7-4EE3-4A9E-9CA6-68F471855CB3}"
EndProject
Project("{FAE04EC0-301F-11D3-BF4B-00C04F79EFBC}") = "CreatingObservables", "CH04\CreatingObservables\CreatingObservables.csproj", "{7D69D45B-88F7-43F9-B84D-A083D572B19E}"
EndProject
Project("{FAE04EC0-301F-11D3-BF4B-00C04F79EFBC}") = "ObserveUIEvents", "CH04\ObservablesFromEvents\ObserveUIEvents.csproj", "{46B0CBD8-4CDD-46A1-AFDD-CB6137800DE6}"
EndProject
Project("{2150E333-8FDC-42A3-9474-1A3956D46DE8}") = "Common", "Common", "{90AD1594-875C-47DB-A0B6-4502743D91FA}"
EndProject
Project("{FAE04EC0-301F-11D3-BF4B-00C04F79EFBC}") = "Helpers", "Common\Helpers\Helpers.csproj", "{8413FDBA-6CAB-4547-B8E3-97A9386B65E9}"
EndProject
Project("{FAE04EC0-301F-11D3-BF4B-00C04F79EFBC}") = "NonStandardEvents", "CH04\NonStandardEvents\NonStandardEvents.csproj", "{49F79703-E5FF-4332-963A-2B7C9635D5F1}"
EndProject
Project("{FAE04EC0-301F-11D3-BF4B-00C04F79EFBC}") = "EnumerablesToObservablesAndBack", "CH04\EnumerablesToObservables\EnumerablesToObservablesAndBack.csproj", "{EC1367F7-0BCC-40D8-8392-DFE5F8EF6C97}"
EndProject
Project("{FAE04EC0-301F-11D3-BF4B-00C04F79EFBC}") = "CreationalOpeartors", "CH04\CreationalOpeartors\CreationalOpeartors.csproj", "{CDB27ABA-A368-44E7-8618-B82A87496425}"
EndProject
Project("{2150E333-8FDC-42A3-9474-1A3956D46DE8}") = "CH09", "CH09", "{25B99D1D-27A5-4745-9EBE-0640CE71A6F6}"
EndProject
Project("{FAE04EC0-301F-11D3-BF4B-00C04F79EFBC}") = "UsingTimeBasedOperators", "CH09\UsingTimeBasedOperators\UsingTimeBasedOperators.csproj", "{AF8A9BD3-AA52-472B-AB2F-F78FF4D97A53}"
EndProject
Project("{2150E333-8FDC-42A3-9474-1A3956D46DE8}") = "CH05", "CH05", "{6CA0AC39-2C04-42D1-92DE-65F4F2E011B6}"
EndProject
Project("{FAE04EC0-301F-11D3-BF4B-00C04F79EFBC}") = "SimpleAsyncProgram", "CH05\SimpleAsyncProgram\SimpleAsyncProgram.csproj", "{A3C0062C-81D5-4DFD-8650-0AC3F8260FB2}"
EndProject
Project("{FAE04EC0-301F-11D3-BF4B-00C04F79EFBC}") = "MagicalPrimeGeneratorExample", "CH05\MagicalPrimeGeneratorExample\MagicalPrimeGeneratorExample.csproj", "{BAB3AE16-0DA3-43A2-A13B-69A279986B2D}"
EndProject
Project("{FAE04EC0-301F-11D3-BF4B-00C04F79EFBC}") = "AsyncObservables", "CH05\AsyncObservables\AsyncObservables.csproj", "{9C9BFCF8-8CEE-47C3-A8A6-15753D9A111B}"
EndProject
Project("{FAE04EC0-301F-11D3-BF4B-00C04F79EFBC}") = "PeriodicAndTimeBasedObservables", "CH05\PeriodicAndTimeBasedObservables\PeriodicAndTimeBasedObservables.csproj", "{DE4D7906-C373-440E-BCDB-419D01DBE799}"
EndProject
Project("{FAE04EC0-301F-11D3-BF4B-00C04F79EFBC}") = "CreatingPeriodicUpdatableView", "CH05\CreatingPeriodicUpdatableView\CreatingPeriodicUpdatableView.csproj", "{81996ABE-68BE-46CC-A665-A60B5C0AEBD8}"
EndProject
Project("{2150E333-8FDC-42A3-9474-1A3956D46DE8}") = "CH06", "CH06", "{FB63BE1F-F823-4CCD-A316-185C6CB98CD2}"
EndProject
Project("{FAE04EC0-301F-11D3-BF4B-00C04F79EFBC}") = "CreatingObservers", "CH06\CreatingObservers\CreatingObservers.csproj", "{D2B9E63E-1B09-443A-BCAC-BC2B4FC91DDA}"
EndProject
Project("{FAE04EC0-301F-11D3-BF4B-00C04F79EFBC}") = "ControllingTheObserverLifetime", "CH06\ControllingTheObserverLifetime\ControllingTheObserverLifetime.csproj", "{4AA9E8D0-8EA7-40AD-9FB3-27F4E5BFC825}"
EndProject
Project("{FAE04EC0-301F-11D3-BF4B-00C04F79EFBC}") = "ReactiveWPFDrawingApp", "CH06\ReactiveWPFDrawingApp\ReactiveWPFDrawingApp.csproj", "{FC2E562A-8692-4657-8EA7-2C80F37EB2DE}"
EndProject
Project("{2150E333-8FDC-42A3-9474-1A3956D46DE8}") = "CH07", "CH07", "{2DC2E98F-0E45-4437-90EB-6F4CA78C6CBA}"
EndProject
Project("{FAE04EC0-301F-11D3-BF4B-00C04F79EFBC}") = "HotAndColdObservables", "CH07\HotAndColdObservables\HotAndColdObservables.csproj", "{CF0F3931-B527-4F43-9C3A-FE438906EA25}"
EndProject
Project("{FAE04EC0-301F-11D3-BF4B-00C04F79EFBC}") = "Subjects", "CH07\Subjects\Subjects.csproj", "{75921D22-A54F-4B5D-BEB0-1FF3170AE41A}"
EndProject
Global
	GlobalSection(SolutionConfigurationPlatforms) = preSolution
		Debug|Any CPU = Debug|Any CPU
		Debug|ARM = Debug|ARM
		Debug|x64 = Debug|x64
		Debug|x86 = Debug|x86
		Release|Any CPU = Release|Any CPU
		Release|ARM = Release|ARM
		Release|x64 = Release|x64
		Release|x86 = Release|x86
	EndGlobalSection
	GlobalSection(ProjectConfigurationPlatforms) = postSolution
		{3820D470-514B-4B74-BBA8-001D39A00435}.Debug|Any CPU.ActiveCfg = Debug|Any CPU
		{3820D470-514B-4B74-BBA8-001D39A00435}.Debug|Any CPU.Build.0 = Debug|Any CPU
		{3820D470-514B-4B74-BBA8-001D39A00435}.Debug|ARM.ActiveCfg = Debug|Any CPU
		{3820D470-514B-4B74-BBA8-001D39A00435}.Debug|ARM.Build.0 = Debug|Any CPU
		{3820D470-514B-4B74-BBA8-001D39A00435}.Debug|x64.ActiveCfg = Debug|Any CPU
		{3820D470-514B-4B74-BBA8-001D39A00435}.Debug|x64.Build.0 = Debug|Any CPU
		{3820D470-514B-4B74-BBA8-001D39A00435}.Debug|x86.ActiveCfg = Debug|Any CPU
		{3820D470-514B-4B74-BBA8-001D39A00435}.Debug|x86.Build.0 = Debug|Any CPU
		{3820D470-514B-4B74-BBA8-001D39A00435}.Release|Any CPU.ActiveCfg = Release|Any CPU
		{3820D470-514B-4B74-BBA8-001D39A00435}.Release|Any CPU.Build.0 = Release|Any CPU
		{3820D470-514B-4B74-BBA8-001D39A00435}.Release|ARM.ActiveCfg = Release|Any CPU
		{3820D470-514B-4B74-BBA8-001D39A00435}.Release|ARM.Build.0 = Release|Any CPU
		{3820D470-514B-4B74-BBA8-001D39A00435}.Release|x64.ActiveCfg = Release|Any CPU
		{3820D470-514B-4B74-BBA8-001D39A00435}.Release|x64.Build.0 = Release|Any CPU
		{3820D470-514B-4B74-BBA8-001D39A00435}.Release|x86.ActiveCfg = Release|Any CPU
		{3820D470-514B-4B74-BBA8-001D39A00435}.Release|x86.Build.0 = Release|Any CPU
		{7D461D90-CEE4-4BE0-A736-E274FE62AF23}.Debug|Any CPU.ActiveCfg = Debug|Any CPU
		{7D461D90-CEE4-4BE0-A736-E274FE62AF23}.Debug|Any CPU.Build.0 = Debug|Any CPU
		{7D461D90-CEE4-4BE0-A736-E274FE62AF23}.Debug|ARM.ActiveCfg = Debug|Any CPU
		{7D461D90-CEE4-4BE0-A736-E274FE62AF23}.Debug|ARM.Build.0 = Debug|Any CPU
		{7D461D90-CEE4-4BE0-A736-E274FE62AF23}.Debug|x64.ActiveCfg = Debug|Any CPU
		{7D461D90-CEE4-4BE0-A736-E274FE62AF23}.Debug|x64.Build.0 = Debug|Any CPU
		{7D461D90-CEE4-4BE0-A736-E274FE62AF23}.Debug|x86.ActiveCfg = Debug|Any CPU
		{7D461D90-CEE4-4BE0-A736-E274FE62AF23}.Debug|x86.Build.0 = Debug|Any CPU
		{7D461D90-CEE4-4BE0-A736-E274FE62AF23}.Release|Any CPU.ActiveCfg = Release|Any CPU
		{7D461D90-CEE4-4BE0-A736-E274FE62AF23}.Release|Any CPU.Build.0 = Release|Any CPU
		{7D461D90-CEE4-4BE0-A736-E274FE62AF23}.Release|ARM.ActiveCfg = Release|Any CPU
		{7D461D90-CEE4-4BE0-A736-E274FE62AF23}.Release|ARM.Build.0 = Release|Any CPU
		{7D461D90-CEE4-4BE0-A736-E274FE62AF23}.Release|x64.ActiveCfg = Release|Any CPU
		{7D461D90-CEE4-4BE0-A736-E274FE62AF23}.Release|x64.Build.0 = Release|Any CPU
		{7D461D90-CEE4-4BE0-A736-E274FE62AF23}.Release|x86.ActiveCfg = Release|Any CPU
		{7D461D90-CEE4-4BE0-A736-E274FE62AF23}.Release|x86.Build.0 = Release|Any CPU
		{81D6BBFC-393E-4A85-AB06-3B75300C0B8B}.Debug|Any CPU.ActiveCfg = Debug|Any CPU
		{81D6BBFC-393E-4A85-AB06-3B75300C0B8B}.Debug|Any CPU.Build.0 = Debug|Any CPU
		{81D6BBFC-393E-4A85-AB06-3B75300C0B8B}.Debug|ARM.ActiveCfg = Debug|Any CPU
		{81D6BBFC-393E-4A85-AB06-3B75300C0B8B}.Debug|ARM.Build.0 = Debug|Any CPU
		{81D6BBFC-393E-4A85-AB06-3B75300C0B8B}.Debug|x64.ActiveCfg = Debug|Any CPU
		{81D6BBFC-393E-4A85-AB06-3B75300C0B8B}.Debug|x64.Build.0 = Debug|Any CPU
		{81D6BBFC-393E-4A85-AB06-3B75300C0B8B}.Debug|x86.ActiveCfg = Debug|Any CPU
		{81D6BBFC-393E-4A85-AB06-3B75300C0B8B}.Debug|x86.Build.0 = Debug|Any CPU
		{81D6BBFC-393E-4A85-AB06-3B75300C0B8B}.Release|Any CPU.ActiveCfg = Release|Any CPU
		{81D6BBFC-393E-4A85-AB06-3B75300C0B8B}.Release|Any CPU.Build.0 = Release|Any CPU
		{81D6BBFC-393E-4A85-AB06-3B75300C0B8B}.Release|ARM.ActiveCfg = Release|Any CPU
		{81D6BBFC-393E-4A85-AB06-3B75300C0B8B}.Release|ARM.Build.0 = Release|Any CPU
		{81D6BBFC-393E-4A85-AB06-3B75300C0B8B}.Release|x64.ActiveCfg = Release|Any CPU
		{81D6BBFC-393E-4A85-AB06-3B75300C0B8B}.Release|x64.Build.0 = Release|Any CPU
		{81D6BBFC-393E-4A85-AB06-3B75300C0B8B}.Release|x86.ActiveCfg = Release|Any CPU
		{81D6BBFC-393E-4A85-AB06-3B75300C0B8B}.Release|x86.Build.0 = Release|Any CPU
		{27CBAFD4-791C-4655-AD09-8CDD8AF5480A}.Debug|Any CPU.ActiveCfg = Debug|Any CPU
		{27CBAFD4-791C-4655-AD09-8CDD8AF5480A}.Debug|Any CPU.Build.0 = Debug|Any CPU
		{27CBAFD4-791C-4655-AD09-8CDD8AF5480A}.Debug|ARM.ActiveCfg = Debug|Any CPU
		{27CBAFD4-791C-4655-AD09-8CDD8AF5480A}.Debug|ARM.Build.0 = Debug|Any CPU
		{27CBAFD4-791C-4655-AD09-8CDD8AF5480A}.Debug|x64.ActiveCfg = Debug|Any CPU
		{27CBAFD4-791C-4655-AD09-8CDD8AF5480A}.Debug|x64.Build.0 = Debug|Any CPU
		{27CBAFD4-791C-4655-AD09-8CDD8AF5480A}.Debug|x86.ActiveCfg = Debug|Any CPU
		{27CBAFD4-791C-4655-AD09-8CDD8AF5480A}.Debug|x86.Build.0 = Debug|Any CPU
		{27CBAFD4-791C-4655-AD09-8CDD8AF5480A}.Release|Any CPU.ActiveCfg = Release|Any CPU
		{27CBAFD4-791C-4655-AD09-8CDD8AF5480A}.Release|Any CPU.Build.0 = Release|Any CPU
		{27CBAFD4-791C-4655-AD09-8CDD8AF5480A}.Release|ARM.ActiveCfg = Release|Any CPU
		{27CBAFD4-791C-4655-AD09-8CDD8AF5480A}.Release|ARM.Build.0 = Release|Any CPU
		{27CBAFD4-791C-4655-AD09-8CDD8AF5480A}.Release|x64.ActiveCfg = Release|Any CPU
		{27CBAFD4-791C-4655-AD09-8CDD8AF5480A}.Release|x64.Build.0 = Release|Any CPU
		{27CBAFD4-791C-4655-AD09-8CDD8AF5480A}.Release|x86.ActiveCfg = Release|Any CPU
		{27CBAFD4-791C-4655-AD09-8CDD8AF5480A}.Release|x86.Build.0 = Release|Any CPU
		{85A71CB0-D164-4D1E-8E54-8D8244D64F4D}.Debug|Any CPU.ActiveCfg = Debug|Any CPU
		{85A71CB0-D164-4D1E-8E54-8D8244D64F4D}.Debug|Any CPU.Build.0 = Debug|Any CPU
		{85A71CB0-D164-4D1E-8E54-8D8244D64F4D}.Debug|ARM.ActiveCfg = Debug|Any CPU
		{85A71CB0-D164-4D1E-8E54-8D8244D64F4D}.Debug|ARM.Build.0 = Debug|Any CPU
		{85A71CB0-D164-4D1E-8E54-8D8244D64F4D}.Debug|x64.ActiveCfg = Debug|Any CPU
		{85A71CB0-D164-4D1E-8E54-8D8244D64F4D}.Debug|x64.Build.0 = Debug|Any CPU
		{85A71CB0-D164-4D1E-8E54-8D8244D64F4D}.Debug|x86.ActiveCfg = Debug|Any CPU
		{85A71CB0-D164-4D1E-8E54-8D8244D64F4D}.Debug|x86.Build.0 = Debug|Any CPU
		{85A71CB0-D164-4D1E-8E54-8D8244D64F4D}.Release|Any CPU.ActiveCfg = Release|Any CPU
		{85A71CB0-D164-4D1E-8E54-8D8244D64F4D}.Release|Any CPU.Build.0 = Release|Any CPU
		{85A71CB0-D164-4D1E-8E54-8D8244D64F4D}.Release|ARM.ActiveCfg = Release|Any CPU
		{85A71CB0-D164-4D1E-8E54-8D8244D64F4D}.Release|ARM.Build.0 = Release|Any CPU
		{85A71CB0-D164-4D1E-8E54-8D8244D64F4D}.Release|x64.ActiveCfg = Release|Any CPU
		{85A71CB0-D164-4D1E-8E54-8D8244D64F4D}.Release|x64.Build.0 = Release|Any CPU
		{85A71CB0-D164-4D1E-8E54-8D8244D64F4D}.Release|x86.ActiveCfg = Release|Any CPU
		{85A71CB0-D164-4D1E-8E54-8D8244D64F4D}.Release|x86.Build.0 = Release|Any CPU
		{2B15341B-9224-43B7-BAB8-9E92AEF85364}.Debug|Any CPU.ActiveCfg = Debug|Any CPU
		{2B15341B-9224-43B7-BAB8-9E92AEF85364}.Debug|Any CPU.Build.0 = Debug|Any CPU
		{2B15341B-9224-43B7-BAB8-9E92AEF85364}.Debug|ARM.ActiveCfg = Debug|Any CPU
		{2B15341B-9224-43B7-BAB8-9E92AEF85364}.Debug|ARM.Build.0 = Debug|Any CPU
		{2B15341B-9224-43B7-BAB8-9E92AEF85364}.Debug|x64.ActiveCfg = Debug|Any CPU
		{2B15341B-9224-43B7-BAB8-9E92AEF85364}.Debug|x64.Build.0 = Debug|Any CPU
		{2B15341B-9224-43B7-BAB8-9E92AEF85364}.Debug|x86.ActiveCfg = Debug|Any CPU
		{2B15341B-9224-43B7-BAB8-9E92AEF85364}.Debug|x86.Build.0 = Debug|Any CPU
		{2B15341B-9224-43B7-BAB8-9E92AEF85364}.Release|Any CPU.ActiveCfg = Release|Any CPU
		{2B15341B-9224-43B7-BAB8-9E92AEF85364}.Release|Any CPU.Build.0 = Release|Any CPU
		{2B15341B-9224-43B7-BAB8-9E92AEF85364}.Release|ARM.ActiveCfg = Release|Any CPU
		{2B15341B-9224-43B7-BAB8-9E92AEF85364}.Release|ARM.Build.0 = Release|Any CPU
		{2B15341B-9224-43B7-BAB8-9E92AEF85364}.Release|x64.ActiveCfg = Release|Any CPU
		{2B15341B-9224-43B7-BAB8-9E92AEF85364}.Release|x64.Build.0 = Release|Any CPU
		{2B15341B-9224-43B7-BAB8-9E92AEF85364}.Release|x86.ActiveCfg = Release|Any CPU
		{2B15341B-9224-43B7-BAB8-9E92AEF85364}.Release|x86.Build.0 = Release|Any CPU
		{1C0BF017-690B-4BF2-88FD-372A8D2F2D03}.Debug|Any CPU.ActiveCfg = Debug|Any CPU
		{1C0BF017-690B-4BF2-88FD-372A8D2F2D03}.Debug|Any CPU.Build.0 = Debug|Any CPU
		{1C0BF017-690B-4BF2-88FD-372A8D2F2D03}.Debug|ARM.ActiveCfg = Debug|Any CPU
		{1C0BF017-690B-4BF2-88FD-372A8D2F2D03}.Debug|ARM.Build.0 = Debug|Any CPU
		{1C0BF017-690B-4BF2-88FD-372A8D2F2D03}.Debug|x64.ActiveCfg = Debug|Any CPU
		{1C0BF017-690B-4BF2-88FD-372A8D2F2D03}.Debug|x64.Build.0 = Debug|Any CPU
		{1C0BF017-690B-4BF2-88FD-372A8D2F2D03}.Debug|x86.ActiveCfg = Debug|Any CPU
		{1C0BF017-690B-4BF2-88FD-372A8D2F2D03}.Debug|x86.Build.0 = Debug|Any CPU
		{1C0BF017-690B-4BF2-88FD-372A8D2F2D03}.Release|Any CPU.ActiveCfg = Release|Any CPU
		{1C0BF017-690B-4BF2-88FD-372A8D2F2D03}.Release|Any CPU.Build.0 = Release|Any CPU
		{1C0BF017-690B-4BF2-88FD-372A8D2F2D03}.Release|ARM.ActiveCfg = Release|Any CPU
		{1C0BF017-690B-4BF2-88FD-372A8D2F2D03}.Release|ARM.Build.0 = Release|Any CPU
		{1C0BF017-690B-4BF2-88FD-372A8D2F2D03}.Release|x64.ActiveCfg = Release|Any CPU
		{1C0BF017-690B-4BF2-88FD-372A8D2F2D03}.Release|x64.Build.0 = Release|Any CPU
		{1C0BF017-690B-4BF2-88FD-372A8D2F2D03}.Release|x86.ActiveCfg = Release|Any CPU
		{1C0BF017-690B-4BF2-88FD-372A8D2F2D03}.Release|x86.Build.0 = Release|Any CPU
		{7D69D45B-88F7-43F9-B84D-A083D572B19E}.Debug|Any CPU.ActiveCfg = Debug|Any CPU
		{7D69D45B-88F7-43F9-B84D-A083D572B19E}.Debug|Any CPU.Build.0 = Debug|Any CPU
		{7D69D45B-88F7-43F9-B84D-A083D572B19E}.Debug|ARM.ActiveCfg = Debug|Any CPU
		{7D69D45B-88F7-43F9-B84D-A083D572B19E}.Debug|ARM.Build.0 = Debug|Any CPU
		{7D69D45B-88F7-43F9-B84D-A083D572B19E}.Debug|x64.ActiveCfg = Debug|Any CPU
		{7D69D45B-88F7-43F9-B84D-A083D572B19E}.Debug|x64.Build.0 = Debug|Any CPU
		{7D69D45B-88F7-43F9-B84D-A083D572B19E}.Debug|x86.ActiveCfg = Debug|Any CPU
		{7D69D45B-88F7-43F9-B84D-A083D572B19E}.Debug|x86.Build.0 = Debug|Any CPU
		{7D69D45B-88F7-43F9-B84D-A083D572B19E}.Release|Any CPU.ActiveCfg = Release|Any CPU
		{7D69D45B-88F7-43F9-B84D-A083D572B19E}.Release|Any CPU.Build.0 = Release|Any CPU
		{7D69D45B-88F7-43F9-B84D-A083D572B19E}.Release|ARM.ActiveCfg = Release|Any CPU
		{7D69D45B-88F7-43F9-B84D-A083D572B19E}.Release|ARM.Build.0 = Release|Any CPU
		{7D69D45B-88F7-43F9-B84D-A083D572B19E}.Release|x64.ActiveCfg = Release|Any CPU
		{7D69D45B-88F7-43F9-B84D-A083D572B19E}.Release|x64.Build.0 = Release|Any CPU
		{7D69D45B-88F7-43F9-B84D-A083D572B19E}.Release|x86.ActiveCfg = Release|Any CPU
		{7D69D45B-88F7-43F9-B84D-A083D572B19E}.Release|x86.Build.0 = Release|Any CPU
		{46B0CBD8-4CDD-46A1-AFDD-CB6137800DE6}.Debug|Any CPU.ActiveCfg = Debug|Any CPU
		{46B0CBD8-4CDD-46A1-AFDD-CB6137800DE6}.Debug|Any CPU.Build.0 = Debug|Any CPU
		{46B0CBD8-4CDD-46A1-AFDD-CB6137800DE6}.Debug|ARM.ActiveCfg = Debug|Any CPU
		{46B0CBD8-4CDD-46A1-AFDD-CB6137800DE6}.Debug|ARM.Build.0 = Debug|Any CPU
		{46B0CBD8-4CDD-46A1-AFDD-CB6137800DE6}.Debug|x64.ActiveCfg = Debug|Any CPU
		{46B0CBD8-4CDD-46A1-AFDD-CB6137800DE6}.Debug|x64.Build.0 = Debug|Any CPU
		{46B0CBD8-4CDD-46A1-AFDD-CB6137800DE6}.Debug|x86.ActiveCfg = Debug|Any CPU
		{46B0CBD8-4CDD-46A1-AFDD-CB6137800DE6}.Debug|x86.Build.0 = Debug|Any CPU
		{46B0CBD8-4CDD-46A1-AFDD-CB6137800DE6}.Release|Any CPU.ActiveCfg = Release|Any CPU
		{46B0CBD8-4CDD-46A1-AFDD-CB6137800DE6}.Release|Any CPU.Build.0 = Release|Any CPU
		{46B0CBD8-4CDD-46A1-AFDD-CB6137800DE6}.Release|ARM.ActiveCfg = Release|Any CPU
		{46B0CBD8-4CDD-46A1-AFDD-CB6137800DE6}.Release|ARM.Build.0 = Release|Any CPU
		{46B0CBD8-4CDD-46A1-AFDD-CB6137800DE6}.Release|x64.ActiveCfg = Release|Any CPU
		{46B0CBD8-4CDD-46A1-AFDD-CB6137800DE6}.Release|x64.Build.0 = Release|Any CPU
		{46B0CBD8-4CDD-46A1-AFDD-CB6137800DE6}.Release|x86.ActiveCfg = Release|Any CPU
		{46B0CBD8-4CDD-46A1-AFDD-CB6137800DE6}.Release|x86.Build.0 = Release|Any CPU
		{8413FDBA-6CAB-4547-B8E3-97A9386B65E9}.Debug|Any CPU.ActiveCfg = Debug|Any CPU
		{8413FDBA-6CAB-4547-B8E3-97A9386B65E9}.Debug|Any CPU.Build.0 = Debug|Any CPU
		{8413FDBA-6CAB-4547-B8E3-97A9386B65E9}.Debug|ARM.ActiveCfg = Debug|Any CPU
		{8413FDBA-6CAB-4547-B8E3-97A9386B65E9}.Debug|ARM.Build.0 = Debug|Any CPU
		{8413FDBA-6CAB-4547-B8E3-97A9386B65E9}.Debug|x64.ActiveCfg = Debug|Any CPU
		{8413FDBA-6CAB-4547-B8E3-97A9386B65E9}.Debug|x64.Build.0 = Debug|Any CPU
		{8413FDBA-6CAB-4547-B8E3-97A9386B65E9}.Debug|x86.ActiveCfg = Debug|Any CPU
		{8413FDBA-6CAB-4547-B8E3-97A9386B65E9}.Debug|x86.Build.0 = Debug|Any CPU
		{8413FDBA-6CAB-4547-B8E3-97A9386B65E9}.Release|Any CPU.ActiveCfg = Release|Any CPU
		{8413FDBA-6CAB-4547-B8E3-97A9386B65E9}.Release|Any CPU.Build.0 = Release|Any CPU
		{8413FDBA-6CAB-4547-B8E3-97A9386B65E9}.Release|ARM.ActiveCfg = Release|Any CPU
		{8413FDBA-6CAB-4547-B8E3-97A9386B65E9}.Release|ARM.Build.0 = Release|Any CPU
		{8413FDBA-6CAB-4547-B8E3-97A9386B65E9}.Release|x64.ActiveCfg = Release|Any CPU
		{8413FDBA-6CAB-4547-B8E3-97A9386B65E9}.Release|x64.Build.0 = Release|Any CPU
		{8413FDBA-6CAB-4547-B8E3-97A9386B65E9}.Release|x86.ActiveCfg = Release|Any CPU
		{8413FDBA-6CAB-4547-B8E3-97A9386B65E9}.Release|x86.Build.0 = Release|Any CPU
		{49F79703-E5FF-4332-963A-2B7C9635D5F1}.Debug|Any CPU.ActiveCfg = Debug|Any CPU
		{49F79703-E5FF-4332-963A-2B7C9635D5F1}.Debug|Any CPU.Build.0 = Debug|Any CPU
		{49F79703-E5FF-4332-963A-2B7C9635D5F1}.Debug|ARM.ActiveCfg = Debug|Any CPU
		{49F79703-E5FF-4332-963A-2B7C9635D5F1}.Debug|ARM.Build.0 = Debug|Any CPU
		{49F79703-E5FF-4332-963A-2B7C9635D5F1}.Debug|x64.ActiveCfg = Debug|Any CPU
		{49F79703-E5FF-4332-963A-2B7C9635D5F1}.Debug|x64.Build.0 = Debug|Any CPU
		{49F79703-E5FF-4332-963A-2B7C9635D5F1}.Debug|x86.ActiveCfg = Debug|Any CPU
		{49F79703-E5FF-4332-963A-2B7C9635D5F1}.Debug|x86.Build.0 = Debug|Any CPU
		{49F79703-E5FF-4332-963A-2B7C9635D5F1}.Release|Any CPU.ActiveCfg = Release|Any CPU
		{49F79703-E5FF-4332-963A-2B7C9635D5F1}.Release|Any CPU.Build.0 = Release|Any CPU
		{49F79703-E5FF-4332-963A-2B7C9635D5F1}.Release|ARM.ActiveCfg = Release|Any CPU
		{49F79703-E5FF-4332-963A-2B7C9635D5F1}.Release|ARM.Build.0 = Release|Any CPU
		{49F79703-E5FF-4332-963A-2B7C9635D5F1}.Release|x64.ActiveCfg = Release|Any CPU
		{49F79703-E5FF-4332-963A-2B7C9635D5F1}.Release|x64.Build.0 = Release|Any CPU
		{49F79703-E5FF-4332-963A-2B7C9635D5F1}.Release|x86.ActiveCfg = Release|Any CPU
		{49F79703-E5FF-4332-963A-2B7C9635D5F1}.Release|x86.Build.0 = Release|Any CPU
		{EC1367F7-0BCC-40D8-8392-DFE5F8EF6C97}.Debug|Any CPU.ActiveCfg = Debug|Any CPU
		{EC1367F7-0BCC-40D8-8392-DFE5F8EF6C97}.Debug|Any CPU.Build.0 = Debug|Any CPU
		{EC1367F7-0BCC-40D8-8392-DFE5F8EF6C97}.Debug|ARM.ActiveCfg = Debug|Any CPU
		{EC1367F7-0BCC-40D8-8392-DFE5F8EF6C97}.Debug|ARM.Build.0 = Debug|Any CPU
		{EC1367F7-0BCC-40D8-8392-DFE5F8EF6C97}.Debug|x64.ActiveCfg = Debug|Any CPU
		{EC1367F7-0BCC-40D8-8392-DFE5F8EF6C97}.Debug|x64.Build.0 = Debug|Any CPU
		{EC1367F7-0BCC-40D8-8392-DFE5F8EF6C97}.Debug|x86.ActiveCfg = Debug|Any CPU
		{EC1367F7-0BCC-40D8-8392-DFE5F8EF6C97}.Debug|x86.Build.0 = Debug|Any CPU
		{EC1367F7-0BCC-40D8-8392-DFE5F8EF6C97}.Release|Any CPU.ActiveCfg = Release|Any CPU
		{EC1367F7-0BCC-40D8-8392-DFE5F8EF6C97}.Release|Any CPU.Build.0 = Release|Any CPU
		{EC1367F7-0BCC-40D8-8392-DFE5F8EF6C97}.Release|ARM.ActiveCfg = Release|Any CPU
		{EC1367F7-0BCC-40D8-8392-DFE5F8EF6C97}.Release|ARM.Build.0 = Release|Any CPU
		{EC1367F7-0BCC-40D8-8392-DFE5F8EF6C97}.Release|x64.ActiveCfg = Release|Any CPU
		{EC1367F7-0BCC-40D8-8392-DFE5F8EF6C97}.Release|x64.Build.0 = Release|Any CPU
		{EC1367F7-0BCC-40D8-8392-DFE5F8EF6C97}.Release|x86.ActiveCfg = Release|Any CPU
		{EC1367F7-0BCC-40D8-8392-DFE5F8EF6C97}.Release|x86.Build.0 = Release|Any CPU
		{CDB27ABA-A368-44E7-8618-B82A87496425}.Debug|Any CPU.ActiveCfg = Debug|Any CPU
		{CDB27ABA-A368-44E7-8618-B82A87496425}.Debug|Any CPU.Build.0 = Debug|Any CPU
		{CDB27ABA-A368-44E7-8618-B82A87496425}.Debug|ARM.ActiveCfg = Debug|Any CPU
		{CDB27ABA-A368-44E7-8618-B82A87496425}.Debug|ARM.Build.0 = Debug|Any CPU
		{CDB27ABA-A368-44E7-8618-B82A87496425}.Debug|x64.ActiveCfg = Debug|Any CPU
		{CDB27ABA-A368-44E7-8618-B82A87496425}.Debug|x64.Build.0 = Debug|Any CPU
		{CDB27ABA-A368-44E7-8618-B82A87496425}.Debug|x86.ActiveCfg = Debug|Any CPU
		{CDB27ABA-A368-44E7-8618-B82A87496425}.Debug|x86.Build.0 = Debug|Any CPU
		{CDB27ABA-A368-44E7-8618-B82A87496425}.Release|Any CPU.ActiveCfg = Release|Any CPU
		{CDB27ABA-A368-44E7-8618-B82A87496425}.Release|Any CPU.Build.0 = Release|Any CPU
		{CDB27ABA-A368-44E7-8618-B82A87496425}.Release|ARM.ActiveCfg = Release|Any CPU
		{CDB27ABA-A368-44E7-8618-B82A87496425}.Release|ARM.Build.0 = Release|Any CPU
		{CDB27ABA-A368-44E7-8618-B82A87496425}.Release|x64.ActiveCfg = Release|Any CPU
		{CDB27ABA-A368-44E7-8618-B82A87496425}.Release|x64.Build.0 = Release|Any CPU
		{CDB27ABA-A368-44E7-8618-B82A87496425}.Release|x86.ActiveCfg = Release|Any CPU
		{CDB27ABA-A368-44E7-8618-B82A87496425}.Release|x86.Build.0 = Release|Any CPU
		{AF8A9BD3-AA52-472B-AB2F-F78FF4D97A53}.Debug|Any CPU.ActiveCfg = Debug|Any CPU
		{AF8A9BD3-AA52-472B-AB2F-F78FF4D97A53}.Debug|Any CPU.Build.0 = Debug|Any CPU
		{AF8A9BD3-AA52-472B-AB2F-F78FF4D97A53}.Debug|ARM.ActiveCfg = Debug|Any CPU
		{AF8A9BD3-AA52-472B-AB2F-F78FF4D97A53}.Debug|ARM.Build.0 = Debug|Any CPU
		{AF8A9BD3-AA52-472B-AB2F-F78FF4D97A53}.Debug|x64.ActiveCfg = Debug|Any CPU
		{AF8A9BD3-AA52-472B-AB2F-F78FF4D97A53}.Debug|x64.Build.0 = Debug|Any CPU
		{AF8A9BD3-AA52-472B-AB2F-F78FF4D97A53}.Debug|x86.ActiveCfg = Debug|Any CPU
		{AF8A9BD3-AA52-472B-AB2F-F78FF4D97A53}.Debug|x86.Build.0 = Debug|Any CPU
		{AF8A9BD3-AA52-472B-AB2F-F78FF4D97A53}.Release|Any CPU.ActiveCfg = Release|Any CPU
		{AF8A9BD3-AA52-472B-AB2F-F78FF4D97A53}.Release|Any CPU.Build.0 = Release|Any CPU
		{AF8A9BD3-AA52-472B-AB2F-F78FF4D97A53}.Release|ARM.ActiveCfg = Release|Any CPU
		{AF8A9BD3-AA52-472B-AB2F-F78FF4D97A53}.Release|ARM.Build.0 = Release|Any CPU
		{AF8A9BD3-AA52-472B-AB2F-F78FF4D97A53}.Release|x64.ActiveCfg = Release|Any CPU
		{AF8A9BD3-AA52-472B-AB2F-F78FF4D97A53}.Release|x64.Build.0 = Release|Any CPU
		{AF8A9BD3-AA52-472B-AB2F-F78FF4D97A53}.Release|x86.ActiveCfg = Release|Any CPU
		{AF8A9BD3-AA52-472B-AB2F-F78FF4D97A53}.Release|x86.Build.0 = Release|Any CPU
		{A3C0062C-81D5-4DFD-8650-0AC3F8260FB2}.Debug|Any CPU.ActiveCfg = Debug|Any CPU
		{A3C0062C-81D5-4DFD-8650-0AC3F8260FB2}.Debug|Any CPU.Build.0 = Debug|Any CPU
		{A3C0062C-81D5-4DFD-8650-0AC3F8260FB2}.Debug|ARM.ActiveCfg = Debug|Any CPU
		{A3C0062C-81D5-4DFD-8650-0AC3F8260FB2}.Debug|ARM.Build.0 = Debug|Any CPU
		{A3C0062C-81D5-4DFD-8650-0AC3F8260FB2}.Debug|x64.ActiveCfg = Debug|Any CPU
		{A3C0062C-81D5-4DFD-8650-0AC3F8260FB2}.Debug|x64.Build.0 = Debug|Any CPU
		{A3C0062C-81D5-4DFD-8650-0AC3F8260FB2}.Debug|x86.ActiveCfg = Debug|Any CPU
		{A3C0062C-81D5-4DFD-8650-0AC3F8260FB2}.Debug|x86.Build.0 = Debug|Any CPU
		{A3C0062C-81D5-4DFD-8650-0AC3F8260FB2}.Release|Any CPU.ActiveCfg = Release|Any CPU
		{A3C0062C-81D5-4DFD-8650-0AC3F8260FB2}.Release|Any CPU.Build.0 = Release|Any CPU
		{A3C0062C-81D5-4DFD-8650-0AC3F8260FB2}.Release|ARM.ActiveCfg = Release|Any CPU
		{A3C0062C-81D5-4DFD-8650-0AC3F8260FB2}.Release|ARM.Build.0 = Release|Any CPU
		{A3C0062C-81D5-4DFD-8650-0AC3F8260FB2}.Release|x64.ActiveCfg = Release|Any CPU
		{A3C0062C-81D5-4DFD-8650-0AC3F8260FB2}.Release|x64.Build.0 = Release|Any CPU
		{A3C0062C-81D5-4DFD-8650-0AC3F8260FB2}.Release|x86.ActiveCfg = Release|Any CPU
		{A3C0062C-81D5-4DFD-8650-0AC3F8260FB2}.Release|x86.Build.0 = Release|Any CPU
		{BAB3AE16-0DA3-43A2-A13B-69A279986B2D}.Debug|Any CPU.ActiveCfg = Debug|Any CPU
		{BAB3AE16-0DA3-43A2-A13B-69A279986B2D}.Debug|Any CPU.Build.0 = Debug|Any CPU
		{BAB3AE16-0DA3-43A2-A13B-69A279986B2D}.Debug|ARM.ActiveCfg = Debug|Any CPU
		{BAB3AE16-0DA3-43A2-A13B-69A279986B2D}.Debug|ARM.Build.0 = Debug|Any CPU
		{BAB3AE16-0DA3-43A2-A13B-69A279986B2D}.Debug|x64.ActiveCfg = Debug|Any CPU
		{BAB3AE16-0DA3-43A2-A13B-69A279986B2D}.Debug|x64.Build.0 = Debug|Any CPU
		{BAB3AE16-0DA3-43A2-A13B-69A279986B2D}.Debug|x86.ActiveCfg = Debug|Any CPU
		{BAB3AE16-0DA3-43A2-A13B-69A279986B2D}.Debug|x86.Build.0 = Debug|Any CPU
		{BAB3AE16-0DA3-43A2-A13B-69A279986B2D}.Release|Any CPU.ActiveCfg = Release|Any CPU
		{BAB3AE16-0DA3-43A2-A13B-69A279986B2D}.Release|Any CPU.Build.0 = Release|Any CPU
		{BAB3AE16-0DA3-43A2-A13B-69A279986B2D}.Release|ARM.ActiveCfg = Release|Any CPU
		{BAB3AE16-0DA3-43A2-A13B-69A279986B2D}.Release|ARM.Build.0 = Release|Any CPU
		{BAB3AE16-0DA3-43A2-A13B-69A279986B2D}.Release|x64.ActiveCfg = Release|Any CPU
		{BAB3AE16-0DA3-43A2-A13B-69A279986B2D}.Release|x64.Build.0 = Release|Any CPU
		{BAB3AE16-0DA3-43A2-A13B-69A279986B2D}.Release|x86.ActiveCfg = Release|Any CPU
		{BAB3AE16-0DA3-43A2-A13B-69A279986B2D}.Release|x86.Build.0 = Release|Any CPU
		{9C9BFCF8-8CEE-47C3-A8A6-15753D9A111B}.Debug|Any CPU.ActiveCfg = Debug|Any CPU
		{9C9BFCF8-8CEE-47C3-A8A6-15753D9A111B}.Debug|Any CPU.Build.0 = Debug|Any CPU
		{9C9BFCF8-8CEE-47C3-A8A6-15753D9A111B}.Debug|ARM.ActiveCfg = Debug|Any CPU
		{9C9BFCF8-8CEE-47C3-A8A6-15753D9A111B}.Debug|ARM.Build.0 = Debug|Any CPU
		{9C9BFCF8-8CEE-47C3-A8A6-15753D9A111B}.Debug|x64.ActiveCfg = Debug|Any CPU
		{9C9BFCF8-8CEE-47C3-A8A6-15753D9A111B}.Debug|x64.Build.0 = Debug|Any CPU
		{9C9BFCF8-8CEE-47C3-A8A6-15753D9A111B}.Debug|x86.ActiveCfg = Debug|Any CPU
		{9C9BFCF8-8CEE-47C3-A8A6-15753D9A111B}.Debug|x86.Build.0 = Debug|Any CPU
		{9C9BFCF8-8CEE-47C3-A8A6-15753D9A111B}.Release|Any CPU.ActiveCfg = Release|Any CPU
		{9C9BFCF8-8CEE-47C3-A8A6-15753D9A111B}.Release|Any CPU.Build.0 = Release|Any CPU
		{9C9BFCF8-8CEE-47C3-A8A6-15753D9A111B}.Release|ARM.ActiveCfg = Release|Any CPU
		{9C9BFCF8-8CEE-47C3-A8A6-15753D9A111B}.Release|ARM.Build.0 = Release|Any CPU
		{9C9BFCF8-8CEE-47C3-A8A6-15753D9A111B}.Release|x64.ActiveCfg = Release|Any CPU
		{9C9BFCF8-8CEE-47C3-A8A6-15753D9A111B}.Release|x64.Build.0 = Release|Any CPU
		{9C9BFCF8-8CEE-47C3-A8A6-15753D9A111B}.Release|x86.ActiveCfg = Release|Any CPU
		{9C9BFCF8-8CEE-47C3-A8A6-15753D9A111B}.Release|x86.Build.0 = Release|Any CPU
		{DE4D7906-C373-440E-BCDB-419D01DBE799}.Debug|Any CPU.ActiveCfg = Debug|Any CPU
		{DE4D7906-C373-440E-BCDB-419D01DBE799}.Debug|Any CPU.Build.0 = Debug|Any CPU
		{DE4D7906-C373-440E-BCDB-419D01DBE799}.Debug|ARM.ActiveCfg = Debug|Any CPU
		{DE4D7906-C373-440E-BCDB-419D01DBE799}.Debug|ARM.Build.0 = Debug|Any CPU
		{DE4D7906-C373-440E-BCDB-419D01DBE799}.Debug|x64.ActiveCfg = Debug|Any CPU
		{DE4D7906-C373-440E-BCDB-419D01DBE799}.Debug|x64.Build.0 = Debug|Any CPU
		{DE4D7906-C373-440E-BCDB-419D01DBE799}.Debug|x86.ActiveCfg = Debug|Any CPU
		{DE4D7906-C373-440E-BCDB-419D01DBE799}.Debug|x86.Build.0 = Debug|Any CPU
		{DE4D7906-C373-440E-BCDB-419D01DBE799}.Release|Any CPU.ActiveCfg = Release|Any CPU
		{DE4D7906-C373-440E-BCDB-419D01DBE799}.Release|Any CPU.Build.0 = Release|Any CPU
		{DE4D7906-C373-440E-BCDB-419D01DBE799}.Release|ARM.ActiveCfg = Release|Any CPU
		{DE4D7906-C373-440E-BCDB-419D01DBE799}.Release|ARM.Build.0 = Release|Any CPU
		{DE4D7906-C373-440E-BCDB-419D01DBE799}.Release|x64.ActiveCfg = Release|Any CPU
		{DE4D7906-C373-440E-BCDB-419D01DBE799}.Release|x64.Build.0 = Release|Any CPU
		{DE4D7906-C373-440E-BCDB-419D01DBE799}.Release|x86.ActiveCfg = Release|Any CPU
		{DE4D7906-C373-440E-BCDB-419D01DBE799}.Release|x86.Build.0 = Release|Any CPU
		{81996ABE-68BE-46CC-A665-A60B5C0AEBD8}.Debug|Any CPU.ActiveCfg = Debug|Any CPU
		{81996ABE-68BE-46CC-A665-A60B5C0AEBD8}.Debug|Any CPU.Build.0 = Debug|Any CPU
		{81996ABE-68BE-46CC-A665-A60B5C0AEBD8}.Debug|ARM.ActiveCfg = Debug|Any CPU
		{81996ABE-68BE-46CC-A665-A60B5C0AEBD8}.Debug|ARM.Build.0 = Debug|Any CPU
		{81996ABE-68BE-46CC-A665-A60B5C0AEBD8}.Debug|x64.ActiveCfg = Debug|Any CPU
		{81996ABE-68BE-46CC-A665-A60B5C0AEBD8}.Debug|x64.Build.0 = Debug|Any CPU
		{81996ABE-68BE-46CC-A665-A60B5C0AEBD8}.Debug|x86.ActiveCfg = Debug|Any CPU
		{81996ABE-68BE-46CC-A665-A60B5C0AEBD8}.Debug|x86.Build.0 = Debug|Any CPU
		{81996ABE-68BE-46CC-A665-A60B5C0AEBD8}.Release|Any CPU.ActiveCfg = Release|Any CPU
		{81996ABE-68BE-46CC-A665-A60B5C0AEBD8}.Release|Any CPU.Build.0 = Release|Any CPU
		{81996ABE-68BE-46CC-A665-A60B5C0AEBD8}.Release|ARM.ActiveCfg = Release|Any CPU
		{81996ABE-68BE-46CC-A665-A60B5C0AEBD8}.Release|ARM.Build.0 = Release|Any CPU
		{81996ABE-68BE-46CC-A665-A60B5C0AEBD8}.Release|x64.ActiveCfg = Release|Any CPU
		{81996ABE-68BE-46CC-A665-A60B5C0AEBD8}.Release|x64.Build.0 = Release|Any CPU
		{81996ABE-68BE-46CC-A665-A60B5C0AEBD8}.Release|x86.ActiveCfg = Release|Any CPU
		{81996ABE-68BE-46CC-A665-A60B5C0AEBD8}.Release|x86.Build.0 = Release|Any CPU
		{D2B9E63E-1B09-443A-BCAC-BC2B4FC91DDA}.Debug|Any CPU.ActiveCfg = Debug|Any CPU
		{D2B9E63E-1B09-443A-BCAC-BC2B4FC91DDA}.Debug|Any CPU.Build.0 = Debug|Any CPU
		{D2B9E63E-1B09-443A-BCAC-BC2B4FC91DDA}.Debug|ARM.ActiveCfg = Debug|Any CPU
		{D2B9E63E-1B09-443A-BCAC-BC2B4FC91DDA}.Debug|ARM.Build.0 = Debug|Any CPU
		{D2B9E63E-1B09-443A-BCAC-BC2B4FC91DDA}.Debug|x64.ActiveCfg = Debug|Any CPU
		{D2B9E63E-1B09-443A-BCAC-BC2B4FC91DDA}.Debug|x64.Build.0 = Debug|Any CPU
		{D2B9E63E-1B09-443A-BCAC-BC2B4FC91DDA}.Debug|x86.ActiveCfg = Debug|Any CPU
		{D2B9E63E-1B09-443A-BCAC-BC2B4FC91DDA}.Debug|x86.Build.0 = Debug|Any CPU
		{D2B9E63E-1B09-443A-BCAC-BC2B4FC91DDA}.Release|Any CPU.ActiveCfg = Release|Any CPU
		{D2B9E63E-1B09-443A-BCAC-BC2B4FC91DDA}.Release|Any CPU.Build.0 = Release|Any CPU
		{D2B9E63E-1B09-443A-BCAC-BC2B4FC91DDA}.Release|ARM.ActiveCfg = Release|Any CPU
		{D2B9E63E-1B09-443A-BCAC-BC2B4FC91DDA}.Release|ARM.Build.0 = Release|Any CPU
		{D2B9E63E-1B09-443A-BCAC-BC2B4FC91DDA}.Release|x64.ActiveCfg = Release|Any CPU
		{D2B9E63E-1B09-443A-BCAC-BC2B4FC91DDA}.Release|x64.Build.0 = Release|Any CPU
		{D2B9E63E-1B09-443A-BCAC-BC2B4FC91DDA}.Release|x86.ActiveCfg = Release|Any CPU
		{D2B9E63E-1B09-443A-BCAC-BC2B4FC91DDA}.Release|x86.Build.0 = Release|Any CPU
		{4AA9E8D0-8EA7-40AD-9FB3-27F4E5BFC825}.Debug|Any CPU.ActiveCfg = Debug|Any CPU
		{4AA9E8D0-8EA7-40AD-9FB3-27F4E5BFC825}.Debug|Any CPU.Build.0 = Debug|Any CPU
		{4AA9E8D0-8EA7-40AD-9FB3-27F4E5BFC825}.Debug|ARM.ActiveCfg = Debug|Any CPU
		{4AA9E8D0-8EA7-40AD-9FB3-27F4E5BFC825}.Debug|ARM.Build.0 = Debug|Any CPU
		{4AA9E8D0-8EA7-40AD-9FB3-27F4E5BFC825}.Debug|x64.ActiveCfg = Debug|Any CPU
		{4AA9E8D0-8EA7-40AD-9FB3-27F4E5BFC825}.Debug|x64.Build.0 = Debug|Any CPU
		{4AA9E8D0-8EA7-40AD-9FB3-27F4E5BFC825}.Debug|x86.ActiveCfg = Debug|Any CPU
		{4AA9E8D0-8EA7-40AD-9FB3-27F4E5BFC825}.Debug|x86.Build.0 = Debug|Any CPU
		{4AA9E8D0-8EA7-40AD-9FB3-27F4E5BFC825}.Release|Any CPU.ActiveCfg = Release|Any CPU
		{4AA9E8D0-8EA7-40AD-9FB3-27F4E5BFC825}.Release|Any CPU.Build.0 = Release|Any CPU
		{4AA9E8D0-8EA7-40AD-9FB3-27F4E5BFC825}.Release|ARM.ActiveCfg = Release|Any CPU
		{4AA9E8D0-8EA7-40AD-9FB3-27F4E5BFC825}.Release|ARM.Build.0 = Release|Any CPU
		{4AA9E8D0-8EA7-40AD-9FB3-27F4E5BFC825}.Release|x64.ActiveCfg = Release|Any CPU
		{4AA9E8D0-8EA7-40AD-9FB3-27F4E5BFC825}.Release|x64.Build.0 = Release|Any CPU
		{4AA9E8D0-8EA7-40AD-9FB3-27F4E5BFC825}.Release|x86.ActiveCfg = Release|Any CPU
		{4AA9E8D0-8EA7-40AD-9FB3-27F4E5BFC825}.Release|x86.Build.0 = Release|Any CPU
		{FC2E562A-8692-4657-8EA7-2C80F37EB2DE}.Debug|Any CPU.ActiveCfg = Debug|Any CPU
		{FC2E562A-8692-4657-8EA7-2C80F37EB2DE}.Debug|Any CPU.Build.0 = Debug|Any CPU
		{FC2E562A-8692-4657-8EA7-2C80F37EB2DE}.Debug|ARM.ActiveCfg = Debug|Any CPU
		{FC2E562A-8692-4657-8EA7-2C80F37EB2DE}.Debug|ARM.Build.0 = Debug|Any CPU
		{FC2E562A-8692-4657-8EA7-2C80F37EB2DE}.Debug|x64.ActiveCfg = Debug|Any CPU
		{FC2E562A-8692-4657-8EA7-2C80F37EB2DE}.Debug|x64.Build.0 = Debug|Any CPU
		{FC2E562A-8692-4657-8EA7-2C80F37EB2DE}.Debug|x86.ActiveCfg = Debug|Any CPU
		{FC2E562A-8692-4657-8EA7-2C80F37EB2DE}.Debug|x86.Build.0 = Debug|Any CPU
		{FC2E562A-8692-4657-8EA7-2C80F37EB2DE}.Release|Any CPU.ActiveCfg = Release|Any CPU
		{FC2E562A-8692-4657-8EA7-2C80F37EB2DE}.Release|Any CPU.Build.0 = Release|Any CPU
		{FC2E562A-8692-4657-8EA7-2C80F37EB2DE}.Release|ARM.ActiveCfg = Release|Any CPU
		{FC2E562A-8692-4657-8EA7-2C80F37EB2DE}.Release|ARM.Build.0 = Release|Any CPU
		{FC2E562A-8692-4657-8EA7-2C80F37EB2DE}.Release|x64.ActiveCfg = Release|Any CPU
		{FC2E562A-8692-4657-8EA7-2C80F37EB2DE}.Release|x64.Build.0 = Release|Any CPU
		{FC2E562A-8692-4657-8EA7-2C80F37EB2DE}.Release|x86.ActiveCfg = Release|Any CPU
		{FC2E562A-8692-4657-8EA7-2C80F37EB2DE}.Release|x86.Build.0 = Release|Any CPU
		{CF0F3931-B527-4F43-9C3A-FE438906EA25}.Debug|Any CPU.ActiveCfg = Debug|Any CPU
		{CF0F3931-B527-4F43-9C3A-FE438906EA25}.Debug|Any CPU.Build.0 = Debug|Any CPU
		{CF0F3931-B527-4F43-9C3A-FE438906EA25}.Debug|ARM.ActiveCfg = Debug|Any CPU
		{CF0F3931-B527-4F43-9C3A-FE438906EA25}.Debug|ARM.Build.0 = Debug|Any CPU
		{CF0F3931-B527-4F43-9C3A-FE438906EA25}.Debug|x64.ActiveCfg = Debug|Any CPU
		{CF0F3931-B527-4F43-9C3A-FE438906EA25}.Debug|x64.Build.0 = Debug|Any CPU
		{CF0F3931-B527-4F43-9C3A-FE438906EA25}.Debug|x86.ActiveCfg = Debug|Any CPU
		{CF0F3931-B527-4F43-9C3A-FE438906EA25}.Debug|x86.Build.0 = Debug|Any CPU
		{CF0F3931-B527-4F43-9C3A-FE438906EA25}.Release|Any CPU.ActiveCfg = Release|Any CPU
		{CF0F3931-B527-4F43-9C3A-FE438906EA25}.Release|Any CPU.Build.0 = Release|Any CPU
		{CF0F3931-B527-4F43-9C3A-FE438906EA25}.Release|ARM.ActiveCfg = Release|Any CPU
		{CF0F3931-B527-4F43-9C3A-FE438906EA25}.Release|ARM.Build.0 = Release|Any CPU
		{CF0F3931-B527-4F43-9C3A-FE438906EA25}.Release|x64.ActiveCfg = Release|Any CPU
		{CF0F3931-B527-4F43-9C3A-FE438906EA25}.Release|x64.Build.0 = Release|Any CPU
		{CF0F3931-B527-4F43-9C3A-FE438906EA25}.Release|x86.ActiveCfg = Release|Any CPU
		{CF0F3931-B527-4F43-9C3A-FE438906EA25}.Release|x86.Build.0 = Release|Any CPU
		{75921D22-A54F-4B5D-BEB0-1FF3170AE41A}.Debug|Any CPU.ActiveCfg = Debug|Any CPU
		{75921D22-A54F-4B5D-BEB0-1FF3170AE41A}.Debug|Any CPU.Build.0 = Debug|Any CPU
		{75921D22-A54F-4B5D-BEB0-1FF3170AE41A}.Debug|ARM.ActiveCfg = Debug|Any CPU
		{75921D22-A54F-4B5D-BEB0-1FF3170AE41A}.Debug|ARM.Build.0 = Debug|Any CPU
		{75921D22-A54F-4B5D-BEB0-1FF3170AE41A}.Debug|x64.ActiveCfg = Debug|Any CPU
		{75921D22-A54F-4B5D-BEB0-1FF3170AE41A}.Debug|x64.Build.0 = Debug|Any CPU
		{75921D22-A54F-4B5D-BEB0-1FF3170AE41A}.Debug|x86.ActiveCfg = Debug|Any CPU
		{75921D22-A54F-4B5D-BEB0-1FF3170AE41A}.Debug|x86.Build.0 = Debug|Any CPU
		{75921D22-A54F-4B5D-BEB0-1FF3170AE41A}.Release|Any CPU.ActiveCfg = Release|Any CPU
		{75921D22-A54F-4B5D-BEB0-1FF3170AE41A}.Release|Any CPU.Build.0 = Release|Any CPU
		{75921D22-A54F-4B5D-BEB0-1FF3170AE41A}.Release|ARM.ActiveCfg = Release|Any CPU
		{75921D22-A54F-4B5D-BEB0-1FF3170AE41A}.Release|ARM.Build.0 = Release|Any CPU
		{75921D22-A54F-4B5D-BEB0-1FF3170AE41A}.Release|x64.ActiveCfg = Release|Any CPU
		{75921D22-A54F-4B5D-BEB0-1FF3170AE41A}.Release|x64.Build.0 = Release|Any CPU
		{75921D22-A54F-4B5D-BEB0-1FF3170AE41A}.Release|x86.ActiveCfg = Release|Any CPU
		{75921D22-A54F-4B5D-BEB0-1FF3170AE41A}.Release|x86.Build.0 = Release|Any CPU
	EndGlobalSection
	GlobalSection(SolutionProperties) = preSolution
		HideSolutionNode = FALSE
	EndGlobalSection
	GlobalSection(NestedProjects) = preSolution
		{3820D470-514B-4B74-BBA8-001D39A00435} = {4874EC62-6EF6-444F-B78B-B004B34934C0}
		{7D461D90-CEE4-4BE0-A736-E274FE62AF23} = {4874EC62-6EF6-444F-B78B-B004B34934C0}
		{81D6BBFC-393E-4A85-AB06-3B75300C0B8B} = {4874EC62-6EF6-444F-B78B-B004B34934C0}
		{27CBAFD4-791C-4655-AD09-8CDD8AF5480A} = {33D9259E-6C81-46A5-8723-51253983A597}
		{85A71CB0-D164-4D1E-8E54-8D8244D64F4D} = {33D9259E-6C81-46A5-8723-51253983A597}
		{2B15341B-9224-43B7-BAB8-9E92AEF85364} = {C1AFFFAC-D1F4-4ABE-ADFB-C3DC4046BED4}
		{1C0BF017-690B-4BF2-88FD-372A8D2F2D03} = {4874EC62-6EF6-444F-B78B-B004B34934C0}
		{7D69D45B-88F7-43F9-B84D-A083D572B19E} = {1C843FD7-4EE3-4A9E-9CA6-68F471855CB3}
		{46B0CBD8-4CDD-46A1-AFDD-CB6137800DE6} = {1C843FD7-4EE3-4A9E-9CA6-68F471855CB3}
		{8413FDBA-6CAB-4547-B8E3-97A9386B65E9} = {90AD1594-875C-47DB-A0B6-4502743D91FA}
		{49F79703-E5FF-4332-963A-2B7C9635D5F1} = {1C843FD7-4EE3-4A9E-9CA6-68F471855CB3}
		{EC1367F7-0BCC-40D8-8392-DFE5F8EF6C97} = {1C843FD7-4EE3-4A9E-9CA6-68F471855CB3}
		{CDB27ABA-A368-44E7-8618-B82A87496425} = {1C843FD7-4EE3-4A9E-9CA6-68F471855CB3}
		{AF8A9BD3-AA52-472B-AB2F-F78FF4D97A53} = {25B99D1D-27A5-4745-9EBE-0640CE71A6F6}
		{A3C0062C-81D5-4DFD-8650-0AC3F8260FB2} = {6CA0AC39-2C04-42D1-92DE-65F4F2E011B6}
		{BAB3AE16-0DA3-43A2-A13B-69A279986B2D} = {6CA0AC39-2C04-42D1-92DE-65F4F2E011B6}
		{9C9BFCF8-8CEE-47C3-A8A6-15753D9A111B} = {6CA0AC39-2C04-42D1-92DE-65F4F2E011B6}
		{DE4D7906-C373-440E-BCDB-419D01DBE799} = {6CA0AC39-2C04-42D1-92DE-65F4F2E011B6}
		{81996ABE-68BE-46CC-A665-A60B5C0AEBD8} = {6CA0AC39-2C04-42D1-92DE-65F4F2E011B6}
		{D2B9E63E-1B09-443A-BCAC-BC2B4FC91DDA} = {FB63BE1F-F823-4CCD-A316-185C6CB98CD2}
		{4AA9E8D0-8EA7-40AD-9FB3-27F4E5BFC825} = {FB63BE1F-F823-4CCD-A316-185C6CB98CD2}
		{FC2E562A-8692-4657-8EA7-2C80F37EB2DE} = {FB63BE1F-F823-4CCD-A316-185C6CB98CD2}
		{CF0F3931-B527-4F43-9C3A-FE438906EA25} = {2DC2E98F-0E45-4437-90EB-6F4CA78C6CBA}
		{75921D22-A54F-4B5D-BEB0-1FF3170AE41A} = {2DC2E98F-0E45-4437-90EB-6F4CA78C6CBA}
	EndGlobalSection
EndGlobal
