
Microsoft Visual Studio Solution File, Format Version 12.00
# Visual Studio 15
VisualStudioVersion = 15.0.26228.4
MinimumVisualStudioVersion = 10.0.40219.1
Project("{2150E333-8FDC-42A3-9474-1A3956D46DE8}") = "CH01", "CH01", "{33D9259E-6C81-46A5-8723-51253983A597}"
EndProject
Project("{2150E333-8FDC-42A3-9474-1A3956D46DE8}") = "CH02", "CH02", "{C1AFFFAC-D1F4-4ABE-ADFB-C3DC4046BED4}"
EndProject
Project("{2150E333-8FDC-42A3-9474-1A3956D46DE8}") = "CH03", "CH03", "{4874EC62-6EF6-444F-B78B-B004B34934C0}"
EndProject
Project("{2150E333-8FDC-42A3-9474-1A3956D46DE8}") = "CH04", "CH04", "{1C843FD7-4EE3-4A9E-9CA6-68F471855CB3}"
EndProject
Project("{2150E333-8FDC-42A3-9474-1A3956D46DE8}") = "Common", "Common", "{90AD1594-875C-47DB-A0B6-4502743D91FA}"
EndProject
Project("{2150E333-8FDC-42A3-9474-1A3956D46DE8}") = "CH09", "CH09", "{25B99D1D-27A5-4745-9EBE-0640CE71A6F6}"
EndProject
Project("{2150E333-8FDC-42A3-9474-1A3956D46DE8}") = "CH05", "CH05", "{6CA0AC39-2C04-42D1-92DE-65F4F2E011B6}"
EndProject
Project("{2150E333-8FDC-42A3-9474-1A3956D46DE8}") = "CH06", "CH06", "{FB63BE1F-F823-4CCD-A316-185C6CB98CD2}"
EndProject
Project("{2150E333-8FDC-42A3-9474-1A3956D46DE8}") = "CH07", "CH07", "{2DC2E98F-0E45-4437-90EB-6F4CA78C6CBA}"
EndProject
Project("{2150E333-8FDC-42A3-9474-1A3956D46DE8}") = "CH08", "CH08", "{BDDAB349-3E21-4EF9-8A46-177E8823FCB3}"
EndProject
Project("{2150E333-8FDC-42A3-9474-1A3956D46DE8}") = "CH10", "CH10", "{79AE4355-AFEF-48DF-B10A-F5613CA73D7E}"
EndProject
Project("{2150E333-8FDC-42A3-9474-1A3956D46DE8}") = "CH11", "CH11", "{BDA81859-3045-4320-8CC3-ACD3BC5430B8}"
EndProject
Project("{2150E333-8FDC-42A3-9474-1A3956D46DE8}") = "AppendixB-Disposables", "AppendixB-Disposables", "{A5826F68-9F61-47BE-946A-88B4500FEB21}"
EndProject
Project("{2150E333-8FDC-42A3-9474-1A3956D46DE8}") = "AppendixC-Testing", "AppendixC-Testing", "{0600EF4E-226C-4AC1-BC7A-EC73CF9657A1}"
EndProject
Project("{2150E333-8FDC-42A3-9474-1A3956D46DE8}") = "Solution Items", "Solution Items", "{E2800573-57EF-4A84-8819-4C167098BDF8}"
	ProjectSection(SolutionItems) = preProject
		README.md = README.md
	EndProjectSection
EndProject
Project("{FAE04EC0-301F-11D3-BF4B-00C04F79EFBC}") = "FunctionalThinking", "CH03\FunctionalThinking\FunctionalThinking.csproj", "{3820D470-514B-4B74-BBA8-001D39A00435}"
EndProject
Project("{FAE04EC0-301F-11D3-BF4B-00C04F79EFBC}") = "DelegatesAndLambdas", "CH03\DelegatesAndLambdas\DelegatesAndLambdas.csproj", "{7D461D90-CEE4-4BE0-A736-E274FE62AF23}"
EndProject
Project("{FAE04EC0-301F-11D3-BF4B-00C04F79EFBC}") = "LINQ", "CH03\LINQ\LINQ.csproj", "{81D6BBFC-393E-4A85-AB06-3B75300C0B8B}"
EndProject
Project("{FAE04EC0-301F-11D3-BF4B-00C04F79EFBC}") = "IntroducingRx", "CH01\IntroducingRx\IntroducingRx.csproj", "{27CBAFD4-791C-4655-AD09-8CDD8AF5480A}"
EndProject
Project("{FAE04EC0-301F-11D3-BF4B-00C04F79EFBC}") = "ShoppyExample", "CH01\ShoppyExample\ShoppyExample.csproj", "{85A71CB0-D164-4D1E-8E54-8D8244D64F4D}"
EndProject
Project("{FAE04EC0-301F-11D3-BF4B-00C04F79EFBC}") = "YourFirstRxExample", "CH02\StockTrade\YourFirstRxExample\YourFirstRxExample.csproj", "{2B15341B-9224-43B7-BAB8-9E92AEF85364}"
EndProject
Project("{FAE04EC0-301F-11D3-BF4B-00C04F79EFBC}") = "FluentTests", "CH03\FluentTests\FluentTests.csproj", "{1C0BF017-690B-4BF2-88FD-372A8D2F2D03}"
EndProject
Project("{FAE04EC0-301F-11D3-BF4B-00C04F79EFBC}") = "CreatingObservables", "CH04\CreatingObservables\CreatingObservables.csproj", "{7D69D45B-88F7-43F9-B84D-A083D572B19E}"
EndProject
Project("{FAE04EC0-301F-11D3-BF4B-00C04F79EFBC}") = "ObserveUIEvents", "CH04\ObservablesFromEvents\ObserveUIEvents.csproj", "{46B0CBD8-4CDD-46A1-AFDD-CB6137800DE6}"
EndProject
Project("{FAE04EC0-301F-11D3-BF4B-00C04F79EFBC}") = "Helpers", "Common\Helpers\Helpers.csproj", "{8413FDBA-6CAB-4547-B8E3-97A9386B65E9}"
EndProject
Project("{FAE04EC0-301F-11D3-BF4B-00C04F79EFBC}") = "NonStandardEvents", "CH04\NonStandardEvents\NonStandardEvents.csproj", "{49F79703-E5FF-4332-963A-2B7C9635D5F1}"
EndProject
Project("{FAE04EC0-301F-11D3-BF4B-00C04F79EFBC}") = "EnumerablesToObservablesAndBack", "CH04\EnumerablesToObservables\EnumerablesToObservablesAndBack.csproj", "{EC1367F7-0BCC-40D8-8392-DFE5F8EF6C97}"
EndProject
Project("{FAE04EC0-301F-11D3-BF4B-00C04F79EFBC}") = "CreationalOpeartors", "CH04\CreationalOpeartors\CreationalOpeartors.csproj", "{CDB27ABA-A368-44E7-8618-B82A87496425}"
EndProject
Project("{FAE04EC0-301F-11D3-BF4B-00C04F79EFBC}") = "SimpleAsyncProgram", "CH05\SimpleAsyncProgram\SimpleAsyncProgram.csproj", "{A3C0062C-81D5-4DFD-8650-0AC3F8260FB2}"
EndProject
Project("{FAE04EC0-301F-11D3-BF4B-00C04F79EFBC}") = "MagicalPrimeGeneratorExample", "CH05\MagicalPrimeGeneratorExample\MagicalPrimeGeneratorExample.csproj", "{BAB3AE16-0DA3-43A2-A13B-69A279986B2D}"
EndProject
Project("{FAE04EC0-301F-11D3-BF4B-00C04F79EFBC}") = "AsyncObservables", "CH05\AsyncObservables\AsyncObservables.csproj", "{9C9BFCF8-8CEE-47C3-A8A6-15753D9A111B}"
EndProject
Project("{FAE04EC0-301F-11D3-BF4B-00C04F79EFBC}") = "PeriodicAndTimeBasedObservables", "CH05\PeriodicAndTimeBasedObservables\PeriodicAndTimeBasedObservables.csproj", "{DE4D7906-C373-440E-BCDB-419D01DBE799}"
EndProject
Project("{FAE04EC0-301F-11D3-BF4B-00C04F79EFBC}") = "CreatingPeriodicUpdatableView", "CH05\CreatingPeriodicUpdatableView\CreatingPeriodicUpdatableView.csproj", "{81996ABE-68BE-46CC-A665-A60B5C0AEBD8}"
EndProject
Project("{FAE04EC0-301F-11D3-BF4B-00C04F79EFBC}") = "CreatingObservers", "CH06\CreatingObservers\CreatingObservers.csproj", "{D2B9E63E-1B09-443A-BCAC-BC2B4FC91DDA}"
EndProject
Project("{FAE04EC0-301F-11D3-BF4B-00C04F79EFBC}") = "ControllingTheObserverLifetime", "CH06\ControllingTheObserverLifetime\ControllingTheObserverLifetime.csproj", "{4AA9E8D0-8EA7-40AD-9FB3-27F4E5BFC825}"
EndProject
Project("{FAE04EC0-301F-11D3-BF4B-00C04F79EFBC}") = "ReactiveWPFDrawingApp", "CH06\ReactiveWPFDrawingApp\ReactiveWPFDrawingApp.csproj", "{FC2E562A-8692-4657-8EA7-2C80F37EB2DE}"
EndProject
Project("{FAE04EC0-301F-11D3-BF4B-00C04F79EFBC}") = "HotAndColdObservables", "CH07\HotAndColdObservables\HotAndColdObservables.csproj", "{CF0F3931-B527-4F43-9C3A-FE438906EA25}"
EndProject
Project("{FAE04EC0-301F-11D3-BF4B-00C04F79EFBC}") = "Subjects", "CH07\Subjects\Subjects.csproj", "{75921D22-A54F-4B5D-BEB0-1FF3170AE41A}"
EndProject
Project("{FAE04EC0-301F-11D3-BF4B-00C04F79EFBC}") = "BasicQueryOperators", "CH08\BasicQueryOperators\BasicQueryOperators.csproj", "{DEF9639D-5AEC-4BCF-92DD-F097E3A3FC69}"
EndProject
Project("{FAE04EC0-301F-11D3-BF4B-00C04F79EFBC}") = "SearchScreenWithDistinctUntilChanged", "CH08\SearchScreenWithDistinctUntilChanged\SearchScreenWithDistinctUntilChanged.csproj", "{1A9F1807-72D8-4258-8888-7BB33EED17CB}"
EndProject
Project("{FAE04EC0-301F-11D3-BF4B-00C04F79EFBC}") = "BasicAggregateOperators", "CH08\BasicAggregateOperators\BasicAggregateOperators.csproj", "{F247B7D6-60CA-4BE0-960A-644B7318BEC9}"
EndProject
Project("{FAE04EC0-301F-11D3-BF4B-00C04F79EFBC}") = "BuffersAndSlidingWindows", "CH09\BuffersAndSlidingWindows\BuffersAndSlidingWindows.csproj", "{B15F59C8-BBBD-49E4-B07E-DF0E1CEE1D33}"
EndProject
Project("{FAE04EC0-301F-11D3-BF4B-00C04F79EFBC}") = "CombiningObservables", "CH09\CombiningObservables\CombiningObservables.csproj", "{FD3FEB30-A825-4831-A311-55E66362245C}"
EndProject
Project("{FAE04EC0-301F-11D3-BF4B-00C04F79EFBC}") = "Grouping", "CH09\Grouping\Grouping.csproj", "{BD6AB355-A86C-467E-90D6-43D998657029}"
EndProject
Project("{FAE04EC0-301F-11D3-BF4B-00C04F79EFBC}") = "Joins", "CH09\Joins\Joins.csproj", "{D1D8136C-D277-467D-A130-81B98DD59ACD}"
EndProject
Project("{FAE04EC0-301F-11D3-BF4B-00C04F79EFBC}") = "Schedulers", "CH10\Schedulers\Schedulers.csproj", "{C2E9F40A-B0DC-42DB-9F88-28E1BEA4A710}"
EndProject
Project("{FAE04EC0-301F-11D3-BF4B-00C04F79EFBC}") = "UsingTimeBasedOperators", "CH10\UsingTimeBasedOperators\UsingTimeBasedOperators.csproj", "{AF8A9BD3-AA52-472B-AB2F-F78FF4D97A53}"
EndProject
Project("{FAE04EC0-301F-11D3-BF4B-00C04F79EFBC}") = "ObserveOnDispatcher", "CH10\ObserveAndSubscribeOn\ObserveOnDispatcher.csproj", "{C28ED454-D59D-4E26-BBF5-09C7FC2C6360}"
EndProject
Project("{FAE04EC0-301F-11D3-BF4B-00C04F79EFBC}") = "ObserveOnAndSubscribeOn", "CH10\ObserveOnAndSubscribeOn\ObserveOnAndSubscribeOn.csproj", "{9651405D-12C6-4E80-B685-50E83D07AA05}"
EndProject
Project("{FAE04EC0-301F-11D3-BF4B-00C04F79EFBC}") = "Synchronize", "CH10\Synchronize\Synchronize.csproj", "{98B410E1-3237-4B03-84EB-BF96CDC706E1}"
EndProject
Project("{FAE04EC0-301F-11D3-BF4B-00C04F79EFBC}") = "ErrorsInThePipeline", "CH11\ErrorsInThePipeline\ErrorsInThePipeline.csproj", "{BC03C4EB-A19F-4E28-8D1B-B6CB4F66E220}"
EndProject
Project("{FAE04EC0-301F-11D3-BF4B-00C04F79EFBC}") = "ReactingToErrors", "CH11\ReactingToErrors\ReactingToErrors.csproj", "{09A0DF25-6843-43BA-A2C2-58782898ECD1}"
EndProject
Project("{FAE04EC0-301F-11D3-BF4B-00C04F79EFBC}") = "ResourceHandling", "CH11\ResourceHandling\ResourceHandling.csproj", "{1E63F7FD-1097-4C5E-8648-46D3B03DA45D}"
EndProject
Project("{FAE04EC0-301F-11D3-BF4B-00C04F79EFBC}") = "WeakObservers", "CH11\WeakObservers\WeakObservers.csproj", "{3A7A546B-3482-4419-AD42-76C579C8FD54}"
EndProject
Project("{FAE04EC0-301F-11D3-BF4B-00C04F79EFBC}") = "DealingWithBackpressure", "CH11\DealingWithBackpressure\DealingWithBackpressure.csproj", "{0F090ABE-F62B-4B54-ABE5-F098623D1C97}"
EndProject
Project("{FAE04EC0-301F-11D3-BF4B-00C04F79EFBC}") = "AsyncEnumerable", "CH11\AsyncEnumerable\AsyncEnumerable.csproj", "{B6DFA3CF-9A38-499F-B599-942AC8BE56D1}"
EndProject
Project("{FAE04EC0-301F-11D3-BF4B-00C04F79EFBC}") = "Disposables", "AppendixB-Disposables\Disposables\Disposables.csproj", "{2A85C0D7-233C-434B-AD5E-FF3BDA68D8AD}"
EndProject
Project("{FAE04EC0-301F-11D3-BF4B-00C04F79EFBC}") = "DisposableCreate", "DisposableCreate\DisposableCreate.csproj", "{838A74BF-1945-4040-9DC5-5FD173AC2293}"
EndProject
Project("{9A19103F-16F7-4668-BE54-9A1E7A4F7556}") = "RxLibrary.Tests", "AppendixC-Testing\RxLibrary.Tests\RxLibrary.Tests.csproj", "{6226BC5A-6A25-49A3-97E4-305011647B3E}"
EndProject
Project("{9A19103F-16F7-4668-BE54-9A1E7A4F7556}") = "RxLibrary", "AppendixC-Testing\RxLibrary\RxLibrary.csproj", "{9C859F1F-43B9-4576-A0C8-73403CB07399}"
EndProject
Project("{9A19103F-16F7-4668-BE54-9A1E7A4F7556}") = "RxStockMonitor", "AppendixC-Testing\RxStockMonitor\RxStockMonitor.csproj", "{7A354638-9C84-4C63-9B95-A016DBB2DC48}"
EndProject
Project("{9A19103F-16F7-4668-BE54-9A1E7A4F7556}") = "RxStockMonitor.Tests", "AppendixC-Testing\RxStockMonitor.Tests\RxStockMonitor.Tests.csproj", "{F2C81F87-2774-437D-872C-1BB1B9527137}"
EndProject
Global
	GlobalSection(SolutionConfigurationPlatforms) = preSolution
		Debug|Any CPU = Debug|Any CPU
		Debug|ARM = Debug|ARM
		Debug|x64 = Debug|x64
		Debug|x86 = Debug|x86
		Release|Any CPU = Release|Any CPU
		Release|ARM = Release|ARM
		Release|x64 = Release|x64
		Release|x86 = Release|x86
	EndGlobalSection
	GlobalSection(ProjectConfigurationPlatforms) = postSolution
		{3820D470-514B-4B74-BBA8-001D39A00435}.Debug|Any CPU.ActiveCfg = Debug|Any CPU
		{3820D470-514B-4B74-BBA8-001D39A00435}.Debug|Any CPU.Build.0 = Debug|Any CPU
		{3820D470-514B-4B74-BBA8-001D39A00435}.Debug|ARM.ActiveCfg = Debug|Any CPU
		{3820D470-514B-4B74-BBA8-001D39A00435}.Debug|ARM.Build.0 = Debug|Any CPU
		{3820D470-514B-4B74-BBA8-001D39A00435}.Debug|x64.ActiveCfg = Debug|Any CPU
		{3820D470-514B-4B74-BBA8-001D39A00435}.Debug|x64.Build.0 = Debug|Any CPU
		{3820D470-514B-4B74-BBA8-001D39A00435}.Debug|x86.ActiveCfg = Debug|Any CPU
		{3820D470-514B-4B74-BBA8-001D39A00435}.Debug|x86.Build.0 = Debug|Any CPU
		{3820D470-514B-4B74-BBA8-001D39A00435}.Release|Any CPU.ActiveCfg = Release|Any CPU
		{3820D470-514B-4B74-BBA8-001D39A00435}.Release|Any CPU.Build.0 = Release|Any CPU
		{3820D470-514B-4B74-BBA8-001D39A00435}.Release|ARM.ActiveCfg = Release|Any CPU
		{3820D470-514B-4B74-BBA8-001D39A00435}.Release|ARM.Build.0 = Release|Any CPU
		{3820D470-514B-4B74-BBA8-001D39A00435}.Release|x64.ActiveCfg = Release|Any CPU
		{3820D470-514B-4B74-BBA8-001D39A00435}.Release|x64.Build.0 = Release|Any CPU
		{3820D470-514B-4B74-BBA8-001D39A00435}.Release|x86.ActiveCfg = Release|Any CPU
		{3820D470-514B-4B74-BBA8-001D39A00435}.Release|x86.Build.0 = Release|Any CPU
		{7D461D90-CEE4-4BE0-A736-E274FE62AF23}.Debug|Any CPU.ActiveCfg = Debug|Any CPU
		{7D461D90-CEE4-4BE0-A736-E274FE62AF23}.Debug|Any CPU.Build.0 = Debug|Any CPU
		{7D461D90-CEE4-4BE0-A736-E274FE62AF23}.Debug|ARM.ActiveCfg = Debug|Any CPU
		{7D461D90-CEE4-4BE0-A736-E274FE62AF23}.Debug|ARM.Build.0 = Debug|Any CPU
		{7D461D90-CEE4-4BE0-A736-E274FE62AF23}.Debug|x64.ActiveCfg = Debug|Any CPU
		{7D461D90-CEE4-4BE0-A736-E274FE62AF23}.Debug|x64.Build.0 = Debug|Any CPU
		{7D461D90-CEE4-4BE0-A736-E274FE62AF23}.Debug|x86.ActiveCfg = Debug|Any CPU
		{7D461D90-CEE4-4BE0-A736-E274FE62AF23}.Debug|x86.Build.0 = Debug|Any CPU
		{7D461D90-CEE4-4BE0-A736-E274FE62AF23}.Release|Any CPU.ActiveCfg = Release|Any CPU
		{7D461D90-CEE4-4BE0-A736-E274FE62AF23}.Release|Any CPU.Build.0 = Release|Any CPU
		{7D461D90-CEE4-4BE0-A736-E274FE62AF23}.Release|ARM.ActiveCfg = Release|Any CPU
		{7D461D90-CEE4-4BE0-A736-E274FE62AF23}.Release|ARM.Build.0 = Release|Any CPU
		{7D461D90-CEE4-4BE0-A736-E274FE62AF23}.Release|x64.ActiveCfg = Release|Any CPU
		{7D461D90-CEE4-4BE0-A736-E274FE62AF23}.Release|x64.Build.0 = Release|Any CPU
		{7D461D90-CEE4-4BE0-A736-E274FE62AF23}.Release|x86.ActiveCfg = Release|Any CPU
		{7D461D90-CEE4-4BE0-A736-E274FE62AF23}.Release|x86.Build.0 = Release|Any CPU
		{81D6BBFC-393E-4A85-AB06-3B75300C0B8B}.Debug|Any CPU.ActiveCfg = Debug|Any CPU
		{81D6BBFC-393E-4A85-AB06-3B75300C0B8B}.Debug|Any CPU.Build.0 = Debug|Any CPU
		{81D6BBFC-393E-4A85-AB06-3B75300C0B8B}.Debug|ARM.ActiveCfg = Debug|Any CPU
		{81D6BBFC-393E-4A85-AB06-3B75300C0B8B}.Debug|ARM.Build.0 = Debug|Any CPU
		{81D6BBFC-393E-4A85-AB06-3B75300C0B8B}.Debug|x64.ActiveCfg = Debug|Any CPU
		{81D6BBFC-393E-4A85-AB06-3B75300C0B8B}.Debug|x64.Build.0 = Debug|Any CPU
		{81D6BBFC-393E-4A85-AB06-3B75300C0B8B}.Debug|x86.ActiveCfg = Debug|Any CPU
		{81D6BBFC-393E-4A85-AB06-3B75300C0B8B}.Debug|x86.Build.0 = Debug|Any CPU
		{81D6BBFC-393E-4A85-AB06-3B75300C0B8B}.Release|Any CPU.ActiveCfg = Release|Any CPU
		{81D6BBFC-393E-4A85-AB06-3B75300C0B8B}.Release|Any CPU.Build.0 = Release|Any CPU
		{81D6BBFC-393E-4A85-AB06-3B75300C0B8B}.Release|ARM.ActiveCfg = Release|Any CPU
		{81D6BBFC-393E-4A85-AB06-3B75300C0B8B}.Release|ARM.Build.0 = Release|Any CPU
		{81D6BBFC-393E-4A85-AB06-3B75300C0B8B}.Release|x64.ActiveCfg = Release|Any CPU
		{81D6BBFC-393E-4A85-AB06-3B75300C0B8B}.Release|x64.Build.0 = Release|Any CPU
		{81D6BBFC-393E-4A85-AB06-3B75300C0B8B}.Release|x86.ActiveCfg = Release|Any CPU
		{81D6BBFC-393E-4A85-AB06-3B75300C0B8B}.Release|x86.Build.0 = Release|Any CPU
		{27CBAFD4-791C-4655-AD09-8CDD8AF5480A}.Debug|Any CPU.ActiveCfg = Debug|Any CPU
		{27CBAFD4-791C-4655-AD09-8CDD8AF5480A}.Debug|Any CPU.Build.0 = Debug|Any CPU
		{27CBAFD4-791C-4655-AD09-8CDD8AF5480A}.Debug|ARM.ActiveCfg = Debug|Any CPU
		{27CBAFD4-791C-4655-AD09-8CDD8AF5480A}.Debug|ARM.Build.0 = Debug|Any CPU
		{27CBAFD4-791C-4655-AD09-8CDD8AF5480A}.Debug|x64.ActiveCfg = Debug|Any CPU
		{27CBAFD4-791C-4655-AD09-8CDD8AF5480A}.Debug|x64.Build.0 = Debug|Any CPU
		{27CBAFD4-791C-4655-AD09-8CDD8AF5480A}.Debug|x86.ActiveCfg = Debug|Any CPU
		{27CBAFD4-791C-4655-AD09-8CDD8AF5480A}.Debug|x86.Build.0 = Debug|Any CPU
		{27CBAFD4-791C-4655-AD09-8CDD8AF5480A}.Release|Any CPU.ActiveCfg = Release|Any CPU
		{27CBAFD4-791C-4655-AD09-8CDD8AF5480A}.Release|Any CPU.Build.0 = Release|Any CPU
		{27CBAFD4-791C-4655-AD09-8CDD8AF5480A}.Release|ARM.ActiveCfg = Release|Any CPU
		{27CBAFD4-791C-4655-AD09-8CDD8AF5480A}.Release|ARM.Build.0 = Release|Any CPU
		{27CBAFD4-791C-4655-AD09-8CDD8AF5480A}.Release|x64.ActiveCfg = Release|Any CPU
		{27CBAFD4-791C-4655-AD09-8CDD8AF5480A}.Release|x64.Build.0 = Release|Any CPU
		{27CBAFD4-791C-4655-AD09-8CDD8AF5480A}.Release|x86.ActiveCfg = Release|Any CPU
		{27CBAFD4-791C-4655-AD09-8CDD8AF5480A}.Release|x86.Build.0 = Release|Any CPU
		{85A71CB0-D164-4D1E-8E54-8D8244D64F4D}.Debug|Any CPU.ActiveCfg = Debug|Any CPU
		{85A71CB0-D164-4D1E-8E54-8D8244D64F4D}.Debug|Any CPU.Build.0 = Debug|Any CPU
		{85A71CB0-D164-4D1E-8E54-8D8244D64F4D}.Debug|ARM.ActiveCfg = Debug|Any CPU
		{85A71CB0-D164-4D1E-8E54-8D8244D64F4D}.Debug|ARM.Build.0 = Debug|Any CPU
		{85A71CB0-D164-4D1E-8E54-8D8244D64F4D}.Debug|x64.ActiveCfg = Debug|Any CPU
		{85A71CB0-D164-4D1E-8E54-8D8244D64F4D}.Debug|x64.Build.0 = Debug|Any CPU
		{85A71CB0-D164-4D1E-8E54-8D8244D64F4D}.Debug|x86.ActiveCfg = Debug|Any CPU
		{85A71CB0-D164-4D1E-8E54-8D8244D64F4D}.Debug|x86.Build.0 = Debug|Any CPU
		{85A71CB0-D164-4D1E-8E54-8D8244D64F4D}.Release|Any CPU.ActiveCfg = Release|Any CPU
		{85A71CB0-D164-4D1E-8E54-8D8244D64F4D}.Release|Any CPU.Build.0 = Release|Any CPU
		{85A71CB0-D164-4D1E-8E54-8D8244D64F4D}.Release|ARM.ActiveCfg = Release|Any CPU
		{85A71CB0-D164-4D1E-8E54-8D8244D64F4D}.Release|ARM.Build.0 = Release|Any CPU
		{85A71CB0-D164-4D1E-8E54-8D8244D64F4D}.Release|x64.ActiveCfg = Release|Any CPU
		{85A71CB0-D164-4D1E-8E54-8D8244D64F4D}.Release|x64.Build.0 = Release|Any CPU
		{85A71CB0-D164-4D1E-8E54-8D8244D64F4D}.Release|x86.ActiveCfg = Release|Any CPU
		{85A71CB0-D164-4D1E-8E54-8D8244D64F4D}.Release|x86.Build.0 = Release|Any CPU
		{2B15341B-9224-43B7-BAB8-9E92AEF85364}.Debug|Any CPU.ActiveCfg = Debug|Any CPU
		{2B15341B-9224-43B7-BAB8-9E92AEF85364}.Debug|Any CPU.Build.0 = Debug|Any CPU
		{2B15341B-9224-43B7-BAB8-9E92AEF85364}.Debug|ARM.ActiveCfg = Debug|Any CPU
		{2B15341B-9224-43B7-BAB8-9E92AEF85364}.Debug|ARM.Build.0 = Debug|Any CPU
		{2B15341B-9224-43B7-BAB8-9E92AEF85364}.Debug|x64.ActiveCfg = Debug|Any CPU
		{2B15341B-9224-43B7-BAB8-9E92AEF85364}.Debug|x64.Build.0 = Debug|Any CPU
		{2B15341B-9224-43B7-BAB8-9E92AEF85364}.Debug|x86.ActiveCfg = Debug|Any CPU
		{2B15341B-9224-43B7-BAB8-9E92AEF85364}.Debug|x86.Build.0 = Debug|Any CPU
		{2B15341B-9224-43B7-BAB8-9E92AEF85364}.Release|Any CPU.ActiveCfg = Release|Any CPU
		{2B15341B-9224-43B7-BAB8-9E92AEF85364}.Release|Any CPU.Build.0 = Release|Any CPU
		{2B15341B-9224-43B7-BAB8-9E92AEF85364}.Release|ARM.ActiveCfg = Release|Any CPU
		{2B15341B-9224-43B7-BAB8-9E92AEF85364}.Release|ARM.Build.0 = Release|Any CPU
		{2B15341B-9224-43B7-BAB8-9E92AEF85364}.Release|x64.ActiveCfg = Release|Any CPU
		{2B15341B-9224-43B7-BAB8-9E92AEF85364}.Release|x64.Build.0 = Release|Any CPU
		{2B15341B-9224-43B7-BAB8-9E92AEF85364}.Release|x86.ActiveCfg = Release|Any CPU
		{2B15341B-9224-43B7-BAB8-9E92AEF85364}.Release|x86.Build.0 = Release|Any CPU
		{1C0BF017-690B-4BF2-88FD-372A8D2F2D03}.Debug|Any CPU.ActiveCfg = Debug|Any CPU
		{1C0BF017-690B-4BF2-88FD-372A8D2F2D03}.Debug|Any CPU.Build.0 = Debug|Any CPU
		{1C0BF017-690B-4BF2-88FD-372A8D2F2D03}.Debug|ARM.ActiveCfg = Debug|Any CPU
		{1C0BF017-690B-4BF2-88FD-372A8D2F2D03}.Debug|ARM.Build.0 = Debug|Any CPU
		{1C0BF017-690B-4BF2-88FD-372A8D2F2D03}.Debug|x64.ActiveCfg = Debug|Any CPU
		{1C0BF017-690B-4BF2-88FD-372A8D2F2D03}.Debug|x64.Build.0 = Debug|Any CPU
		{1C0BF017-690B-4BF2-88FD-372A8D2F2D03}.Debug|x86.ActiveCfg = Debug|Any CPU
		{1C0BF017-690B-4BF2-88FD-372A8D2F2D03}.Debug|x86.Build.0 = Debug|Any CPU
		{1C0BF017-690B-4BF2-88FD-372A8D2F2D03}.Release|Any CPU.ActiveCfg = Release|Any CPU
		{1C0BF017-690B-4BF2-88FD-372A8D2F2D03}.Release|Any CPU.Build.0 = Release|Any CPU
		{1C0BF017-690B-4BF2-88FD-372A8D2F2D03}.Release|ARM.ActiveCfg = Release|Any CPU
		{1C0BF017-690B-4BF2-88FD-372A8D2F2D03}.Release|ARM.Build.0 = Release|Any CPU
		{1C0BF017-690B-4BF2-88FD-372A8D2F2D03}.Release|x64.ActiveCfg = Release|Any CPU
		{1C0BF017-690B-4BF2-88FD-372A8D2F2D03}.Release|x64.Build.0 = Release|Any CPU
		{1C0BF017-690B-4BF2-88FD-372A8D2F2D03}.Release|x86.ActiveCfg = Release|Any CPU
		{1C0BF017-690B-4BF2-88FD-372A8D2F2D03}.Release|x86.Build.0 = Release|Any CPU
		{7D69D45B-88F7-43F9-B84D-A083D572B19E}.Debug|Any CPU.ActiveCfg = Debug|Any CPU
		{7D69D45B-88F7-43F9-B84D-A083D572B19E}.Debug|Any CPU.Build.0 = Debug|Any CPU
		{7D69D45B-88F7-43F9-B84D-A083D572B19E}.Debug|ARM.ActiveCfg = Debug|Any CPU
		{7D69D45B-88F7-43F9-B84D-A083D572B19E}.Debug|ARM.Build.0 = Debug|Any CPU
		{7D69D45B-88F7-43F9-B84D-A083D572B19E}.Debug|x64.ActiveCfg = Debug|Any CPU
		{7D69D45B-88F7-43F9-B84D-A083D572B19E}.Debug|x64.Build.0 = Debug|Any CPU
		{7D69D45B-88F7-43F9-B84D-A083D572B19E}.Debug|x86.ActiveCfg = Debug|Any CPU
		{7D69D45B-88F7-43F9-B84D-A083D572B19E}.Debug|x86.Build.0 = Debug|Any CPU
		{7D69D45B-88F7-43F9-B84D-A083D572B19E}.Release|Any CPU.ActiveCfg = Release|Any CPU
		{7D69D45B-88F7-43F9-B84D-A083D572B19E}.Release|Any CPU.Build.0 = Release|Any CPU
		{7D69D45B-88F7-43F9-B84D-A083D572B19E}.Release|ARM.ActiveCfg = Release|Any CPU
		{7D69D45B-88F7-43F9-B84D-A083D572B19E}.Release|ARM.Build.0 = Release|Any CPU
		{7D69D45B-88F7-43F9-B84D-A083D572B19E}.Release|x64.ActiveCfg = Release|Any CPU
		{7D69D45B-88F7-43F9-B84D-A083D572B19E}.Release|x64.Build.0 = Release|Any CPU
		{7D69D45B-88F7-43F9-B84D-A083D572B19E}.Release|x86.ActiveCfg = Release|Any CPU
		{7D69D45B-88F7-43F9-B84D-A083D572B19E}.Release|x86.Build.0 = Release|Any CPU
		{46B0CBD8-4CDD-46A1-AFDD-CB6137800DE6}.Debug|Any CPU.ActiveCfg = Debug|Any CPU
		{46B0CBD8-4CDD-46A1-AFDD-CB6137800DE6}.Debug|Any CPU.Build.0 = Debug|Any CPU
		{46B0CBD8-4CDD-46A1-AFDD-CB6137800DE6}.Debug|ARM.ActiveCfg = Debug|Any CPU
		{46B0CBD8-4CDD-46A1-AFDD-CB6137800DE6}.Debug|ARM.Build.0 = Debug|Any CPU
		{46B0CBD8-4CDD-46A1-AFDD-CB6137800DE6}.Debug|x64.ActiveCfg = Debug|Any CPU
		{46B0CBD8-4CDD-46A1-AFDD-CB6137800DE6}.Debug|x64.Build.0 = Debug|Any CPU
		{46B0CBD8-4CDD-46A1-AFDD-CB6137800DE6}.Debug|x86.ActiveCfg = Debug|Any CPU
		{46B0CBD8-4CDD-46A1-AFDD-CB6137800DE6}.Debug|x86.Build.0 = Debug|Any CPU
		{46B0CBD8-4CDD-46A1-AFDD-CB6137800DE6}.Release|Any CPU.ActiveCfg = Release|Any CPU
		{46B0CBD8-4CDD-46A1-AFDD-CB6137800DE6}.Release|Any CPU.Build.0 = Release|Any CPU
		{46B0CBD8-4CDD-46A1-AFDD-CB6137800DE6}.Release|ARM.ActiveCfg = Release|Any CPU
		{46B0CBD8-4CDD-46A1-AFDD-CB6137800DE6}.Release|ARM.Build.0 = Release|Any CPU
		{46B0CBD8-4CDD-46A1-AFDD-CB6137800DE6}.Release|x64.ActiveCfg = Release|Any CPU
		{46B0CBD8-4CDD-46A1-AFDD-CB6137800DE6}.Release|x64.Build.0 = Release|Any CPU
		{46B0CBD8-4CDD-46A1-AFDD-CB6137800DE6}.Release|x86.ActiveCfg = Release|Any CPU
		{46B0CBD8-4CDD-46A1-AFDD-CB6137800DE6}.Release|x86.Build.0 = Release|Any CPU
		{8413FDBA-6CAB-4547-B8E3-97A9386B65E9}.Debug|Any CPU.ActiveCfg = Debug|Any CPU
		{8413FDBA-6CAB-4547-B8E3-97A9386B65E9}.Debug|Any CPU.Build.0 = Debug|Any CPU
		{8413FDBA-6CAB-4547-B8E3-97A9386B65E9}.Debug|ARM.ActiveCfg = Debug|Any CPU
		{8413FDBA-6CAB-4547-B8E3-97A9386B65E9}.Debug|ARM.Build.0 = Debug|Any CPU
		{8413FDBA-6CAB-4547-B8E3-97A9386B65E9}.Debug|x64.ActiveCfg = Debug|Any CPU
		{8413FDBA-6CAB-4547-B8E3-97A9386B65E9}.Debug|x64.Build.0 = Debug|Any CPU
		{8413FDBA-6CAB-4547-B8E3-97A9386B65E9}.Debug|x86.ActiveCfg = Debug|Any CPU
		{8413FDBA-6CAB-4547-B8E3-97A9386B65E9}.Debug|x86.Build.0 = Debug|Any CPU
		{8413FDBA-6CAB-4547-B8E3-97A9386B65E9}.Release|Any CPU.ActiveCfg = Release|Any CPU
		{8413FDBA-6CAB-4547-B8E3-97A9386B65E9}.Release|Any CPU.Build.0 = Release|Any CPU
		{8413FDBA-6CAB-4547-B8E3-97A9386B65E9}.Release|ARM.ActiveCfg = Release|Any CPU
		{8413FDBA-6CAB-4547-B8E3-97A9386B65E9}.Release|ARM.Build.0 = Release|Any CPU
		{8413FDBA-6CAB-4547-B8E3-97A9386B65E9}.Release|x64.ActiveCfg = Release|Any CPU
		{8413FDBA-6CAB-4547-B8E3-97A9386B65E9}.Release|x64.Build.0 = Release|Any CPU
		{8413FDBA-6CAB-4547-B8E3-97A9386B65E9}.Release|x86.ActiveCfg = Release|Any CPU
		{8413FDBA-6CAB-4547-B8E3-97A9386B65E9}.Release|x86.Build.0 = Release|Any CPU
		{49F79703-E5FF-4332-963A-2B7C9635D5F1}.Debug|Any CPU.ActiveCfg = Debug|Any CPU
		{49F79703-E5FF-4332-963A-2B7C9635D5F1}.Debug|Any CPU.Build.0 = Debug|Any CPU
		{49F79703-E5FF-4332-963A-2B7C9635D5F1}.Debug|ARM.ActiveCfg = Debug|Any CPU
		{49F79703-E5FF-4332-963A-2B7C9635D5F1}.Debug|ARM.Build.0 = Debug|Any CPU
		{49F79703-E5FF-4332-963A-2B7C9635D5F1}.Debug|x64.ActiveCfg = Debug|Any CPU
		{49F79703-E5FF-4332-963A-2B7C9635D5F1}.Debug|x64.Build.0 = Debug|Any CPU
		{49F79703-E5FF-4332-963A-2B7C9635D5F1}.Debug|x86.ActiveCfg = Debug|Any CPU
		{49F79703-E5FF-4332-963A-2B7C9635D5F1}.Debug|x86.Build.0 = Debug|Any CPU
		{49F79703-E5FF-4332-963A-2B7C9635D5F1}.Release|Any CPU.ActiveCfg = Release|Any CPU
		{49F79703-E5FF-4332-963A-2B7C9635D5F1}.Release|Any CPU.Build.0 = Release|Any CPU
		{49F79703-E5FF-4332-963A-2B7C9635D5F1}.Release|ARM.ActiveCfg = Release|Any CPU
		{49F79703-E5FF-4332-963A-2B7C9635D5F1}.Release|ARM.Build.0 = Release|Any CPU
		{49F79703-E5FF-4332-963A-2B7C9635D5F1}.Release|x64.ActiveCfg = Release|Any CPU
		{49F79703-E5FF-4332-963A-2B7C9635D5F1}.Release|x64.Build.0 = Release|Any CPU
		{49F79703-E5FF-4332-963A-2B7C9635D5F1}.Release|x86.ActiveCfg = Release|Any CPU
		{49F79703-E5FF-4332-963A-2B7C9635D5F1}.Release|x86.Build.0 = Release|Any CPU
		{EC1367F7-0BCC-40D8-8392-DFE5F8EF6C97}.Debug|Any CPU.ActiveCfg = Debug|Any CPU
		{EC1367F7-0BCC-40D8-8392-DFE5F8EF6C97}.Debug|Any CPU.Build.0 = Debug|Any CPU
		{EC1367F7-0BCC-40D8-8392-DFE5F8EF6C97}.Debug|ARM.ActiveCfg = Debug|Any CPU
		{EC1367F7-0BCC-40D8-8392-DFE5F8EF6C97}.Debug|ARM.Build.0 = Debug|Any CPU
		{EC1367F7-0BCC-40D8-8392-DFE5F8EF6C97}.Debug|x64.ActiveCfg = Debug|Any CPU
		{EC1367F7-0BCC-40D8-8392-DFE5F8EF6C97}.Debug|x64.Build.0 = Debug|Any CPU
		{EC1367F7-0BCC-40D8-8392-DFE5F8EF6C97}.Debug|x86.ActiveCfg = Debug|Any CPU
		{EC1367F7-0BCC-40D8-8392-DFE5F8EF6C97}.Debug|x86.Build.0 = Debug|Any CPU
		{EC1367F7-0BCC-40D8-8392-DFE5F8EF6C97}.Release|Any CPU.ActiveCfg = Release|Any CPU
		{EC1367F7-0BCC-40D8-8392-DFE5F8EF6C97}.Release|Any CPU.Build.0 = Release|Any CPU
		{EC1367F7-0BCC-40D8-8392-DFE5F8EF6C97}.Release|ARM.ActiveCfg = Release|Any CPU
		{EC1367F7-0BCC-40D8-8392-DFE5F8EF6C97}.Release|ARM.Build.0 = Release|Any CPU
		{EC1367F7-0BCC-40D8-8392-DFE5F8EF6C97}.Release|x64.ActiveCfg = Release|Any CPU
		{EC1367F7-0BCC-40D8-8392-DFE5F8EF6C97}.Release|x64.Build.0 = Release|Any CPU
		{EC1367F7-0BCC-40D8-8392-DFE5F8EF6C97}.Release|x86.ActiveCfg = Release|Any CPU
		{EC1367F7-0BCC-40D8-8392-DFE5F8EF6C97}.Release|x86.Build.0 = Release|Any CPU
		{CDB27ABA-A368-44E7-8618-B82A87496425}.Debug|Any CPU.ActiveCfg = Debug|Any CPU
		{CDB27ABA-A368-44E7-8618-B82A87496425}.Debug|Any CPU.Build.0 = Debug|Any CPU
		{CDB27ABA-A368-44E7-8618-B82A87496425}.Debug|ARM.ActiveCfg = Debug|Any CPU
		{CDB27ABA-A368-44E7-8618-B82A87496425}.Debug|ARM.Build.0 = Debug|Any CPU
		{CDB27ABA-A368-44E7-8618-B82A87496425}.Debug|x64.ActiveCfg = Debug|Any CPU
		{CDB27ABA-A368-44E7-8618-B82A87496425}.Debug|x64.Build.0 = Debug|Any CPU
		{CDB27ABA-A368-44E7-8618-B82A87496425}.Debug|x86.ActiveCfg = Debug|Any CPU
		{CDB27ABA-A368-44E7-8618-B82A87496425}.Debug|x86.Build.0 = Debug|Any CPU
		{CDB27ABA-A368-44E7-8618-B82A87496425}.Release|Any CPU.ActiveCfg = Release|Any CPU
		{CDB27ABA-A368-44E7-8618-B82A87496425}.Release|Any CPU.Build.0 = Release|Any CPU
		{CDB27ABA-A368-44E7-8618-B82A87496425}.Release|ARM.ActiveCfg = Release|Any CPU
		{CDB27ABA-A368-44E7-8618-B82A87496425}.Release|ARM.Build.0 = Release|Any CPU
		{CDB27ABA-A368-44E7-8618-B82A87496425}.Release|x64.ActiveCfg = Release|Any CPU
		{CDB27ABA-A368-44E7-8618-B82A87496425}.Release|x64.Build.0 = Release|Any CPU
		{CDB27ABA-A368-44E7-8618-B82A87496425}.Release|x86.ActiveCfg = Release|Any CPU
		{CDB27ABA-A368-44E7-8618-B82A87496425}.Release|x86.Build.0 = Release|Any CPU
		{A3C0062C-81D5-4DFD-8650-0AC3F8260FB2}.Debug|Any CPU.ActiveCfg = Debug|Any CPU
		{A3C0062C-81D5-4DFD-8650-0AC3F8260FB2}.Debug|Any CPU.Build.0 = Debug|Any CPU
		{A3C0062C-81D5-4DFD-8650-0AC3F8260FB2}.Debug|ARM.ActiveCfg = Debug|Any CPU
		{A3C0062C-81D5-4DFD-8650-0AC3F8260FB2}.Debug|ARM.Build.0 = Debug|Any CPU
		{A3C0062C-81D5-4DFD-8650-0AC3F8260FB2}.Debug|x64.ActiveCfg = Debug|Any CPU
		{A3C0062C-81D5-4DFD-8650-0AC3F8260FB2}.Debug|x64.Build.0 = Debug|Any CPU
		{A3C0062C-81D5-4DFD-8650-0AC3F8260FB2}.Debug|x86.ActiveCfg = Debug|Any CPU
		{A3C0062C-81D5-4DFD-8650-0AC3F8260FB2}.Debug|x86.Build.0 = Debug|Any CPU
		{A3C0062C-81D5-4DFD-8650-0AC3F8260FB2}.Release|Any CPU.ActiveCfg = Release|Any CPU
		{A3C0062C-81D5-4DFD-8650-0AC3F8260FB2}.Release|Any CPU.Build.0 = Release|Any CPU
		{A3C0062C-81D5-4DFD-8650-0AC3F8260FB2}.Release|ARM.ActiveCfg = Release|Any CPU
		{A3C0062C-81D5-4DFD-8650-0AC3F8260FB2}.Release|ARM.Build.0 = Release|Any CPU
		{A3C0062C-81D5-4DFD-8650-0AC3F8260FB2}.Release|x64.ActiveCfg = Release|Any CPU
		{A3C0062C-81D5-4DFD-8650-0AC3F8260FB2}.Release|x64.Build.0 = Release|Any CPU
		{A3C0062C-81D5-4DFD-8650-0AC3F8260FB2}.Release|x86.ActiveCfg = Release|Any CPU
		{A3C0062C-81D5-4DFD-8650-0AC3F8260FB2}.Release|x86.Build.0 = Release|Any CPU
		{BAB3AE16-0DA3-43A2-A13B-69A279986B2D}.Debug|Any CPU.ActiveCfg = Debug|Any CPU
		{BAB3AE16-0DA3-43A2-A13B-69A279986B2D}.Debug|Any CPU.Build.0 = Debug|Any CPU
		{BAB3AE16-0DA3-43A2-A13B-69A279986B2D}.Debug|ARM.ActiveCfg = Debug|Any CPU
		{BAB3AE16-0DA3-43A2-A13B-69A279986B2D}.Debug|ARM.Build.0 = Debug|Any CPU
		{BAB3AE16-0DA3-43A2-A13B-69A279986B2D}.Debug|x64.ActiveCfg = Debug|Any CPU
		{BAB3AE16-0DA3-43A2-A13B-69A279986B2D}.Debug|x64.Build.0 = Debug|Any CPU
		{BAB3AE16-0DA3-43A2-A13B-69A279986B2D}.Debug|x86.ActiveCfg = Debug|Any CPU
		{BAB3AE16-0DA3-43A2-A13B-69A279986B2D}.Debug|x86.Build.0 = Debug|Any CPU
		{BAB3AE16-0DA3-43A2-A13B-69A279986B2D}.Release|Any CPU.ActiveCfg = Release|Any CPU
		{BAB3AE16-0DA3-43A2-A13B-69A279986B2D}.Release|Any CPU.Build.0 = Release|Any CPU
		{BAB3AE16-0DA3-43A2-A13B-69A279986B2D}.Release|ARM.ActiveCfg = Release|Any CPU
		{BAB3AE16-0DA3-43A2-A13B-69A279986B2D}.Release|ARM.Build.0 = Release|Any CPU
		{BAB3AE16-0DA3-43A2-A13B-69A279986B2D}.Release|x64.ActiveCfg = Release|Any CPU
		{BAB3AE16-0DA3-43A2-A13B-69A279986B2D}.Release|x64.Build.0 = Release|Any CPU
		{BAB3AE16-0DA3-43A2-A13B-69A279986B2D}.Release|x86.ActiveCfg = Release|Any CPU
		{BAB3AE16-0DA3-43A2-A13B-69A279986B2D}.Release|x86.Build.0 = Release|Any CPU
		{9C9BFCF8-8CEE-47C3-A8A6-15753D9A111B}.Debug|Any CPU.ActiveCfg = Debug|Any CPU
		{9C9BFCF8-8CEE-47C3-A8A6-15753D9A111B}.Debug|Any CPU.Build.0 = Debug|Any CPU
		{9C9BFCF8-8CEE-47C3-A8A6-15753D9A111B}.Debug|ARM.ActiveCfg = Debug|Any CPU
		{9C9BFCF8-8CEE-47C3-A8A6-15753D9A111B}.Debug|ARM.Build.0 = Debug|Any CPU
		{9C9BFCF8-8CEE-47C3-A8A6-15753D9A111B}.Debug|x64.ActiveCfg = Debug|Any CPU
		{9C9BFCF8-8CEE-47C3-A8A6-15753D9A111B}.Debug|x64.Build.0 = Debug|Any CPU
		{9C9BFCF8-8CEE-47C3-A8A6-15753D9A111B}.Debug|x86.ActiveCfg = Debug|Any CPU
		{9C9BFCF8-8CEE-47C3-A8A6-15753D9A111B}.Debug|x86.Build.0 = Debug|Any CPU
		{9C9BFCF8-8CEE-47C3-A8A6-15753D9A111B}.Release|Any CPU.ActiveCfg = Release|Any CPU
		{9C9BFCF8-8CEE-47C3-A8A6-15753D9A111B}.Release|Any CPU.Build.0 = Release|Any CPU
		{9C9BFCF8-8CEE-47C3-A8A6-15753D9A111B}.Release|ARM.ActiveCfg = Release|Any CPU
		{9C9BFCF8-8CEE-47C3-A8A6-15753D9A111B}.Release|ARM.Build.0 = Release|Any CPU
		{9C9BFCF8-8CEE-47C3-A8A6-15753D9A111B}.Release|x64.ActiveCfg = Release|Any CPU
		{9C9BFCF8-8CEE-47C3-A8A6-15753D9A111B}.Release|x64.Build.0 = Release|Any CPU
		{9C9BFCF8-8CEE-47C3-A8A6-15753D9A111B}.Release|x86.ActiveCfg = Release|Any CPU
		{9C9BFCF8-8CEE-47C3-A8A6-15753D9A111B}.Release|x86.Build.0 = Release|Any CPU
		{DE4D7906-C373-440E-BCDB-419D01DBE799}.Debug|Any CPU.ActiveCfg = Debug|Any CPU
		{DE4D7906-C373-440E-BCDB-419D01DBE799}.Debug|Any CPU.Build.0 = Debug|Any CPU
		{DE4D7906-C373-440E-BCDB-419D01DBE799}.Debug|ARM.ActiveCfg = Debug|Any CPU
		{DE4D7906-C373-440E-BCDB-419D01DBE799}.Debug|ARM.Build.0 = Debug|Any CPU
		{DE4D7906-C373-440E-BCDB-419D01DBE799}.Debug|x64.ActiveCfg = Debug|Any CPU
		{DE4D7906-C373-440E-BCDB-419D01DBE799}.Debug|x64.Build.0 = Debug|Any CPU
		{DE4D7906-C373-440E-BCDB-419D01DBE799}.Debug|x86.ActiveCfg = Debug|Any CPU
		{DE4D7906-C373-440E-BCDB-419D01DBE799}.Debug|x86.Build.0 = Debug|Any CPU
		{DE4D7906-C373-440E-BCDB-419D01DBE799}.Release|Any CPU.ActiveCfg = Release|Any CPU
		{DE4D7906-C373-440E-BCDB-419D01DBE799}.Release|Any CPU.Build.0 = Release|Any CPU
		{DE4D7906-C373-440E-BCDB-419D01DBE799}.Release|ARM.ActiveCfg = Release|Any CPU
		{DE4D7906-C373-440E-BCDB-419D01DBE799}.Release|ARM.Build.0 = Release|Any CPU
		{DE4D7906-C373-440E-BCDB-419D01DBE799}.Release|x64.ActiveCfg = Release|Any CPU
		{DE4D7906-C373-440E-BCDB-419D01DBE799}.Release|x64.Build.0 = Release|Any CPU
		{DE4D7906-C373-440E-BCDB-419D01DBE799}.Release|x86.ActiveCfg = Release|Any CPU
		{DE4D7906-C373-440E-BCDB-419D01DBE799}.Release|x86.Build.0 = Release|Any CPU
		{81996ABE-68BE-46CC-A665-A60B5C0AEBD8}.Debug|Any CPU.ActiveCfg = Debug|Any CPU
		{81996ABE-68BE-46CC-A665-A60B5C0AEBD8}.Debug|Any CPU.Build.0 = Debug|Any CPU
		{81996ABE-68BE-46CC-A665-A60B5C0AEBD8}.Debug|ARM.ActiveCfg = Debug|Any CPU
		{81996ABE-68BE-46CC-A665-A60B5C0AEBD8}.Debug|ARM.Build.0 = Debug|Any CPU
		{81996ABE-68BE-46CC-A665-A60B5C0AEBD8}.Debug|x64.ActiveCfg = Debug|Any CPU
		{81996ABE-68BE-46CC-A665-A60B5C0AEBD8}.Debug|x64.Build.0 = Debug|Any CPU
		{81996ABE-68BE-46CC-A665-A60B5C0AEBD8}.Debug|x86.ActiveCfg = Debug|Any CPU
		{81996ABE-68BE-46CC-A665-A60B5C0AEBD8}.Debug|x86.Build.0 = Debug|Any CPU
		{81996ABE-68BE-46CC-A665-A60B5C0AEBD8}.Release|Any CPU.ActiveCfg = Release|Any CPU
		{81996ABE-68BE-46CC-A665-A60B5C0AEBD8}.Release|Any CPU.Build.0 = Release|Any CPU
		{81996ABE-68BE-46CC-A665-A60B5C0AEBD8}.Release|ARM.ActiveCfg = Release|Any CPU
		{81996ABE-68BE-46CC-A665-A60B5C0AEBD8}.Release|ARM.Build.0 = Release|Any CPU
		{81996ABE-68BE-46CC-A665-A60B5C0AEBD8}.Release|x64.ActiveCfg = Release|Any CPU
		{81996ABE-68BE-46CC-A665-A60B5C0AEBD8}.Release|x64.Build.0 = Release|Any CPU
		{81996ABE-68BE-46CC-A665-A60B5C0AEBD8}.Release|x86.ActiveCfg = Release|Any CPU
		{81996ABE-68BE-46CC-A665-A60B5C0AEBD8}.Release|x86.Build.0 = Release|Any CPU
		{D2B9E63E-1B09-443A-BCAC-BC2B4FC91DDA}.Debug|Any CPU.ActiveCfg = Debug|Any CPU
		{D2B9E63E-1B09-443A-BCAC-BC2B4FC91DDA}.Debug|Any CPU.Build.0 = Debug|Any CPU
		{D2B9E63E-1B09-443A-BCAC-BC2B4FC91DDA}.Debug|ARM.ActiveCfg = Debug|Any CPU
		{D2B9E63E-1B09-443A-BCAC-BC2B4FC91DDA}.Debug|ARM.Build.0 = Debug|Any CPU
		{D2B9E63E-1B09-443A-BCAC-BC2B4FC91DDA}.Debug|x64.ActiveCfg = Debug|Any CPU
		{D2B9E63E-1B09-443A-BCAC-BC2B4FC91DDA}.Debug|x64.Build.0 = Debug|Any CPU
		{D2B9E63E-1B09-443A-BCAC-BC2B4FC91DDA}.Debug|x86.ActiveCfg = Debug|Any CPU
		{D2B9E63E-1B09-443A-BCAC-BC2B4FC91DDA}.Debug|x86.Build.0 = Debug|Any CPU
		{D2B9E63E-1B09-443A-BCAC-BC2B4FC91DDA}.Release|Any CPU.ActiveCfg = Release|Any CPU
		{D2B9E63E-1B09-443A-BCAC-BC2B4FC91DDA}.Release|Any CPU.Build.0 = Release|Any CPU
		{D2B9E63E-1B09-443A-BCAC-BC2B4FC91DDA}.Release|ARM.ActiveCfg = Release|Any CPU
		{D2B9E63E-1B09-443A-BCAC-BC2B4FC91DDA}.Release|ARM.Build.0 = Release|Any CPU
		{D2B9E63E-1B09-443A-BCAC-BC2B4FC91DDA}.Release|x64.ActiveCfg = Release|Any CPU
		{D2B9E63E-1B09-443A-BCAC-BC2B4FC91DDA}.Release|x64.Build.0 = Release|Any CPU
		{D2B9E63E-1B09-443A-BCAC-BC2B4FC91DDA}.Release|x86.ActiveCfg = Release|Any CPU
		{D2B9E63E-1B09-443A-BCAC-BC2B4FC91DDA}.Release|x86.Build.0 = Release|Any CPU
		{4AA9E8D0-8EA7-40AD-9FB3-27F4E5BFC825}.Debug|Any CPU.ActiveCfg = Debug|Any CPU
		{4AA9E8D0-8EA7-40AD-9FB3-27F4E5BFC825}.Debug|Any CPU.Build.0 = Debug|Any CPU
		{4AA9E8D0-8EA7-40AD-9FB3-27F4E5BFC825}.Debug|ARM.ActiveCfg = Debug|Any CPU
		{4AA9E8D0-8EA7-40AD-9FB3-27F4E5BFC825}.Debug|ARM.Build.0 = Debug|Any CPU
		{4AA9E8D0-8EA7-40AD-9FB3-27F4E5BFC825}.Debug|x64.ActiveCfg = Debug|Any CPU
		{4AA9E8D0-8EA7-40AD-9FB3-27F4E5BFC825}.Debug|x64.Build.0 = Debug|Any CPU
		{4AA9E8D0-8EA7-40AD-9FB3-27F4E5BFC825}.Debug|x86.ActiveCfg = Debug|Any CPU
		{4AA9E8D0-8EA7-40AD-9FB3-27F4E5BFC825}.Debug|x86.Build.0 = Debug|Any CPU
		{4AA9E8D0-8EA7-40AD-9FB3-27F4E5BFC825}.Release|Any CPU.ActiveCfg = Release|Any CPU
		{4AA9E8D0-8EA7-40AD-9FB3-27F4E5BFC825}.Release|Any CPU.Build.0 = Release|Any CPU
		{4AA9E8D0-8EA7-40AD-9FB3-27F4E5BFC825}.Release|ARM.ActiveCfg = Release|Any CPU
		{4AA9E8D0-8EA7-40AD-9FB3-27F4E5BFC825}.Release|ARM.Build.0 = Release|Any CPU
		{4AA9E8D0-8EA7-40AD-9FB3-27F4E5BFC825}.Release|x64.ActiveCfg = Release|Any CPU
		{4AA9E8D0-8EA7-40AD-9FB3-27F4E5BFC825}.Release|x64.Build.0 = Release|Any CPU
		{4AA9E8D0-8EA7-40AD-9FB3-27F4E5BFC825}.Release|x86.ActiveCfg = Release|Any CPU
		{4AA9E8D0-8EA7-40AD-9FB3-27F4E5BFC825}.Release|x86.Build.0 = Release|Any CPU
		{FC2E562A-8692-4657-8EA7-2C80F37EB2DE}.Debug|Any CPU.ActiveCfg = Debug|Any CPU
		{FC2E562A-8692-4657-8EA7-2C80F37EB2DE}.Debug|Any CPU.Build.0 = Debug|Any CPU
		{FC2E562A-8692-4657-8EA7-2C80F37EB2DE}.Debug|ARM.ActiveCfg = Debug|Any CPU
		{FC2E562A-8692-4657-8EA7-2C80F37EB2DE}.Debug|ARM.Build.0 = Debug|Any CPU
		{FC2E562A-8692-4657-8EA7-2C80F37EB2DE}.Debug|x64.ActiveCfg = Debug|Any CPU
		{FC2E562A-8692-4657-8EA7-2C80F37EB2DE}.Debug|x64.Build.0 = Debug|Any CPU
		{FC2E562A-8692-4657-8EA7-2C80F37EB2DE}.Debug|x86.ActiveCfg = Debug|Any CPU
		{FC2E562A-8692-4657-8EA7-2C80F37EB2DE}.Debug|x86.Build.0 = Debug|Any CPU
		{FC2E562A-8692-4657-8EA7-2C80F37EB2DE}.Release|Any CPU.ActiveCfg = Release|Any CPU
		{FC2E562A-8692-4657-8EA7-2C80F37EB2DE}.Release|Any CPU.Build.0 = Release|Any CPU
		{FC2E562A-8692-4657-8EA7-2C80F37EB2DE}.Release|ARM.ActiveCfg = Release|Any CPU
		{FC2E562A-8692-4657-8EA7-2C80F37EB2DE}.Release|ARM.Build.0 = Release|Any CPU
		{FC2E562A-8692-4657-8EA7-2C80F37EB2DE}.Release|x64.ActiveCfg = Release|Any CPU
		{FC2E562A-8692-4657-8EA7-2C80F37EB2DE}.Release|x64.Build.0 = Release|Any CPU
		{FC2E562A-8692-4657-8EA7-2C80F37EB2DE}.Release|x86.ActiveCfg = Release|Any CPU
		{FC2E562A-8692-4657-8EA7-2C80F37EB2DE}.Release|x86.Build.0 = Release|Any CPU
		{CF0F3931-B527-4F43-9C3A-FE438906EA25}.Debug|Any CPU.ActiveCfg = Debug|Any CPU
		{CF0F3931-B527-4F43-9C3A-FE438906EA25}.Debug|Any CPU.Build.0 = Debug|Any CPU
		{CF0F3931-B527-4F43-9C3A-FE438906EA25}.Debug|ARM.ActiveCfg = Debug|Any CPU
		{CF0F3931-B527-4F43-9C3A-FE438906EA25}.Debug|ARM.Build.0 = Debug|Any CPU
		{CF0F3931-B527-4F43-9C3A-FE438906EA25}.Debug|x64.ActiveCfg = Debug|Any CPU
		{CF0F3931-B527-4F43-9C3A-FE438906EA25}.Debug|x64.Build.0 = Debug|Any CPU
		{CF0F3931-B527-4F43-9C3A-FE438906EA25}.Debug|x86.ActiveCfg = Debug|Any CPU
		{CF0F3931-B527-4F43-9C3A-FE438906EA25}.Debug|x86.Build.0 = Debug|Any CPU
		{CF0F3931-B527-4F43-9C3A-FE438906EA25}.Release|Any CPU.ActiveCfg = Release|Any CPU
		{CF0F3931-B527-4F43-9C3A-FE438906EA25}.Release|Any CPU.Build.0 = Release|Any CPU
		{CF0F3931-B527-4F43-9C3A-FE438906EA25}.Release|ARM.ActiveCfg = Release|Any CPU
		{CF0F3931-B527-4F43-9C3A-FE438906EA25}.Release|ARM.Build.0 = Release|Any CPU
		{CF0F3931-B527-4F43-9C3A-FE438906EA25}.Release|x64.ActiveCfg = Release|Any CPU
		{CF0F3931-B527-4F43-9C3A-FE438906EA25}.Release|x64.Build.0 = Release|Any CPU
		{CF0F3931-B527-4F43-9C3A-FE438906EA25}.Release|x86.ActiveCfg = Release|Any CPU
		{CF0F3931-B527-4F43-9C3A-FE438906EA25}.Release|x86.Build.0 = Release|Any CPU
		{75921D22-A54F-4B5D-BEB0-1FF3170AE41A}.Debug|Any CPU.ActiveCfg = Debug|Any CPU
		{75921D22-A54F-4B5D-BEB0-1FF3170AE41A}.Debug|Any CPU.Build.0 = Debug|Any CPU
		{75921D22-A54F-4B5D-BEB0-1FF3170AE41A}.Debug|ARM.ActiveCfg = Debug|Any CPU
		{75921D22-A54F-4B5D-BEB0-1FF3170AE41A}.Debug|ARM.Build.0 = Debug|Any CPU
		{75921D22-A54F-4B5D-BEB0-1FF3170AE41A}.Debug|x64.ActiveCfg = Debug|Any CPU
		{75921D22-A54F-4B5D-BEB0-1FF3170AE41A}.Debug|x64.Build.0 = Debug|Any CPU
		{75921D22-A54F-4B5D-BEB0-1FF3170AE41A}.Debug|x86.ActiveCfg = Debug|Any CPU
		{75921D22-A54F-4B5D-BEB0-1FF3170AE41A}.Debug|x86.Build.0 = Debug|Any CPU
		{75921D22-A54F-4B5D-BEB0-1FF3170AE41A}.Release|Any CPU.ActiveCfg = Release|Any CPU
		{75921D22-A54F-4B5D-BEB0-1FF3170AE41A}.Release|Any CPU.Build.0 = Release|Any CPU
		{75921D22-A54F-4B5D-BEB0-1FF3170AE41A}.Release|ARM.ActiveCfg = Release|Any CPU
		{75921D22-A54F-4B5D-BEB0-1FF3170AE41A}.Release|ARM.Build.0 = Release|Any CPU
		{75921D22-A54F-4B5D-BEB0-1FF3170AE41A}.Release|x64.ActiveCfg = Release|Any CPU
		{75921D22-A54F-4B5D-BEB0-1FF3170AE41A}.Release|x64.Build.0 = Release|Any CPU
		{75921D22-A54F-4B5D-BEB0-1FF3170AE41A}.Release|x86.ActiveCfg = Release|Any CPU
		{75921D22-A54F-4B5D-BEB0-1FF3170AE41A}.Release|x86.Build.0 = Release|Any CPU
		{DEF9639D-5AEC-4BCF-92DD-F097E3A3FC69}.Debug|Any CPU.ActiveCfg = Debug|Any CPU
		{DEF9639D-5AEC-4BCF-92DD-F097E3A3FC69}.Debug|Any CPU.Build.0 = Debug|Any CPU
		{DEF9639D-5AEC-4BCF-92DD-F097E3A3FC69}.Debug|ARM.ActiveCfg = Debug|Any CPU
		{DEF9639D-5AEC-4BCF-92DD-F097E3A3FC69}.Debug|ARM.Build.0 = Debug|Any CPU
		{DEF9639D-5AEC-4BCF-92DD-F097E3A3FC69}.Debug|x64.ActiveCfg = Debug|Any CPU
		{DEF9639D-5AEC-4BCF-92DD-F097E3A3FC69}.Debug|x64.Build.0 = Debug|Any CPU
		{DEF9639D-5AEC-4BCF-92DD-F097E3A3FC69}.Debug|x86.ActiveCfg = Debug|Any CPU
		{DEF9639D-5AEC-4BCF-92DD-F097E3A3FC69}.Debug|x86.Build.0 = Debug|Any CPU
		{DEF9639D-5AEC-4BCF-92DD-F097E3A3FC69}.Release|Any CPU.ActiveCfg = Release|Any CPU
		{DEF9639D-5AEC-4BCF-92DD-F097E3A3FC69}.Release|Any CPU.Build.0 = Release|Any CPU
		{DEF9639D-5AEC-4BCF-92DD-F097E3A3FC69}.Release|ARM.ActiveCfg = Release|Any CPU
		{DEF9639D-5AEC-4BCF-92DD-F097E3A3FC69}.Release|ARM.Build.0 = Release|Any CPU
		{DEF9639D-5AEC-4BCF-92DD-F097E3A3FC69}.Release|x64.ActiveCfg = Release|Any CPU
		{DEF9639D-5AEC-4BCF-92DD-F097E3A3FC69}.Release|x64.Build.0 = Release|Any CPU
		{DEF9639D-5AEC-4BCF-92DD-F097E3A3FC69}.Release|x86.ActiveCfg = Release|Any CPU
		{DEF9639D-5AEC-4BCF-92DD-F097E3A3FC69}.Release|x86.Build.0 = Release|Any CPU
		{1A9F1807-72D8-4258-8888-7BB33EED17CB}.Debug|Any CPU.ActiveCfg = Debug|Any CPU
		{1A9F1807-72D8-4258-8888-7BB33EED17CB}.Debug|Any CPU.Build.0 = Debug|Any CPU
		{1A9F1807-72D8-4258-8888-7BB33EED17CB}.Debug|ARM.ActiveCfg = Debug|Any CPU
		{1A9F1807-72D8-4258-8888-7BB33EED17CB}.Debug|ARM.Build.0 = Debug|Any CPU
		{1A9F1807-72D8-4258-8888-7BB33EED17CB}.Debug|x64.ActiveCfg = Debug|Any CPU
		{1A9F1807-72D8-4258-8888-7BB33EED17CB}.Debug|x64.Build.0 = Debug|Any CPU
		{1A9F1807-72D8-4258-8888-7BB33EED17CB}.Debug|x86.ActiveCfg = Debug|Any CPU
		{1A9F1807-72D8-4258-8888-7BB33EED17CB}.Debug|x86.Build.0 = Debug|Any CPU
		{1A9F1807-72D8-4258-8888-7BB33EED17CB}.Release|Any CPU.ActiveCfg = Release|Any CPU
		{1A9F1807-72D8-4258-8888-7BB33EED17CB}.Release|Any CPU.Build.0 = Release|Any CPU
		{1A9F1807-72D8-4258-8888-7BB33EED17CB}.Release|ARM.ActiveCfg = Release|Any CPU
		{1A9F1807-72D8-4258-8888-7BB33EED17CB}.Release|ARM.Build.0 = Release|Any CPU
		{1A9F1807-72D8-4258-8888-7BB33EED17CB}.Release|x64.ActiveCfg = Release|Any CPU
		{1A9F1807-72D8-4258-8888-7BB33EED17CB}.Release|x64.Build.0 = Release|Any CPU
		{1A9F1807-72D8-4258-8888-7BB33EED17CB}.Release|x86.ActiveCfg = Release|Any CPU
		{1A9F1807-72D8-4258-8888-7BB33EED17CB}.Release|x86.Build.0 = Release|Any CPU
		{F247B7D6-60CA-4BE0-960A-644B7318BEC9}.Debug|Any CPU.ActiveCfg = Debug|Any CPU
		{F247B7D6-60CA-4BE0-960A-644B7318BEC9}.Debug|Any CPU.Build.0 = Debug|Any CPU
		{F247B7D6-60CA-4BE0-960A-644B7318BEC9}.Debug|ARM.ActiveCfg = Debug|Any CPU
		{F247B7D6-60CA-4BE0-960A-644B7318BEC9}.Debug|ARM.Build.0 = Debug|Any CPU
		{F247B7D6-60CA-4BE0-960A-644B7318BEC9}.Debug|x64.ActiveCfg = Debug|Any CPU
		{F247B7D6-60CA-4BE0-960A-644B7318BEC9}.Debug|x64.Build.0 = Debug|Any CPU
		{F247B7D6-60CA-4BE0-960A-644B7318BEC9}.Debug|x86.ActiveCfg = Debug|Any CPU
		{F247B7D6-60CA-4BE0-960A-644B7318BEC9}.Debug|x86.Build.0 = Debug|Any CPU
		{F247B7D6-60CA-4BE0-960A-644B7318BEC9}.Release|Any CPU.ActiveCfg = Release|Any CPU
		{F247B7D6-60CA-4BE0-960A-644B7318BEC9}.Release|Any CPU.Build.0 = Release|Any CPU
		{F247B7D6-60CA-4BE0-960A-644B7318BEC9}.Release|ARM.ActiveCfg = Release|Any CPU
		{F247B7D6-60CA-4BE0-960A-644B7318BEC9}.Release|ARM.Build.0 = Release|Any CPU
		{F247B7D6-60CA-4BE0-960A-644B7318BEC9}.Release|x64.ActiveCfg = Release|Any CPU
		{F247B7D6-60CA-4BE0-960A-644B7318BEC9}.Release|x64.Build.0 = Release|Any CPU
		{F247B7D6-60CA-4BE0-960A-644B7318BEC9}.Release|x86.ActiveCfg = Release|Any CPU
		{F247B7D6-60CA-4BE0-960A-644B7318BEC9}.Release|x86.Build.0 = Release|Any CPU
		{B15F59C8-BBBD-49E4-B07E-DF0E1CEE1D33}.Debug|Any CPU.ActiveCfg = Debug|Any CPU
		{B15F59C8-BBBD-49E4-B07E-DF0E1CEE1D33}.Debug|Any CPU.Build.0 = Debug|Any CPU
		{B15F59C8-BBBD-49E4-B07E-DF0E1CEE1D33}.Debug|ARM.ActiveCfg = Debug|Any CPU
		{B15F59C8-BBBD-49E4-B07E-DF0E1CEE1D33}.Debug|ARM.Build.0 = Debug|Any CPU
		{B15F59C8-BBBD-49E4-B07E-DF0E1CEE1D33}.Debug|x64.ActiveCfg = Debug|Any CPU
		{B15F59C8-BBBD-49E4-B07E-DF0E1CEE1D33}.Debug|x64.Build.0 = Debug|Any CPU
		{B15F59C8-BBBD-49E4-B07E-DF0E1CEE1D33}.Debug|x86.ActiveCfg = Debug|Any CPU
		{B15F59C8-BBBD-49E4-B07E-DF0E1CEE1D33}.Debug|x86.Build.0 = Debug|Any CPU
		{B15F59C8-BBBD-49E4-B07E-DF0E1CEE1D33}.Release|Any CPU.ActiveCfg = Release|Any CPU
		{B15F59C8-BBBD-49E4-B07E-DF0E1CEE1D33}.Release|Any CPU.Build.0 = Release|Any CPU
		{B15F59C8-BBBD-49E4-B07E-DF0E1CEE1D33}.Release|ARM.ActiveCfg = Release|Any CPU
		{B15F59C8-BBBD-49E4-B07E-DF0E1CEE1D33}.Release|ARM.Build.0 = Release|Any CPU
		{B15F59C8-BBBD-49E4-B07E-DF0E1CEE1D33}.Release|x64.ActiveCfg = Release|Any CPU
		{B15F59C8-BBBD-49E4-B07E-DF0E1CEE1D33}.Release|x64.Build.0 = Release|Any CPU
		{B15F59C8-BBBD-49E4-B07E-DF0E1CEE1D33}.Release|x86.ActiveCfg = Release|Any CPU
		{B15F59C8-BBBD-49E4-B07E-DF0E1CEE1D33}.Release|x86.Build.0 = Release|Any CPU
		{FD3FEB30-A825-4831-A311-55E66362245C}.Debug|Any CPU.ActiveCfg = Debug|Any CPU
		{FD3FEB30-A825-4831-A311-55E66362245C}.Debug|Any CPU.Build.0 = Debug|Any CPU
		{FD3FEB30-A825-4831-A311-55E66362245C}.Debug|ARM.ActiveCfg = Debug|Any CPU
		{FD3FEB30-A825-4831-A311-55E66362245C}.Debug|ARM.Build.0 = Debug|Any CPU
		{FD3FEB30-A825-4831-A311-55E66362245C}.Debug|x64.ActiveCfg = Debug|Any CPU
		{FD3FEB30-A825-4831-A311-55E66362245C}.Debug|x64.Build.0 = Debug|Any CPU
		{FD3FEB30-A825-4831-A311-55E66362245C}.Debug|x86.ActiveCfg = Debug|Any CPU
		{FD3FEB30-A825-4831-A311-55E66362245C}.Debug|x86.Build.0 = Debug|Any CPU
		{FD3FEB30-A825-4831-A311-55E66362245C}.Release|Any CPU.ActiveCfg = Release|Any CPU
		{FD3FEB30-A825-4831-A311-55E66362245C}.Release|Any CPU.Build.0 = Release|Any CPU
		{FD3FEB30-A825-4831-A311-55E66362245C}.Release|ARM.ActiveCfg = Release|Any CPU
		{FD3FEB30-A825-4831-A311-55E66362245C}.Release|ARM.Build.0 = Release|Any CPU
		{FD3FEB30-A825-4831-A311-55E66362245C}.Release|x64.ActiveCfg = Release|Any CPU
		{FD3FEB30-A825-4831-A311-55E66362245C}.Release|x64.Build.0 = Release|Any CPU
		{FD3FEB30-A825-4831-A311-55E66362245C}.Release|x86.ActiveCfg = Release|Any CPU
		{FD3FEB30-A825-4831-A311-55E66362245C}.Release|x86.Build.0 = Release|Any CPU
		{BD6AB355-A86C-467E-90D6-43D998657029}.Debug|Any CPU.ActiveCfg = Debug|Any CPU
		{BD6AB355-A86C-467E-90D6-43D998657029}.Debug|Any CPU.Build.0 = Debug|Any CPU
		{BD6AB355-A86C-467E-90D6-43D998657029}.Debug|ARM.ActiveCfg = Debug|Any CPU
		{BD6AB355-A86C-467E-90D6-43D998657029}.Debug|ARM.Build.0 = Debug|Any CPU
		{BD6AB355-A86C-467E-90D6-43D998657029}.Debug|x64.ActiveCfg = Debug|Any CPU
		{BD6AB355-A86C-467E-90D6-43D998657029}.Debug|x64.Build.0 = Debug|Any CPU
		{BD6AB355-A86C-467E-90D6-43D998657029}.Debug|x86.ActiveCfg = Debug|Any CPU
		{BD6AB355-A86C-467E-90D6-43D998657029}.Debug|x86.Build.0 = Debug|Any CPU
		{BD6AB355-A86C-467E-90D6-43D998657029}.Release|Any CPU.ActiveCfg = Release|Any CPU
		{BD6AB355-A86C-467E-90D6-43D998657029}.Release|Any CPU.Build.0 = Release|Any CPU
		{BD6AB355-A86C-467E-90D6-43D998657029}.Release|ARM.ActiveCfg = Release|Any CPU
		{BD6AB355-A86C-467E-90D6-43D998657029}.Release|ARM.Build.0 = Release|Any CPU
		{BD6AB355-A86C-467E-90D6-43D998657029}.Release|x64.ActiveCfg = Release|Any CPU
		{BD6AB355-A86C-467E-90D6-43D998657029}.Release|x64.Build.0 = Release|Any CPU
		{BD6AB355-A86C-467E-90D6-43D998657029}.Release|x86.ActiveCfg = Release|Any CPU
		{BD6AB355-A86C-467E-90D6-43D998657029}.Release|x86.Build.0 = Release|Any CPU
		{D1D8136C-D277-467D-A130-81B98DD59ACD}.Debug|Any CPU.ActiveCfg = Debug|Any CPU
		{D1D8136C-D277-467D-A130-81B98DD59ACD}.Debug|Any CPU.Build.0 = Debug|Any CPU
		{D1D8136C-D277-467D-A130-81B98DD59ACD}.Debug|ARM.ActiveCfg = Debug|Any CPU
		{D1D8136C-D277-467D-A130-81B98DD59ACD}.Debug|ARM.Build.0 = Debug|Any CPU
		{D1D8136C-D277-467D-A130-81B98DD59ACD}.Debug|x64.ActiveCfg = Debug|Any CPU
		{D1D8136C-D277-467D-A130-81B98DD59ACD}.Debug|x64.Build.0 = Debug|Any CPU
		{D1D8136C-D277-467D-A130-81B98DD59ACD}.Debug|x86.ActiveCfg = Debug|Any CPU
		{D1D8136C-D277-467D-A130-81B98DD59ACD}.Debug|x86.Build.0 = Debug|Any CPU
		{D1D8136C-D277-467D-A130-81B98DD59ACD}.Release|Any CPU.ActiveCfg = Release|Any CPU
		{D1D8136C-D277-467D-A130-81B98DD59ACD}.Release|Any CPU.Build.0 = Release|Any CPU
		{D1D8136C-D277-467D-A130-81B98DD59ACD}.Release|ARM.ActiveCfg = Release|Any CPU
		{D1D8136C-D277-467D-A130-81B98DD59ACD}.Release|ARM.Build.0 = Release|Any CPU
		{D1D8136C-D277-467D-A130-81B98DD59ACD}.Release|x64.ActiveCfg = Release|Any CPU
		{D1D8136C-D277-467D-A130-81B98DD59ACD}.Release|x64.Build.0 = Release|Any CPU
		{D1D8136C-D277-467D-A130-81B98DD59ACD}.Release|x86.ActiveCfg = Release|Any CPU
		{D1D8136C-D277-467D-A130-81B98DD59ACD}.Release|x86.Build.0 = Release|Any CPU
		{C2E9F40A-B0DC-42DB-9F88-28E1BEA4A710}.Debug|Any CPU.ActiveCfg = Debug|Any CPU
		{C2E9F40A-B0DC-42DB-9F88-28E1BEA4A710}.Debug|Any CPU.Build.0 = Debug|Any CPU
		{C2E9F40A-B0DC-42DB-9F88-28E1BEA4A710}.Debug|ARM.ActiveCfg = Debug|Any CPU
		{C2E9F40A-B0DC-42DB-9F88-28E1BEA4A710}.Debug|ARM.Build.0 = Debug|Any CPU
		{C2E9F40A-B0DC-42DB-9F88-28E1BEA4A710}.Debug|x64.ActiveCfg = Debug|Any CPU
		{C2E9F40A-B0DC-42DB-9F88-28E1BEA4A710}.Debug|x64.Build.0 = Debug|Any CPU
		{C2E9F40A-B0DC-42DB-9F88-28E1BEA4A710}.Debug|x86.ActiveCfg = Debug|Any CPU
		{C2E9F40A-B0DC-42DB-9F88-28E1BEA4A710}.Debug|x86.Build.0 = Debug|Any CPU
		{C2E9F40A-B0DC-42DB-9F88-28E1BEA4A710}.Release|Any CPU.ActiveCfg = Release|Any CPU
		{C2E9F40A-B0DC-42DB-9F88-28E1BEA4A710}.Release|Any CPU.Build.0 = Release|Any CPU
		{C2E9F40A-B0DC-42DB-9F88-28E1BEA4A710}.Release|ARM.ActiveCfg = Release|Any CPU
		{C2E9F40A-B0DC-42DB-9F88-28E1BEA4A710}.Release|ARM.Build.0 = Release|Any CPU
		{C2E9F40A-B0DC-42DB-9F88-28E1BEA4A710}.Release|x64.ActiveCfg = Release|Any CPU
		{C2E9F40A-B0DC-42DB-9F88-28E1BEA4A710}.Release|x64.Build.0 = Release|Any CPU
		{C2E9F40A-B0DC-42DB-9F88-28E1BEA4A710}.Release|x86.ActiveCfg = Release|Any CPU
		{C2E9F40A-B0DC-42DB-9F88-28E1BEA4A710}.Release|x86.Build.0 = Release|Any CPU
		{AF8A9BD3-AA52-472B-AB2F-F78FF4D97A53}.Debug|Any CPU.ActiveCfg = Debug|Any CPU
		{AF8A9BD3-AA52-472B-AB2F-F78FF4D97A53}.Debug|Any CPU.Build.0 = Debug|Any CPU
		{AF8A9BD3-AA52-472B-AB2F-F78FF4D97A53}.Debug|ARM.ActiveCfg = Debug|Any CPU
		{AF8A9BD3-AA52-472B-AB2F-F78FF4D97A53}.Debug|ARM.Build.0 = Debug|Any CPU
		{AF8A9BD3-AA52-472B-AB2F-F78FF4D97A53}.Debug|x64.ActiveCfg = Debug|Any CPU
		{AF8A9BD3-AA52-472B-AB2F-F78FF4D97A53}.Debug|x64.Build.0 = Debug|Any CPU
		{AF8A9BD3-AA52-472B-AB2F-F78FF4D97A53}.Debug|x86.ActiveCfg = Debug|Any CPU
		{AF8A9BD3-AA52-472B-AB2F-F78FF4D97A53}.Debug|x86.Build.0 = Debug|Any CPU
		{AF8A9BD3-AA52-472B-AB2F-F78FF4D97A53}.Release|Any CPU.ActiveCfg = Release|Any CPU
		{AF8A9BD3-AA52-472B-AB2F-F78FF4D97A53}.Release|Any CPU.Build.0 = Release|Any CPU
		{AF8A9BD3-AA52-472B-AB2F-F78FF4D97A53}.Release|ARM.ActiveCfg = Release|Any CPU
		{AF8A9BD3-AA52-472B-AB2F-F78FF4D97A53}.Release|ARM.Build.0 = Release|Any CPU
		{AF8A9BD3-AA52-472B-AB2F-F78FF4D97A53}.Release|x64.ActiveCfg = Release|Any CPU
		{AF8A9BD3-AA52-472B-AB2F-F78FF4D97A53}.Release|x64.Build.0 = Release|Any CPU
		{AF8A9BD3-AA52-472B-AB2F-F78FF4D97A53}.Release|x86.ActiveCfg = Release|Any CPU
		{AF8A9BD3-AA52-472B-AB2F-F78FF4D97A53}.Release|x86.Build.0 = Release|Any CPU
		{C28ED454-D59D-4E26-BBF5-09C7FC2C6360}.Debug|Any CPU.ActiveCfg = Debug|Any CPU
		{C28ED454-D59D-4E26-BBF5-09C7FC2C6360}.Debug|Any CPU.Build.0 = Debug|Any CPU
		{C28ED454-D59D-4E26-BBF5-09C7FC2C6360}.Debug|ARM.ActiveCfg = Debug|Any CPU
		{C28ED454-D59D-4E26-BBF5-09C7FC2C6360}.Debug|ARM.Build.0 = Debug|Any CPU
		{C28ED454-D59D-4E26-BBF5-09C7FC2C6360}.Debug|x64.ActiveCfg = Debug|Any CPU
		{C28ED454-D59D-4E26-BBF5-09C7FC2C6360}.Debug|x64.Build.0 = Debug|Any CPU
		{C28ED454-D59D-4E26-BBF5-09C7FC2C6360}.Debug|x86.ActiveCfg = Debug|Any CPU
		{C28ED454-D59D-4E26-BBF5-09C7FC2C6360}.Debug|x86.Build.0 = Debug|Any CPU
		{C28ED454-D59D-4E26-BBF5-09C7FC2C6360}.Release|Any CPU.ActiveCfg = Release|Any CPU
		{C28ED454-D59D-4E26-BBF5-09C7FC2C6360}.Release|Any CPU.Build.0 = Release|Any CPU
		{C28ED454-D59D-4E26-BBF5-09C7FC2C6360}.Release|ARM.ActiveCfg = Release|Any CPU
		{C28ED454-D59D-4E26-BBF5-09C7FC2C6360}.Release|ARM.Build.0 = Release|Any CPU
		{C28ED454-D59D-4E26-BBF5-09C7FC2C6360}.Release|x64.ActiveCfg = Release|Any CPU
		{C28ED454-D59D-4E26-BBF5-09C7FC2C6360}.Release|x64.Build.0 = Release|Any CPU
		{C28ED454-D59D-4E26-BBF5-09C7FC2C6360}.Release|x86.ActiveCfg = Release|Any CPU
		{C28ED454-D59D-4E26-BBF5-09C7FC2C6360}.Release|x86.Build.0 = Release|Any CPU
		{9651405D-12C6-4E80-B685-50E83D07AA05}.Debug|Any CPU.ActiveCfg = Debug|Any CPU
		{9651405D-12C6-4E80-B685-50E83D07AA05}.Debug|Any CPU.Build.0 = Debug|Any CPU
		{9651405D-12C6-4E80-B685-50E83D07AA05}.Debug|ARM.ActiveCfg = Debug|Any CPU
		{9651405D-12C6-4E80-B685-50E83D07AA05}.Debug|ARM.Build.0 = Debug|Any CPU
		{9651405D-12C6-4E80-B685-50E83D07AA05}.Debug|x64.ActiveCfg = Debug|Any CPU
		{9651405D-12C6-4E80-B685-50E83D07AA05}.Debug|x64.Build.0 = Debug|Any CPU
		{9651405D-12C6-4E80-B685-50E83D07AA05}.Debug|x86.ActiveCfg = Debug|Any CPU
		{9651405D-12C6-4E80-B685-50E83D07AA05}.Debug|x86.Build.0 = Debug|Any CPU
		{9651405D-12C6-4E80-B685-50E83D07AA05}.Release|Any CPU.ActiveCfg = Release|Any CPU
		{9651405D-12C6-4E80-B685-50E83D07AA05}.Release|Any CPU.Build.0 = Release|Any CPU
		{9651405D-12C6-4E80-B685-50E83D07AA05}.Release|ARM.ActiveCfg = Release|Any CPU
		{9651405D-12C6-4E80-B685-50E83D07AA05}.Release|ARM.Build.0 = Release|Any CPU
		{9651405D-12C6-4E80-B685-50E83D07AA05}.Release|x64.ActiveCfg = Release|Any CPU
		{9651405D-12C6-4E80-B685-50E83D07AA05}.Release|x64.Build.0 = Release|Any CPU
		{9651405D-12C6-4E80-B685-50E83D07AA05}.Release|x86.ActiveCfg = Release|Any CPU
		{9651405D-12C6-4E80-B685-50E83D07AA05}.Release|x86.Build.0 = Release|Any CPU
		{98B410E1-3237-4B03-84EB-BF96CDC706E1}.Debug|Any CPU.ActiveCfg = Debug|Any CPU
		{98B410E1-3237-4B03-84EB-BF96CDC706E1}.Debug|Any CPU.Build.0 = Debug|Any CPU
		{98B410E1-3237-4B03-84EB-BF96CDC706E1}.Debug|ARM.ActiveCfg = Debug|Any CPU
		{98B410E1-3237-4B03-84EB-BF96CDC706E1}.Debug|ARM.Build.0 = Debug|Any CPU
		{98B410E1-3237-4B03-84EB-BF96CDC706E1}.Debug|x64.ActiveCfg = Debug|Any CPU
		{98B410E1-3237-4B03-84EB-BF96CDC706E1}.Debug|x64.Build.0 = Debug|Any CPU
		{98B410E1-3237-4B03-84EB-BF96CDC706E1}.Debug|x86.ActiveCfg = Debug|Any CPU
		{98B410E1-3237-4B03-84EB-BF96CDC706E1}.Debug|x86.Build.0 = Debug|Any CPU
		{98B410E1-3237-4B03-84EB-BF96CDC706E1}.Release|Any CPU.ActiveCfg = Release|Any CPU
		{98B410E1-3237-4B03-84EB-BF96CDC706E1}.Release|Any CPU.Build.0 = Release|Any CPU
		{98B410E1-3237-4B03-84EB-BF96CDC706E1}.Release|ARM.ActiveCfg = Release|Any CPU
		{98B410E1-3237-4B03-84EB-BF96CDC706E1}.Release|ARM.Build.0 = Release|Any CPU
		{98B410E1-3237-4B03-84EB-BF96CDC706E1}.Release|x64.ActiveCfg = Release|Any CPU
		{98B410E1-3237-4B03-84EB-BF96CDC706E1}.Release|x64.Build.0 = Release|Any CPU
		{98B410E1-3237-4B03-84EB-BF96CDC706E1}.Release|x86.ActiveCfg = Release|Any CPU
		{98B410E1-3237-4B03-84EB-BF96CDC706E1}.Release|x86.Build.0 = Release|Any CPU
		{BC03C4EB-A19F-4E28-8D1B-B6CB4F66E220}.Debug|Any CPU.ActiveCfg = Debug|Any CPU
		{BC03C4EB-A19F-4E28-8D1B-B6CB4F66E220}.Debug|Any CPU.Build.0 = Debug|Any CPU
		{BC03C4EB-A19F-4E28-8D1B-B6CB4F66E220}.Debug|ARM.ActiveCfg = Debug|Any CPU
		{BC03C4EB-A19F-4E28-8D1B-B6CB4F66E220}.Debug|ARM.Build.0 = Debug|Any CPU
		{BC03C4EB-A19F-4E28-8D1B-B6CB4F66E220}.Debug|x64.ActiveCfg = Debug|Any CPU
		{BC03C4EB-A19F-4E28-8D1B-B6CB4F66E220}.Debug|x64.Build.0 = Debug|Any CPU
		{BC03C4EB-A19F-4E28-8D1B-B6CB4F66E220}.Debug|x86.ActiveCfg = Debug|Any CPU
		{BC03C4EB-A19F-4E28-8D1B-B6CB4F66E220}.Debug|x86.Build.0 = Debug|Any CPU
		{BC03C4EB-A19F-4E28-8D1B-B6CB4F66E220}.Release|Any CPU.ActiveCfg = Release|Any CPU
		{BC03C4EB-A19F-4E28-8D1B-B6CB4F66E220}.Release|Any CPU.Build.0 = Release|Any CPU
		{BC03C4EB-A19F-4E28-8D1B-B6CB4F66E220}.Release|ARM.ActiveCfg = Release|Any CPU
		{BC03C4EB-A19F-4E28-8D1B-B6CB4F66E220}.Release|ARM.Build.0 = Release|Any CPU
		{BC03C4EB-A19F-4E28-8D1B-B6CB4F66E220}.Release|x64.ActiveCfg = Release|Any CPU
		{BC03C4EB-A19F-4E28-8D1B-B6CB4F66E220}.Release|x64.Build.0 = Release|Any CPU
		{BC03C4EB-A19F-4E28-8D1B-B6CB4F66E220}.Release|x86.ActiveCfg = Release|Any CPU
		{BC03C4EB-A19F-4E28-8D1B-B6CB4F66E220}.Release|x86.Build.0 = Release|Any CPU
		{09A0DF25-6843-43BA-A2C2-58782898ECD1}.Debug|Any CPU.ActiveCfg = Debug|Any CPU
		{09A0DF25-6843-43BA-A2C2-58782898ECD1}.Debug|Any CPU.Build.0 = Debug|Any CPU
		{09A0DF25-6843-43BA-A2C2-58782898ECD1}.Debug|ARM.ActiveCfg = Debug|Any CPU
		{09A0DF25-6843-43BA-A2C2-58782898ECD1}.Debug|ARM.Build.0 = Debug|Any CPU
		{09A0DF25-6843-43BA-A2C2-58782898ECD1}.Debug|x64.ActiveCfg = Debug|Any CPU
		{09A0DF25-6843-43BA-A2C2-58782898ECD1}.Debug|x64.Build.0 = Debug|Any CPU
		{09A0DF25-6843-43BA-A2C2-58782898ECD1}.Debug|x86.ActiveCfg = Debug|Any CPU
		{09A0DF25-6843-43BA-A2C2-58782898ECD1}.Debug|x86.Build.0 = Debug|Any CPU
		{09A0DF25-6843-43BA-A2C2-58782898ECD1}.Release|Any CPU.ActiveCfg = Release|Any CPU
		{09A0DF25-6843-43BA-A2C2-58782898ECD1}.Release|Any CPU.Build.0 = Release|Any CPU
		{09A0DF25-6843-43BA-A2C2-58782898ECD1}.Release|ARM.ActiveCfg = Release|Any CPU
		{09A0DF25-6843-43BA-A2C2-58782898ECD1}.Release|ARM.Build.0 = Release|Any CPU
		{09A0DF25-6843-43BA-A2C2-58782898ECD1}.Release|x64.ActiveCfg = Release|Any CPU
		{09A0DF25-6843-43BA-A2C2-58782898ECD1}.Release|x64.Build.0 = Release|Any CPU
		{09A0DF25-6843-43BA-A2C2-58782898ECD1}.Release|x86.ActiveCfg = Release|Any CPU
		{09A0DF25-6843-43BA-A2C2-58782898ECD1}.Release|x86.Build.0 = Release|Any CPU
		{1E63F7FD-1097-4C5E-8648-46D3B03DA45D}.Debug|Any CPU.ActiveCfg = Debug|Any CPU
		{1E63F7FD-1097-4C5E-8648-46D3B03DA45D}.Debug|Any CPU.Build.0 = Debug|Any CPU
		{1E63F7FD-1097-4C5E-8648-46D3B03DA45D}.Debug|ARM.ActiveCfg = Debug|Any CPU
		{1E63F7FD-1097-4C5E-8648-46D3B03DA45D}.Debug|ARM.Build.0 = Debug|Any CPU
		{1E63F7FD-1097-4C5E-8648-46D3B03DA45D}.Debug|x64.ActiveCfg = Debug|Any CPU
		{1E63F7FD-1097-4C5E-8648-46D3B03DA45D}.Debug|x64.Build.0 = Debug|Any CPU
		{1E63F7FD-1097-4C5E-8648-46D3B03DA45D}.Debug|x86.ActiveCfg = Debug|Any CPU
		{1E63F7FD-1097-4C5E-8648-46D3B03DA45D}.Debug|x86.Build.0 = Debug|Any CPU
		{1E63F7FD-1097-4C5E-8648-46D3B03DA45D}.Release|Any CPU.ActiveCfg = Release|Any CPU
		{1E63F7FD-1097-4C5E-8648-46D3B03DA45D}.Release|Any CPU.Build.0 = Release|Any CPU
		{1E63F7FD-1097-4C5E-8648-46D3B03DA45D}.Release|ARM.ActiveCfg = Release|Any CPU
		{1E63F7FD-1097-4C5E-8648-46D3B03DA45D}.Release|ARM.Build.0 = Release|Any CPU
		{1E63F7FD-1097-4C5E-8648-46D3B03DA45D}.Release|x64.ActiveCfg = Release|Any CPU
		{1E63F7FD-1097-4C5E-8648-46D3B03DA45D}.Release|x64.Build.0 = Release|Any CPU
		{1E63F7FD-1097-4C5E-8648-46D3B03DA45D}.Release|x86.ActiveCfg = Release|Any CPU
		{1E63F7FD-1097-4C5E-8648-46D3B03DA45D}.Release|x86.Build.0 = Release|Any CPU
		{3A7A546B-3482-4419-AD42-76C579C8FD54}.Debug|Any CPU.ActiveCfg = Debug|Any CPU
		{3A7A546B-3482-4419-AD42-76C579C8FD54}.Debug|Any CPU.Build.0 = Debug|Any CPU
		{3A7A546B-3482-4419-AD42-76C579C8FD54}.Debug|ARM.ActiveCfg = Debug|Any CPU
		{3A7A546B-3482-4419-AD42-76C579C8FD54}.Debug|ARM.Build.0 = Debug|Any CPU
		{3A7A546B-3482-4419-AD42-76C579C8FD54}.Debug|x64.ActiveCfg = Debug|Any CPU
		{3A7A546B-3482-4419-AD42-76C579C8FD54}.Debug|x64.Build.0 = Debug|Any CPU
		{3A7A546B-3482-4419-AD42-76C579C8FD54}.Debug|x86.ActiveCfg = Debug|Any CPU
		{3A7A546B-3482-4419-AD42-76C579C8FD54}.Debug|x86.Build.0 = Debug|Any CPU
		{3A7A546B-3482-4419-AD42-76C579C8FD54}.Release|Any CPU.ActiveCfg = Release|Any CPU
		{3A7A546B-3482-4419-AD42-76C579C8FD54}.Release|Any CPU.Build.0 = Release|Any CPU
		{3A7A546B-3482-4419-AD42-76C579C8FD54}.Release|ARM.ActiveCfg = Release|Any CPU
		{3A7A546B-3482-4419-AD42-76C579C8FD54}.Release|ARM.Build.0 = Release|Any CPU
		{3A7A546B-3482-4419-AD42-76C579C8FD54}.Release|x64.ActiveCfg = Release|Any CPU
		{3A7A546B-3482-4419-AD42-76C579C8FD54}.Release|x64.Build.0 = Release|Any CPU
		{3A7A546B-3482-4419-AD42-76C579C8FD54}.Release|x86.ActiveCfg = Release|Any CPU
		{3A7A546B-3482-4419-AD42-76C579C8FD54}.Release|x86.Build.0 = Release|Any CPU
		{0F090ABE-F62B-4B54-ABE5-F098623D1C97}.Debug|Any CPU.ActiveCfg = Debug|Any CPU
		{0F090ABE-F62B-4B54-ABE5-F098623D1C97}.Debug|Any CPU.Build.0 = Debug|Any CPU
		{0F090ABE-F62B-4B54-ABE5-F098623D1C97}.Debug|ARM.ActiveCfg = Debug|Any CPU
		{0F090ABE-F62B-4B54-ABE5-F098623D1C97}.Debug|ARM.Build.0 = Debug|Any CPU
		{0F090ABE-F62B-4B54-ABE5-F098623D1C97}.Debug|x64.ActiveCfg = Debug|Any CPU
		{0F090ABE-F62B-4B54-ABE5-F098623D1C97}.Debug|x64.Build.0 = Debug|Any CPU
		{0F090ABE-F62B-4B54-ABE5-F098623D1C97}.Debug|x86.ActiveCfg = Debug|Any CPU
		{0F090ABE-F62B-4B54-ABE5-F098623D1C97}.Debug|x86.Build.0 = Debug|Any CPU
		{0F090ABE-F62B-4B54-ABE5-F098623D1C97}.Release|Any CPU.ActiveCfg = Release|Any CPU
		{0F090ABE-F62B-4B54-ABE5-F098623D1C97}.Release|Any CPU.Build.0 = Release|Any CPU
		{0F090ABE-F62B-4B54-ABE5-F098623D1C97}.Release|ARM.ActiveCfg = Release|Any CPU
		{0F090ABE-F62B-4B54-ABE5-F098623D1C97}.Release|ARM.Build.0 = Release|Any CPU
		{0F090ABE-F62B-4B54-ABE5-F098623D1C97}.Release|x64.ActiveCfg = Release|Any CPU
		{0F090ABE-F62B-4B54-ABE5-F098623D1C97}.Release|x64.Build.0 = Release|Any CPU
		{0F090ABE-F62B-4B54-ABE5-F098623D1C97}.Release|x86.ActiveCfg = Release|Any CPU
		{0F090ABE-F62B-4B54-ABE5-F098623D1C97}.Release|x86.Build.0 = Release|Any CPU
		{B6DFA3CF-9A38-499F-B599-942AC8BE56D1}.Debug|Any CPU.ActiveCfg = Debug|Any CPU
		{B6DFA3CF-9A38-499F-B599-942AC8BE56D1}.Debug|Any CPU.Build.0 = Debug|Any CPU
		{B6DFA3CF-9A38-499F-B599-942AC8BE56D1}.Debug|ARM.ActiveCfg = Debug|Any CPU
		{B6DFA3CF-9A38-499F-B599-942AC8BE56D1}.Debug|ARM.Build.0 = Debug|Any CPU
		{B6DFA3CF-9A38-499F-B599-942AC8BE56D1}.Debug|x64.ActiveCfg = Debug|Any CPU
		{B6DFA3CF-9A38-499F-B599-942AC8BE56D1}.Debug|x64.Build.0 = Debug|Any CPU
		{B6DFA3CF-9A38-499F-B599-942AC8BE56D1}.Debug|x86.ActiveCfg = Debug|Any CPU
		{B6DFA3CF-9A38-499F-B599-942AC8BE56D1}.Debug|x86.Build.0 = Debug|Any CPU
		{B6DFA3CF-9A38-499F-B599-942AC8BE56D1}.Release|Any CPU.ActiveCfg = Release|Any CPU
		{B6DFA3CF-9A38-499F-B599-942AC8BE56D1}.Release|Any CPU.Build.0 = Release|Any CPU
		{B6DFA3CF-9A38-499F-B599-942AC8BE56D1}.Release|ARM.ActiveCfg = Release|Any CPU
		{B6DFA3CF-9A38-499F-B599-942AC8BE56D1}.Release|ARM.Build.0 = Release|Any CPU
		{B6DFA3CF-9A38-499F-B599-942AC8BE56D1}.Release|x64.ActiveCfg = Release|Any CPU
		{B6DFA3CF-9A38-499F-B599-942AC8BE56D1}.Release|x64.Build.0 = Release|Any CPU
		{B6DFA3CF-9A38-499F-B599-942AC8BE56D1}.Release|x86.ActiveCfg = Release|Any CPU
		{B6DFA3CF-9A38-499F-B599-942AC8BE56D1}.Release|x86.Build.0 = Release|Any CPU
		{2A85C0D7-233C-434B-AD5E-FF3BDA68D8AD}.Debug|Any CPU.ActiveCfg = Debug|Any CPU
		{2A85C0D7-233C-434B-AD5E-FF3BDA68D8AD}.Debug|Any CPU.Build.0 = Debug|Any CPU
		{2A85C0D7-233C-434B-AD5E-FF3BDA68D8AD}.Debug|ARM.ActiveCfg = Debug|Any CPU
		{2A85C0D7-233C-434B-AD5E-FF3BDA68D8AD}.Debug|ARM.Build.0 = Debug|Any CPU
		{2A85C0D7-233C-434B-AD5E-FF3BDA68D8AD}.Debug|x64.ActiveCfg = Debug|Any CPU
		{2A85C0D7-233C-434B-AD5E-FF3BDA68D8AD}.Debug|x64.Build.0 = Debug|Any CPU
		{2A85C0D7-233C-434B-AD5E-FF3BDA68D8AD}.Debug|x86.ActiveCfg = Debug|Any CPU
		{2A85C0D7-233C-434B-AD5E-FF3BDA68D8AD}.Debug|x86.Build.0 = Debug|Any CPU
		{2A85C0D7-233C-434B-AD5E-FF3BDA68D8AD}.Release|Any CPU.ActiveCfg = Release|Any CPU
		{2A85C0D7-233C-434B-AD5E-FF3BDA68D8AD}.Release|Any CPU.Build.0 = Release|Any CPU
		{2A85C0D7-233C-434B-AD5E-FF3BDA68D8AD}.Release|ARM.ActiveCfg = Release|Any CPU
		{2A85C0D7-233C-434B-AD5E-FF3BDA68D8AD}.Release|ARM.Build.0 = Release|Any CPU
		{2A85C0D7-233C-434B-AD5E-FF3BDA68D8AD}.Release|x64.ActiveCfg = Release|Any CPU
		{2A85C0D7-233C-434B-AD5E-FF3BDA68D8AD}.Release|x64.Build.0 = Release|Any CPU
		{2A85C0D7-233C-434B-AD5E-FF3BDA68D8AD}.Release|x86.ActiveCfg = Release|Any CPU
		{2A85C0D7-233C-434B-AD5E-FF3BDA68D8AD}.Release|x86.Build.0 = Release|Any CPU
		{838A74BF-1945-4040-9DC5-5FD173AC2293}.Debug|Any CPU.ActiveCfg = Debug|Any CPU
		{838A74BF-1945-4040-9DC5-5FD173AC2293}.Debug|Any CPU.Build.0 = Debug|Any CPU
		{838A74BF-1945-4040-9DC5-5FD173AC2293}.Debug|ARM.ActiveCfg = Debug|Any CPU
		{838A74BF-1945-4040-9DC5-5FD173AC2293}.Debug|ARM.Build.0 = Debug|Any CPU
		{838A74BF-1945-4040-9DC5-5FD173AC2293}.Debug|x64.ActiveCfg = Debug|Any CPU
		{838A74BF-1945-4040-9DC5-5FD173AC2293}.Debug|x64.Build.0 = Debug|Any CPU
		{838A74BF-1945-4040-9DC5-5FD173AC2293}.Debug|x86.ActiveCfg = Debug|Any CPU
		{838A74BF-1945-4040-9DC5-5FD173AC2293}.Debug|x86.Build.0 = Debug|Any CPU
		{838A74BF-1945-4040-9DC5-5FD173AC2293}.Release|Any CPU.ActiveCfg = Release|Any CPU
		{838A74BF-1945-4040-9DC5-5FD173AC2293}.Release|Any CPU.Build.0 = Release|Any CPU
		{838A74BF-1945-4040-9DC5-5FD173AC2293}.Release|ARM.ActiveCfg = Release|Any CPU
		{838A74BF-1945-4040-9DC5-5FD173AC2293}.Release|ARM.Build.0 = Release|Any CPU
		{838A74BF-1945-4040-9DC5-5FD173AC2293}.Release|x64.ActiveCfg = Release|Any CPU
		{838A74BF-1945-4040-9DC5-5FD173AC2293}.Release|x64.Build.0 = Release|Any CPU
		{838A74BF-1945-4040-9DC5-5FD173AC2293}.Release|x86.ActiveCfg = Release|Any CPU
		{838A74BF-1945-4040-9DC5-5FD173AC2293}.Release|x86.Build.0 = Release|Any CPU
		{6226BC5A-6A25-49A3-97E4-305011647B3E}.Debug|Any CPU.ActiveCfg = Debug|Any CPU
		{6226BC5A-6A25-49A3-97E4-305011647B3E}.Debug|Any CPU.Build.0 = Debug|Any CPU
		{6226BC5A-6A25-49A3-97E4-305011647B3E}.Debug|ARM.ActiveCfg = Debug|Any CPU
		{6226BC5A-6A25-49A3-97E4-305011647B3E}.Debug|ARM.Build.0 = Debug|Any CPU
		{6226BC5A-6A25-49A3-97E4-305011647B3E}.Debug|x64.ActiveCfg = Debug|Any CPU
		{6226BC5A-6A25-49A3-97E4-305011647B3E}.Debug|x64.Build.0 = Debug|Any CPU
		{6226BC5A-6A25-49A3-97E4-305011647B3E}.Debug|x86.ActiveCfg = Debug|Any CPU
		{6226BC5A-6A25-49A3-97E4-305011647B3E}.Debug|x86.Build.0 = Debug|Any CPU
		{6226BC5A-6A25-49A3-97E4-305011647B3E}.Release|Any CPU.ActiveCfg = Release|Any CPU
		{6226BC5A-6A25-49A3-97E4-305011647B3E}.Release|Any CPU.Build.0 = Release|Any CPU
		{6226BC5A-6A25-49A3-97E4-305011647B3E}.Release|ARM.ActiveCfg = Release|Any CPU
		{6226BC5A-6A25-49A3-97E4-305011647B3E}.Release|ARM.Build.0 = Release|Any CPU
		{6226BC5A-6A25-49A3-97E4-305011647B3E}.Release|x64.ActiveCfg = Release|Any CPU
		{6226BC5A-6A25-49A3-97E4-305011647B3E}.Release|x64.Build.0 = Release|Any CPU
		{6226BC5A-6A25-49A3-97E4-305011647B3E}.Release|x86.ActiveCfg = Release|Any CPU
		{6226BC5A-6A25-49A3-97E4-305011647B3E}.Release|x86.Build.0 = Release|Any CPU
		{9C859F1F-43B9-4576-A0C8-73403CB07399}.Debug|Any CPU.ActiveCfg = Debug|Any CPU
		{9C859F1F-43B9-4576-A0C8-73403CB07399}.Debug|Any CPU.Build.0 = Debug|Any CPU
		{9C859F1F-43B9-4576-A0C8-73403CB07399}.Debug|ARM.ActiveCfg = Debug|Any CPU
		{9C859F1F-43B9-4576-A0C8-73403CB07399}.Debug|ARM.Build.0 = Debug|Any CPU
		{9C859F1F-43B9-4576-A0C8-73403CB07399}.Debug|x64.ActiveCfg = Debug|Any CPU
		{9C859F1F-43B9-4576-A0C8-73403CB07399}.Debug|x64.Build.0 = Debug|Any CPU
		{9C859F1F-43B9-4576-A0C8-73403CB07399}.Debug|x86.ActiveCfg = Debug|Any CPU
		{9C859F1F-43B9-4576-A0C8-73403CB07399}.Debug|x86.Build.0 = Debug|Any CPU
		{9C859F1F-43B9-4576-A0C8-73403CB07399}.Release|Any CPU.ActiveCfg = Release|Any CPU
		{9C859F1F-43B9-4576-A0C8-73403CB07399}.Release|Any CPU.Build.0 = Release|Any CPU
		{9C859F1F-43B9-4576-A0C8-73403CB07399}.Release|ARM.ActiveCfg = Release|Any CPU
		{9C859F1F-43B9-4576-A0C8-73403CB07399}.Release|ARM.Build.0 = Release|Any CPU
		{9C859F1F-43B9-4576-A0C8-73403CB07399}.Release|x64.ActiveCfg = Release|Any CPU
		{9C859F1F-43B9-4576-A0C8-73403CB07399}.Release|x64.Build.0 = Release|Any CPU
		{9C859F1F-43B9-4576-A0C8-73403CB07399}.Release|x86.ActiveCfg = Release|Any CPU
		{9C859F1F-43B9-4576-A0C8-73403CB07399}.Release|x86.Build.0 = Release|Any CPU
		{7A354638-9C84-4C63-9B95-A016DBB2DC48}.Debug|Any CPU.ActiveCfg = Debug|Any CPU
		{7A354638-9C84-4C63-9B95-A016DBB2DC48}.Debug|Any CPU.Build.0 = Debug|Any CPU
		{7A354638-9C84-4C63-9B95-A016DBB2DC48}.Debug|ARM.ActiveCfg = Debug|Any CPU
		{7A354638-9C84-4C63-9B95-A016DBB2DC48}.Debug|ARM.Build.0 = Debug|Any CPU
		{7A354638-9C84-4C63-9B95-A016DBB2DC48}.Debug|x64.ActiveCfg = Debug|Any CPU
		{7A354638-9C84-4C63-9B95-A016DBB2DC48}.Debug|x64.Build.0 = Debug|Any CPU
		{7A354638-9C84-4C63-9B95-A016DBB2DC48}.Debug|x86.ActiveCfg = Debug|Any CPU
		{7A354638-9C84-4C63-9B95-A016DBB2DC48}.Debug|x86.Build.0 = Debug|Any CPU
		{7A354638-9C84-4C63-9B95-A016DBB2DC48}.Release|Any CPU.ActiveCfg = Release|Any CPU
		{7A354638-9C84-4C63-9B95-A016DBB2DC48}.Release|Any CPU.Build.0 = Release|Any CPU
		{7A354638-9C84-4C63-9B95-A016DBB2DC48}.Release|ARM.ActiveCfg = Release|Any CPU
		{7A354638-9C84-4C63-9B95-A016DBB2DC48}.Release|ARM.Build.0 = Release|Any CPU
		{7A354638-9C84-4C63-9B95-A016DBB2DC48}.Release|x64.ActiveCfg = Release|Any CPU
		{7A354638-9C84-4C63-9B95-A016DBB2DC48}.Release|x64.Build.0 = Release|Any CPU
		{7A354638-9C84-4C63-9B95-A016DBB2DC48}.Release|x86.ActiveCfg = Release|Any CPU
		{7A354638-9C84-4C63-9B95-A016DBB2DC48}.Release|x86.Build.0 = Release|Any CPU
		{F2C81F87-2774-437D-872C-1BB1B9527137}.Debug|Any CPU.ActiveCfg = Debug|Any CPU
		{F2C81F87-2774-437D-872C-1BB1B9527137}.Debug|Any CPU.Build.0 = Debug|Any CPU
		{F2C81F87-2774-437D-872C-1BB1B9527137}.Debug|ARM.ActiveCfg = Debug|Any CPU
		{F2C81F87-2774-437D-872C-1BB1B9527137}.Debug|ARM.Build.0 = Debug|Any CPU
		{F2C81F87-2774-437D-872C-1BB1B9527137}.Debug|x64.ActiveCfg = Debug|Any CPU
		{F2C81F87-2774-437D-872C-1BB1B9527137}.Debug|x64.Build.0 = Debug|Any CPU
		{F2C81F87-2774-437D-872C-1BB1B9527137}.Debug|x86.ActiveCfg = Debug|Any CPU
		{F2C81F87-2774-437D-872C-1BB1B9527137}.Debug|x86.Build.0 = Debug|Any CPU
		{F2C81F87-2774-437D-872C-1BB1B9527137}.Release|Any CPU.ActiveCfg = Release|Any CPU
		{F2C81F87-2774-437D-872C-1BB1B9527137}.Release|Any CPU.Build.0 = Release|Any CPU
		{F2C81F87-2774-437D-872C-1BB1B9527137}.Release|ARM.ActiveCfg = Release|Any CPU
		{F2C81F87-2774-437D-872C-1BB1B9527137}.Release|ARM.Build.0 = Release|Any CPU
		{F2C81F87-2774-437D-872C-1BB1B9527137}.Release|x64.ActiveCfg = Release|Any CPU
		{F2C81F87-2774-437D-872C-1BB1B9527137}.Release|x64.Build.0 = Release|Any CPU
		{F2C81F87-2774-437D-872C-1BB1B9527137}.Release|x86.ActiveCfg = Release|Any CPU
		{F2C81F87-2774-437D-872C-1BB1B9527137}.Release|x86.Build.0 = Release|Any CPU
	EndGlobalSection
	GlobalSection(SolutionProperties) = preSolution
		HideSolutionNode = FALSE
	EndGlobalSection
	GlobalSection(NestedProjects) = preSolution
		{3820D470-514B-4B74-BBA8-001D39A00435} = {4874EC62-6EF6-444F-B78B-B004B34934C0}
		{7D461D90-CEE4-4BE0-A736-E274FE62AF23} = {4874EC62-6EF6-444F-B78B-B004B34934C0}
		{81D6BBFC-393E-4A85-AB06-3B75300C0B8B} = {4874EC62-6EF6-444F-B78B-B004B34934C0}
		{27CBAFD4-791C-4655-AD09-8CDD8AF5480A} = {33D9259E-6C81-46A5-8723-51253983A597}
		{85A71CB0-D164-4D1E-8E54-8D8244D64F4D} = {33D9259E-6C81-46A5-8723-51253983A597}
		{2B15341B-9224-43B7-BAB8-9E92AEF85364} = {C1AFFFAC-D1F4-4ABE-ADFB-C3DC4046BED4}
		{1C0BF017-690B-4BF2-88FD-372A8D2F2D03} = {4874EC62-6EF6-444F-B78B-B004B34934C0}
		{7D69D45B-88F7-43F9-B84D-A083D572B19E} = {1C843FD7-4EE3-4A9E-9CA6-68F471855CB3}
		{46B0CBD8-4CDD-46A1-AFDD-CB6137800DE6} = {1C843FD7-4EE3-4A9E-9CA6-68F471855CB3}
		{8413FDBA-6CAB-4547-B8E3-97A9386B65E9} = {90AD1594-875C-47DB-A0B6-4502743D91FA}
		{49F79703-E5FF-4332-963A-2B7C9635D5F1} = {1C843FD7-4EE3-4A9E-9CA6-68F471855CB3}
		{EC1367F7-0BCC-40D8-8392-DFE5F8EF6C97} = {1C843FD7-4EE3-4A9E-9CA6-68F471855CB3}
		{CDB27ABA-A368-44E7-8618-B82A87496425} = {1C843FD7-4EE3-4A9E-9CA6-68F471855CB3}
		{A3C0062C-81D5-4DFD-8650-0AC3F8260FB2} = {6CA0AC39-2C04-42D1-92DE-65F4F2E011B6}
		{BAB3AE16-0DA3-43A2-A13B-69A279986B2D} = {6CA0AC39-2C04-42D1-92DE-65F4F2E011B6}
		{9C9BFCF8-8CEE-47C3-A8A6-15753D9A111B} = {6CA0AC39-2C04-42D1-92DE-65F4F2E011B6}
		{DE4D7906-C373-440E-BCDB-419D01DBE799} = {6CA0AC39-2C04-42D1-92DE-65F4F2E011B6}
		{81996ABE-68BE-46CC-A665-A60B5C0AEBD8} = {6CA0AC39-2C04-42D1-92DE-65F4F2E011B6}
		{D2B9E63E-1B09-443A-BCAC-BC2B4FC91DDA} = {FB63BE1F-F823-4CCD-A316-185C6CB98CD2}
		{4AA9E8D0-8EA7-40AD-9FB3-27F4E5BFC825} = {FB63BE1F-F823-4CCD-A316-185C6CB98CD2}
		{FC2E562A-8692-4657-8EA7-2C80F37EB2DE} = {FB63BE1F-F823-4CCD-A316-185C6CB98CD2}
		{CF0F3931-B527-4F43-9C3A-FE438906EA25} = {2DC2E98F-0E45-4437-90EB-6F4CA78C6CBA}
		{75921D22-A54F-4B5D-BEB0-1FF3170AE41A} = {2DC2E98F-0E45-4437-90EB-6F4CA78C6CBA}
		{DEF9639D-5AEC-4BCF-92DD-F097E3A3FC69} = {BDDAB349-3E21-4EF9-8A46-177E8823FCB3}
		{1A9F1807-72D8-4258-8888-7BB33EED17CB} = {BDDAB349-3E21-4EF9-8A46-177E8823FCB3}
		{F247B7D6-60CA-4BE0-960A-644B7318BEC9} = {BDDAB349-3E21-4EF9-8A46-177E8823FCB3}
		{B15F59C8-BBBD-49E4-B07E-DF0E1CEE1D33} = {25B99D1D-27A5-4745-9EBE-0640CE71A6F6}
		{FD3FEB30-A825-4831-A311-55E66362245C} = {25B99D1D-27A5-4745-9EBE-0640CE71A6F6}
		{BD6AB355-A86C-467E-90D6-43D998657029} = {25B99D1D-27A5-4745-9EBE-0640CE71A6F6}
		{D1D8136C-D277-467D-A130-81B98DD59ACD} = {25B99D1D-27A5-4745-9EBE-0640CE71A6F6}
		{C2E9F40A-B0DC-42DB-9F88-28E1BEA4A710} = {79AE4355-AFEF-48DF-B10A-F5613CA73D7E}
		{AF8A9BD3-AA52-472B-AB2F-F78FF4D97A53} = {79AE4355-AFEF-48DF-B10A-F5613CA73D7E}
		{C28ED454-D59D-4E26-BBF5-09C7FC2C6360} = {79AE4355-AFEF-48DF-B10A-F5613CA73D7E}
		{9651405D-12C6-4E80-B685-50E83D07AA05} = {79AE4355-AFEF-48DF-B10A-F5613CA73D7E}
		{98B410E1-3237-4B03-84EB-BF96CDC706E1} = {79AE4355-AFEF-48DF-B10A-F5613CA73D7E}
		{BC03C4EB-A19F-4E28-8D1B-B6CB4F66E220} = {BDA81859-3045-4320-8CC3-ACD3BC5430B8}
		{09A0DF25-6843-43BA-A2C2-58782898ECD1} = {BDA81859-3045-4320-8CC3-ACD3BC5430B8}
		{1E63F7FD-1097-4C5E-8648-46D3B03DA45D} = {BDA81859-3045-4320-8CC3-ACD3BC5430B8}
		{3A7A546B-3482-4419-AD42-76C579C8FD54} = {BDA81859-3045-4320-8CC3-ACD3BC5430B8}
		{0F090ABE-F62B-4B54-ABE5-F098623D1C97} = {BDA81859-3045-4320-8CC3-ACD3BC5430B8}
		{B6DFA3CF-9A38-499F-B599-942AC8BE56D1} = {BDA81859-3045-4320-8CC3-ACD3BC5430B8}
		{2A85C0D7-233C-434B-AD5E-FF3BDA68D8AD} = {A5826F68-9F61-47BE-946A-88B4500FEB21}
		{838A74BF-1945-4040-9DC5-5FD173AC2293} = {A5826F68-9F61-47BE-946A-88B4500FEB21}
		{6226BC5A-6A25-49A3-97E4-305011647B3E} = {0600EF4E-226C-4AC1-BC7A-EC73CF9657A1}
		{9C859F1F-43B9-4576-A0C8-73403CB07399} = {0600EF4E-226C-4AC1-BC7A-EC73CF9657A1}
		{7A354638-9C84-4C63-9B95-A016DBB2DC48} = {0600EF4E-226C-4AC1-BC7A-EC73CF9657A1}
		{F2C81F87-2774-437D-872C-1BB1B9527137} = {0600EF4E-226C-4AC1-BC7A-EC73CF9657A1}
	EndGlobalSection
EndGlobal
