
Microsoft Visual Studio Solution File, Format Version 12.00
# Visual Studio 14
VisualStudioVersion = 14.0.22823.1
MinimumVisualStudioVersion = 10.0.40219.1
Project("{2150E333-8FDC-42A3-9474-1A3956D46DE8}") = "CH01", "CH01", "{33D9259E-6C81-46A5-8723-51253983A597}"
EndProject
Project("{2150E333-8FDC-42A3-9474-1A3956D46DE8}") = "CH02", "CH02", "{C1AFFFAC-D1F4-4ABE-ADFB-C3DC4046BED4}"
EndProject
Project("{2150E333-8FDC-42A3-9474-1A3956D46DE8}") = "CH03", "CH03", "{4874EC62-6EF6-444F-B78B-B004B34934C0}"
EndProject
Project("{FAE04EC0-301F-11D3-BF4B-00C04F79EFBC}") = "FunctionalThinking", "CH03\FunctionalThinking\FunctionalThinking.csproj", "{3820D470-514B-4B74-BBA8-001D39A00435}"
EndProject
Project("{FAE04EC0-301F-11D3-BF4B-00C04F79EFBC}") = "DelegatesAndLambdas", "CH03\DelegatesAndLambdas\DelegatesAndLambdas.csproj", "{7D461D90-CEE4-4BE0-A736-E274FE62AF23}"
EndProject
Project("{FAE04EC0-301F-11D3-BF4B-00C04F79EFBC}") = "LINQ", "CH03\LINQ\LINQ.csproj", "{81D6BBFC-393E-4A85-AB06-3B75300C0B8B}"
EndProject
Project("{FAE04EC0-301F-11D3-BF4B-00C04F79EFBC}") = "IntroducingRx", "CH01\IntroducingRx\IntroducingRx.csproj", "{27CBAFD4-791C-4655-AD09-8CDD8AF5480A}"
EndProject
Project("{FAE04EC0-301F-11D3-BF4B-00C04F79EFBC}") = "ShoppyExample", "CH01\ShoppyExample\ShoppyExample.csproj", "{85A71CB0-D164-4D1E-8E54-8D8244D64F4D}"
EndProject
Project("{FAE04EC0-301F-11D3-BF4B-00C04F79EFBC}") = "YourFirstRxExample", "CH02\StockTrade\YourFirstRxExample\YourFirstRxExample.csproj", "{2B15341B-9224-43B7-BAB8-9E92AEF85364}"
EndProject
Project("{FAE04EC0-301F-11D3-BF4B-00C04F79EFBC}") = "FluentTests", "CH03\FluentTests\FluentTests.csproj", "{1C0BF017-690B-4BF2-88FD-372A8D2F2D03}"
EndProject
Global
	GlobalSection(SolutionConfigurationPlatforms) = preSolution
		Debug|Any CPU = Debug|Any CPU
		Debug|ARM = Debug|ARM
		Debug|x64 = Debug|x64
		Debug|x86 = Debug|x86
		Release|Any CPU = Release|Any CPU
		Release|ARM = Release|ARM
		Release|x64 = Release|x64
		Release|x86 = Release|x86
	EndGlobalSection
	GlobalSection(ProjectConfigurationPlatforms) = postSolution
		{3820D470-514B-4B74-BBA8-001D39A00435}.Debug|Any CPU.ActiveCfg = Debug|Any CPU
		{3820D470-514B-4B74-BBA8-001D39A00435}.Debug|Any CPU.Build.0 = Debug|Any CPU
		{3820D470-514B-4B74-BBA8-001D39A00435}.Debug|ARM.ActiveCfg = Debug|Any CPU
		{3820D470-514B-4B74-BBA8-001D39A00435}.Debug|ARM.Build.0 = Debug|Any CPU
		{3820D470-514B-4B74-BBA8-001D39A00435}.Debug|x64.ActiveCfg = Debug|Any CPU
		{3820D470-514B-4B74-BBA8-001D39A00435}.Debug|x64.Build.0 = Debug|Any CPU
		{3820D470-514B-4B74-BBA8-001D39A00435}.Debug|x86.ActiveCfg = Debug|Any CPU
		{3820D470-514B-4B74-BBA8-001D39A00435}.Debug|x86.Build.0 = Debug|Any CPU
		{3820D470-514B-4B74-BBA8-001D39A00435}.Release|Any CPU.ActiveCfg = Release|Any CPU
		{3820D470-514B-4B74-BBA8-001D39A00435}.Release|Any CPU.Build.0 = Release|Any CPU
		{3820D470-514B-4B74-BBA8-001D39A00435}.Release|ARM.ActiveCfg = Release|Any CPU
		{3820D470-514B-4B74-BBA8-001D39A00435}.Release|ARM.Build.0 = Release|Any CPU
		{3820D470-514B-4B74-BBA8-001D39A00435}.Release|x64.ActiveCfg = Release|Any CPU
		{3820D470-514B-4B74-BBA8-001D39A00435}.Release|x64.Build.0 = Release|Any CPU
		{3820D470-514B-4B74-BBA8-001D39A00435}.Release|x86.ActiveCfg = Release|Any CPU
		{3820D470-514B-4B74-BBA8-001D39A00435}.Release|x86.Build.0 = Release|Any CPU
		{7D461D90-CEE4-4BE0-A736-E274FE62AF23}.Debug|Any CPU.ActiveCfg = Debug|Any CPU
		{7D461D90-CEE4-4BE0-A736-E274FE62AF23}.Debug|Any CPU.Build.0 = Debug|Any CPU
		{7D461D90-CEE4-4BE0-A736-E274FE62AF23}.Debug|ARM.ActiveCfg = Debug|Any CPU
		{7D461D90-CEE4-4BE0-A736-E274FE62AF23}.Debug|ARM.Build.0 = Debug|Any CPU
		{7D461D90-CEE4-4BE0-A736-E274FE62AF23}.Debug|x64.ActiveCfg = Debug|Any CPU
		{7D461D90-CEE4-4BE0-A736-E274FE62AF23}.Debug|x64.Build.0 = Debug|Any CPU
		{7D461D90-CEE4-4BE0-A736-E274FE62AF23}.Debug|x86.ActiveCfg = Debug|Any CPU
		{7D461D90-CEE4-4BE0-A736-E274FE62AF23}.Debug|x86.Build.0 = Debug|Any CPU
		{7D461D90-CEE4-4BE0-A736-E274FE62AF23}.Release|Any CPU.ActiveCfg = Release|Any CPU
		{7D461D90-CEE4-4BE0-A736-E274FE62AF23}.Release|Any CPU.Build.0 = Release|Any CPU
		{7D461D90-CEE4-4BE0-A736-E274FE62AF23}.Release|ARM.ActiveCfg = Release|Any CPU
		{7D461D90-CEE4-4BE0-A736-E274FE62AF23}.Release|ARM.Build.0 = Release|Any CPU
		{7D461D90-CEE4-4BE0-A736-E274FE62AF23}.Release|x64.ActiveCfg = Release|Any CPU
		{7D461D90-CEE4-4BE0-A736-E274FE62AF23}.Release|x64.Build.0 = Release|Any CPU
		{7D461D90-CEE4-4BE0-A736-E274FE62AF23}.Release|x86.ActiveCfg = Release|Any CPU
		{7D461D90-CEE4-4BE0-A736-E274FE62AF23}.Release|x86.Build.0 = Release|Any CPU
		{81D6BBFC-393E-4A85-AB06-3B75300C0B8B}.Debug|Any CPU.ActiveCfg = Debug|Any CPU
		{81D6BBFC-393E-4A85-AB06-3B75300C0B8B}.Debug|Any CPU.Build.0 = Debug|Any CPU
		{81D6BBFC-393E-4A85-AB06-3B75300C0B8B}.Debug|ARM.ActiveCfg = Debug|Any CPU
		{81D6BBFC-393E-4A85-AB06-3B75300C0B8B}.Debug|ARM.Build.0 = Debug|Any CPU
		{81D6BBFC-393E-4A85-AB06-3B75300C0B8B}.Debug|x64.ActiveCfg = Debug|Any CPU
		{81D6BBFC-393E-4A85-AB06-3B75300C0B8B}.Debug|x64.Build.0 = Debug|Any CPU
		{81D6BBFC-393E-4A85-AB06-3B75300C0B8B}.Debug|x86.ActiveCfg = Debug|Any CPU
		{81D6BBFC-393E-4A85-AB06-3B75300C0B8B}.Debug|x86.Build.0 = Debug|Any CPU
		{81D6BBFC-393E-4A85-AB06-3B75300C0B8B}.Release|Any CPU.ActiveCfg = Release|Any CPU
		{81D6BBFC-393E-4A85-AB06-3B75300C0B8B}.Release|Any CPU.Build.0 = Release|Any CPU
		{81D6BBFC-393E-4A85-AB06-3B75300C0B8B}.Release|ARM.ActiveCfg = Release|Any CPU
		{81D6BBFC-393E-4A85-AB06-3B75300C0B8B}.Release|ARM.Build.0 = Release|Any CPU
		{81D6BBFC-393E-4A85-AB06-3B75300C0B8B}.Release|x64.ActiveCfg = Release|Any CPU
		{81D6BBFC-393E-4A85-AB06-3B75300C0B8B}.Release|x64.Build.0 = Release|Any CPU
		{81D6BBFC-393E-4A85-AB06-3B75300C0B8B}.Release|x86.ActiveCfg = Release|Any CPU
		{81D6BBFC-393E-4A85-AB06-3B75300C0B8B}.Release|x86.Build.0 = Release|Any CPU
		{27CBAFD4-791C-4655-AD09-8CDD8AF5480A}.Debug|Any CPU.ActiveCfg = Debug|Any CPU
		{27CBAFD4-791C-4655-AD09-8CDD8AF5480A}.Debug|Any CPU.Build.0 = Debug|Any CPU
		{27CBAFD4-791C-4655-AD09-8CDD8AF5480A}.Debug|ARM.ActiveCfg = Debug|Any CPU
		{27CBAFD4-791C-4655-AD09-8CDD8AF5480A}.Debug|ARM.Build.0 = Debug|Any CPU
		{27CBAFD4-791C-4655-AD09-8CDD8AF5480A}.Debug|x64.ActiveCfg = Debug|Any CPU
		{27CBAFD4-791C-4655-AD09-8CDD8AF5480A}.Debug|x64.Build.0 = Debug|Any CPU
		{27CBAFD4-791C-4655-AD09-8CDD8AF5480A}.Debug|x86.ActiveCfg = Debug|Any CPU
		{27CBAFD4-791C-4655-AD09-8CDD8AF5480A}.Debug|x86.Build.0 = Debug|Any CPU
		{27CBAFD4-791C-4655-AD09-8CDD8AF5480A}.Release|Any CPU.ActiveCfg = Release|Any CPU
		{27CBAFD4-791C-4655-AD09-8CDD8AF5480A}.Release|Any CPU.Build.0 = Release|Any CPU
		{27CBAFD4-791C-4655-AD09-8CDD8AF5480A}.Release|ARM.ActiveCfg = Release|Any CPU
		{27CBAFD4-791C-4655-AD09-8CDD8AF5480A}.Release|ARM.Build.0 = Release|Any CPU
		{27CBAFD4-791C-4655-AD09-8CDD8AF5480A}.Release|x64.ActiveCfg = Release|Any CPU
		{27CBAFD4-791C-4655-AD09-8CDD8AF5480A}.Release|x64.Build.0 = Release|Any CPU
		{27CBAFD4-791C-4655-AD09-8CDD8AF5480A}.Release|x86.ActiveCfg = Release|Any CPU
		{27CBAFD4-791C-4655-AD09-8CDD8AF5480A}.Release|x86.Build.0 = Release|Any CPU
		{85A71CB0-D164-4D1E-8E54-8D8244D64F4D}.Debug|Any CPU.ActiveCfg = Debug|Any CPU
		{85A71CB0-D164-4D1E-8E54-8D8244D64F4D}.Debug|Any CPU.Build.0 = Debug|Any CPU
		{85A71CB0-D164-4D1E-8E54-8D8244D64F4D}.Debug|ARM.ActiveCfg = Debug|Any CPU
		{85A71CB0-D164-4D1E-8E54-8D8244D64F4D}.Debug|ARM.Build.0 = Debug|Any CPU
		{85A71CB0-D164-4D1E-8E54-8D8244D64F4D}.Debug|x64.ActiveCfg = Debug|Any CPU
		{85A71CB0-D164-4D1E-8E54-8D8244D64F4D}.Debug|x64.Build.0 = Debug|Any CPU
		{85A71CB0-D164-4D1E-8E54-8D8244D64F4D}.Debug|x86.ActiveCfg = Debug|Any CPU
		{85A71CB0-D164-4D1E-8E54-8D8244D64F4D}.Debug|x86.Build.0 = Debug|Any CPU
		{85A71CB0-D164-4D1E-8E54-8D8244D64F4D}.Release|Any CPU.ActiveCfg = Release|Any CPU
		{85A71CB0-D164-4D1E-8E54-8D8244D64F4D}.Release|Any CPU.Build.0 = Release|Any CPU
		{85A71CB0-D164-4D1E-8E54-8D8244D64F4D}.Release|ARM.ActiveCfg = Release|Any CPU
		{85A71CB0-D164-4D1E-8E54-8D8244D64F4D}.Release|ARM.Build.0 = Release|Any CPU
		{85A71CB0-D164-4D1E-8E54-8D8244D64F4D}.Release|x64.ActiveCfg = Release|Any CPU
		{85A71CB0-D164-4D1E-8E54-8D8244D64F4D}.Release|x64.Build.0 = Release|Any CPU
		{85A71CB0-D164-4D1E-8E54-8D8244D64F4D}.Release|x86.ActiveCfg = Release|Any CPU
		{85A71CB0-D164-4D1E-8E54-8D8244D64F4D}.Release|x86.Build.0 = Release|Any CPU
		{2B15341B-9224-43B7-BAB8-9E92AEF85364}.Debug|Any CPU.ActiveCfg = Debug|Any CPU
		{2B15341B-9224-43B7-BAB8-9E92AEF85364}.Debug|Any CPU.Build.0 = Debug|Any CPU
		{2B15341B-9224-43B7-BAB8-9E92AEF85364}.Debug|ARM.ActiveCfg = Debug|Any CPU
		{2B15341B-9224-43B7-BAB8-9E92AEF85364}.Debug|ARM.Build.0 = Debug|Any CPU
		{2B15341B-9224-43B7-BAB8-9E92AEF85364}.Debug|x64.ActiveCfg = Debug|Any CPU
		{2B15341B-9224-43B7-BAB8-9E92AEF85364}.Debug|x64.Build.0 = Debug|Any CPU
		{2B15341B-9224-43B7-BAB8-9E92AEF85364}.Debug|x86.ActiveCfg = Debug|Any CPU
		{2B15341B-9224-43B7-BAB8-9E92AEF85364}.Debug|x86.Build.0 = Debug|Any CPU
		{2B15341B-9224-43B7-BAB8-9E92AEF85364}.Release|Any CPU.ActiveCfg = Release|Any CPU
		{2B15341B-9224-43B7-BAB8-9E92AEF85364}.Release|Any CPU.Build.0 = Release|Any CPU
		{2B15341B-9224-43B7-BAB8-9E92AEF85364}.Release|ARM.ActiveCfg = Release|Any CPU
		{2B15341B-9224-43B7-BAB8-9E92AEF85364}.Release|ARM.Build.0 = Release|Any CPU
		{2B15341B-9224-43B7-BAB8-9E92AEF85364}.Release|x64.ActiveCfg = Release|Any CPU
		{2B15341B-9224-43B7-BAB8-9E92AEF85364}.Release|x64.Build.0 = Release|Any CPU
		{2B15341B-9224-43B7-BAB8-9E92AEF85364}.Release|x86.ActiveCfg = Release|Any CPU
		{2B15341B-9224-43B7-BAB8-9E92AEF85364}.Release|x86.Build.0 = Release|Any CPU
		{1C0BF017-690B-4BF2-88FD-372A8D2F2D03}.Debug|Any CPU.ActiveCfg = Debug|Any CPU
		{1C0BF017-690B-4BF2-88FD-372A8D2F2D03}.Debug|Any CPU.Build.0 = Debug|Any CPU
		{1C0BF017-690B-4BF2-88FD-372A8D2F2D03}.Debug|ARM.ActiveCfg = Debug|Any CPU
		{1C0BF017-690B-4BF2-88FD-372A8D2F2D03}.Debug|ARM.Build.0 = Debug|Any CPU
		{1C0BF017-690B-4BF2-88FD-372A8D2F2D03}.Debug|x64.ActiveCfg = Debug|Any CPU
		{1C0BF017-690B-4BF2-88FD-372A8D2F2D03}.Debug|x64.Build.0 = Debug|Any CPU
		{1C0BF017-690B-4BF2-88FD-372A8D2F2D03}.Debug|x86.ActiveCfg = Debug|Any CPU
		{1C0BF017-690B-4BF2-88FD-372A8D2F2D03}.Debug|x86.Build.0 = Debug|Any CPU
		{1C0BF017-690B-4BF2-88FD-372A8D2F2D03}.Release|Any CPU.ActiveCfg = Release|Any CPU
		{1C0BF017-690B-4BF2-88FD-372A8D2F2D03}.Release|Any CPU.Build.0 = Release|Any CPU
		{1C0BF017-690B-4BF2-88FD-372A8D2F2D03}.Release|ARM.ActiveCfg = Release|Any CPU
		{1C0BF017-690B-4BF2-88FD-372A8D2F2D03}.Release|ARM.Build.0 = Release|Any CPU
		{1C0BF017-690B-4BF2-88FD-372A8D2F2D03}.Release|x64.ActiveCfg = Release|Any CPU
		{1C0BF017-690B-4BF2-88FD-372A8D2F2D03}.Release|x64.Build.0 = Release|Any CPU
		{1C0BF017-690B-4BF2-88FD-372A8D2F2D03}.Release|x86.ActiveCfg = Release|Any CPU
		{1C0BF017-690B-4BF2-88FD-372A8D2F2D03}.Release|x86.Build.0 = Release|Any CPU
	EndGlobalSection
	GlobalSection(SolutionProperties) = preSolution
		HideSolutionNode = FALSE
	EndGlobalSection
	GlobalSection(NestedProjects) = preSolution
		{3820D470-514B-4B74-BBA8-001D39A00435} = {4874EC62-6EF6-444F-B78B-B004B34934C0}
		{7D461D90-CEE4-4BE0-A736-E274FE62AF23} = {4874EC62-6EF6-444F-B78B-B004B34934C0}
		{81D6BBFC-393E-4A85-AB06-3B75300C0B8B} = {4874EC62-6EF6-444F-B78B-B004B34934C0}
		{27CBAFD4-791C-4655-AD09-8CDD8AF5480A} = {33D9259E-6C81-46A5-8723-51253983A597}
		{85A71CB0-D164-4D1E-8E54-8D8244D64F4D} = {33D9259E-6C81-46A5-8723-51253983A597}
		{2B15341B-9224-43B7-BAB8-9E92AEF85364} = {C1AFFFAC-D1F4-4ABE-ADFB-C3DC4046BED4}
		{1C0BF017-690B-4BF2-88FD-372A8D2F2D03} = {4874EC62-6EF6-444F-B78B-B004B34934C0}
	EndGlobalSection
EndGlobal
