
Microsoft Visual Studio Solution File, Format Version 12.00
# Visual Studio 2013
VisualStudioVersion = 12.0.31101.0
MinimumVisualStudioVersion = 10.0.40219.1
Project("{FAE04EC0-301F-11D3-BF4B-00C04F79EFBC}") = "YourFirstRxExample_full", "ConsoleApplication1\YourFirstRxExample_full.csproj", "{1BFC553B-F33D-41C0-BA66-864817F10AFD}"
EndProject
Project("{FAE04EC0-301F-11D3-BF4B-00C04F79EFBC}") = "YourFirstRxExample", "YourFirstRxExample\YourFirstRxExample.csproj", "{2B15341B-9224-43B7-BAB8-9E92AEF85364}"
EndProject
Global
	GlobalSection(SolutionConfigurationPlatforms) = preSolution
		Debug|Any CPU = Debug|Any CPU
		Release|Any CPU = Release|Any CPU
	EndGlobalSection
	GlobalSection(ProjectConfigurationPlatforms) = postSolution
		{1BFC553B-F33D-41C0-BA66-864817F10AFD}.Debug|Any CPU.ActiveCfg = Debug|Any CPU
		{1BFC553B-F33D-41C0-BA66-864817F10AFD}.Debug|Any CPU.Build.0 = Debug|Any CPU
		{1BFC553B-F33D-41C0-BA66-864817F10AFD}.Release|Any CPU.ActiveCfg = Release|Any CPU
		{1BFC553B-F33D-41C0-BA66-864817F10AFD}.Release|Any CPU.Build.0 = Release|Any CPU
		{2B15341B-9224-43B7-BAB8-9E92AEF85364}.Debug|Any CPU.ActiveCfg = Debug|Any CPU
		{2B15341B-9224-43B7-BAB8-9E92AEF85364}.Debug|Any CPU.Build.0 = Debug|Any CPU
		{2B15341B-9224-43B7-BAB8-9E92AEF85364}.Release|Any CPU.ActiveCfg = Release|Any CPU
		{2B15341B-9224-43B7-BAB8-9E92AEF85364}.Release|Any CPU.Build.0 = Release|Any CPU
	EndGlobalSection
	GlobalSection(SolutionProperties) = preSolution
		HideSolutionNode = FALSE
	EndGlobalSection
EndGlobal
